// !$*UTF8*$!
{
	archiveVersion = 1;
	classes = {
	};
	objectVersion = 46;
	objects = {

/* Begin PBXAggregateTarget section */
		077D65985FEF402FA0678FF9 /* ALL_BUILD */ = {
			isa = PBXAggregateTarget;
			buildConfigurationList = B741BD232486405A884B3791 /* Build configuration list for PBXAggregateTarget "ALL_BUILD" */;
			buildPhases = (
				48C5E1A599604D98816F1D69 /* CMake Rules */,
			);
			dependencies = (
				16A5EE09C8A4408EAC6A423F /* PBXTargetDependency */,
				0C47D298EAE24FE58F3CF9B9 /* PBXTargetDependency */,
			);
			name = ALL_BUILD;
			productName = ALL_BUILD;
		};
		4BB58979B2A448FBAD6A0CA9 /* ZERO_CHECK */ = {
			isa = PBXAggregateTarget;
			buildConfigurationList = BBC32C423E4049CCAD2E6029 /* Build configuration list for PBXAggregateTarget "ZERO_CHECK" */;
			buildPhases = (
				ED2A65A443294601A9A6FCF5 /* CMake Rules */,
			);
			dependencies = (
			);
			name = ZERO_CHECK;
			productName = ZERO_CHECK;
		};
		7CFCBEADB9CC45F581DED30C /* install */ = {
			isa = PBXAggregateTarget;
			buildConfigurationList = F84255A34680481981C14A8A /* Build configuration list for PBXAggregateTarget "install" */;
			buildPhases = (
				FE87EE5343E048728BB81474 /* CMake PostBuild Rules */,
			);
			dependencies = (
				846F62D1280A449CB4D92AB6 /* PBXTargetDependency */,
			);
			name = install;
			productName = install;
		};
		CFA0DB9CE6A94FE38855CA6B /* uninstall */ = {
			isa = PBXAggregateTarget;
			buildConfigurationList = 188DA508593741608DA68509 /* Build configuration list for PBXAggregateTarget "uninstall" */;
			buildPhases = (
				B548C3C95559445185CD134B /* CMake Rules */,
			);
			dependencies = (
				88F8C5DAA12F45F3AACE4158 /* PBXTargetDependency */,
			);
			name = uninstall;
			productName = uninstall;
		};
/* End PBXAggregateTarget section */

/* Begin PBXBuildFile section */
		000DFAF569304AA6A80270E8 /* /Users/giancedrickepilan/dev/native/learn-opengl/lib/glfw/src/cocoa_init.m */ = {isa = PBXBuildFile; fileRef = 80DA76DC410A435FBA54A7C2 /* /Users/giancedrickepilan/dev/native/learn-opengl/lib/glfw/src/cocoa_init.m */; };
		1768C7C12EFA4DA3AA6640F1 /* /Users/giancedrickepilan/dev/native/learn-opengl/lib/glfw/src/cocoa_monitor.m */ = {isa = PBXBuildFile; fileRef = DF0D682550A649B1924B973E /* /Users/giancedrickepilan/dev/native/learn-opengl/lib/glfw/src/cocoa_monitor.m */; };
		24F830ADFA6F4E6C9314918E /* /Users/giancedrickepilan/dev/native/learn-opengl/lib/glfw/src/cocoa_platform.h */ = {isa = PBXBuildFile; fileRef = C70BAE26B4E14A0D8F0CC319 /* /Users/giancedrickepilan/dev/native/learn-opengl/lib/glfw/src/cocoa_platform.h */; };
		2E27E5820AFE45E582F16E4F /* /Users/giancedrickepilan/dev/native/learn-opengl/lib/glfw/src/context.c */ = {isa = PBXBuildFile; fileRef = 9A49B598BED94631AE58261B /* /Users/giancedrickepilan/dev/native/learn-opengl/lib/glfw/src/context.c */; settings = {COMPILER_FLAGS = "-Wdeclaration-after-statement"; }; };
		30D349804C4F48BB870A239E /* /Users/giancedrickepilan/dev/native/learn-opengl/lib/glfw/src/mappings.h */ = {isa = PBXBuildFile; fileRef = 05E5A1CA57C6403D8CD32179 /* /Users/giancedrickepilan/dev/native/learn-opengl/lib/glfw/src/mappings.h */; };
		4303544842974DDB80C165DF /* /Users/giancedrickepilan/dev/native/learn-opengl/lib/glfw/src/posix_thread.c */ = {isa = PBXBuildFile; fileRef = 4B0B12D871EF448A82E73603 /* /Users/giancedrickepilan/dev/native/learn-opengl/lib/glfw/src/posix_thread.c */; };
		4647B47D9A834EC693F283AB /* /Users/giancedrickepilan/dev/native/learn-opengl/xcode/lib/glfw/src/glfw_config.h */ = {isa = PBXBuildFile; fileRef = 477F19B28EFE459AB451C739 /* /Users/giancedrickepilan/dev/native/learn-opengl/xcode/lib/glfw/src/glfw_config.h */; };
		531F252403AB4002BEF91948 /* /Users/giancedrickepilan/dev/native/learn-opengl/lib/glfw/src/cocoa_window.m */ = {isa = PBXBuildFile; fileRef = 80FD012BCD314B548CC63C41 /* /Users/giancedrickepilan/dev/native/learn-opengl/lib/glfw/src/cocoa_window.m */; };
		58520A1D32D944D298C95C8D /* /Users/giancedrickepilan/dev/native/learn-opengl/lib/glfw/src/cocoa_time.c */ = {isa = PBXBuildFile; fileRef = 0B663DC0E37C4A0F941A1409 /* /Users/giancedrickepilan/dev/native/learn-opengl/lib/glfw/src/cocoa_time.c */; };
		64EDF850C2AA4B75B01756BB /* /Users/giancedrickepilan/dev/native/learn-opengl/lib/glfw/src/cocoa_joystick.h */ = {isa = PBXBuildFile; fileRef = 26BE1FA7786747F38BC43279 /* /Users/giancedrickepilan/dev/native/learn-opengl/lib/glfw/src/cocoa_joystick.h */; };
		6F232B0AEBE542D092BEA37E /* /Users/giancedrickepilan/dev/native/learn-opengl/lib/glfw/src/CMakeLists.txt */ = {isa = PBXBuildFile; fileRef = 213E696A201244B18D3EF13B /* /Users/giancedrickepilan/dev/native/learn-opengl/lib/glfw/src/CMakeLists.txt */; };
		78DE794877BA40409210AFB1 /* /Users/giancedrickepilan/dev/native/learn-opengl/lib/glfw/src/egl_context.h */ = {isa = PBXBuildFile; fileRef = F92C0E1FD0AF4EABB927B460 /* /Users/giancedrickepilan/dev/native/learn-opengl/lib/glfw/src/egl_context.h */; };
		79B7B335F9A84EC9A6022108 /* /Users/giancedrickepilan/dev/native/learn-opengl/lib/glfw/src/nsgl_context.h */ = {isa = PBXBuildFile; fileRef = 3694354E3D5345AEA6ED4655 /* /Users/giancedrickepilan/dev/native/learn-opengl/lib/glfw/src/nsgl_context.h */; };
		7ADF384A444D49CC908DFD65 /* /Users/giancedrickepilan/dev/native/learn-opengl/lib/glfw/src/internal.h */ = {isa = PBXBuildFile; fileRef = AD55E264A33044679E60FA34 /* /Users/giancedrickepilan/dev/native/learn-opengl/lib/glfw/src/internal.h */; };
		802D340ABEA54A15904735D3 /* /Users/giancedrickepilan/dev/native/learn-opengl/lib/glfw/src/init.c */ = {isa = PBXBuildFile; fileRef = 5AAF15C15FB14B2786427826 /* /Users/giancedrickepilan/dev/native/learn-opengl/lib/glfw/src/init.c */; settings = {COMPILER_FLAGS = "-Wdeclaration-after-statement"; }; };
		80316F6018864B9598189D0B /* /Users/giancedrickepilan/dev/native/learn-opengl/lib/glfw/src/cocoa_joystick.m */ = {isa = PBXBuildFile; fileRef = B955427586D5499CB7079A5E /* /Users/giancedrickepilan/dev/native/learn-opengl/lib/glfw/src/cocoa_joystick.m */; };
		81E1EEA23F1A41799F7D4EF2 /* /Users/giancedrickepilan/dev/native/learn-opengl/lib/glfw/src/input.c */ = {isa = PBXBuildFile; fileRef = EF955A64B8CA4CADA40186A5 /* /Users/giancedrickepilan/dev/native/learn-opengl/lib/glfw/src/input.c */; settings = {COMPILER_FLAGS = "-Wdeclaration-after-statement"; }; };
		9BC07B1102174DA5BB42DBD9 /* /Users/giancedrickepilan/dev/native/learn-opengl/lib/glfw/src/osmesa_context.h */ = {isa = PBXBuildFile; fileRef = 857CE6F37D04494B8BAFA73C /* /Users/giancedrickepilan/dev/native/learn-opengl/lib/glfw/src/osmesa_context.h */; };
		AF98C5E835B24B70B7E69FC9 /* /Users/giancedrickepilan/dev/native/learn-opengl/lib/glfw/src/egl_context.c */ = {isa = PBXBuildFile; fileRef = D2CEEB20AD3D41BC8CE86180 /* /Users/giancedrickepilan/dev/native/learn-opengl/lib/glfw/src/egl_context.c */; settings = {COMPILER_FLAGS = "-Wdeclaration-after-statement"; }; };
		B60A103D6DEF4155B0B29776 /* /Users/giancedrickepilan/dev/native/learn-opengl/lib/glfw/include/GLFW/glfw3native.h */ = {isa = PBXBuildFile; fileRef = 4E7ABC46247C4FB6B4DA9364 /* /Users/giancedrickepilan/dev/native/learn-opengl/lib/glfw/include/GLFW/glfw3native.h */; };
		B75D1D62883744AF9E237F83 /* /Users/giancedrickepilan/dev/native/learn-opengl/lib/glfw/src/nsgl_context.m */ = {isa = PBXBuildFile; fileRef = 43A458C397AB436D85A7CC59 /* /Users/giancedrickepilan/dev/native/learn-opengl/lib/glfw/src/nsgl_context.m */; };
		BF0E1BF8F7334E6AAA92C2A3 /* /Users/giancedrickepilan/dev/native/learn-opengl/lib/glfw/include/GLFW/glfw3.h */ = {isa = PBXBuildFile; fileRef = E71BC03213FB4BBB8263148C /* /Users/giancedrickepilan/dev/native/learn-opengl/lib/glfw/include/GLFW/glfw3.h */; };
		D0F08D24710648B3B897E9D8 /* /Users/giancedrickepilan/dev/native/learn-opengl/lib/glfw/src/monitor.c */ = {isa = PBXBuildFile; fileRef = 6E110450E29247F497BE0406 /* /Users/giancedrickepilan/dev/native/learn-opengl/lib/glfw/src/monitor.c */; settings = {COMPILER_FLAGS = "-Wdeclaration-after-statement"; }; };
		DB15C8CF68BF48D7B28F6D99 /* /Users/giancedrickepilan/dev/native/learn-opengl/lib/glfw/src/posix_thread.h */ = {isa = PBXBuildFile; fileRef = 222AB924BC8A419D95B7B818 /* /Users/giancedrickepilan/dev/native/learn-opengl/lib/glfw/src/posix_thread.h */; };
		E2E00E37AC0142CEA88B8919 /* /Users/giancedrickepilan/dev/native/learn-opengl/lib/glfw/src/vulkan.c */ = {isa = PBXBuildFile; fileRef = 1888CC9FEF3E42D5B60095A5 /* /Users/giancedrickepilan/dev/native/learn-opengl/lib/glfw/src/vulkan.c */; settings = {COMPILER_FLAGS = "-Wdeclaration-after-statement"; }; };
		E8238D49A63E46A6AFA4FBEC /* /Users/giancedrickepilan/dev/native/learn-opengl/lib/glfw/src/osmesa_context.c */ = {isa = PBXBuildFile; fileRef = 538374BEE0BA44D2B9F27C4C /* /Users/giancedrickepilan/dev/native/learn-opengl/lib/glfw/src/osmesa_context.c */; settings = {COMPILER_FLAGS = "-Wdeclaration-after-statement"; }; };
		E9254A7723D04B62AF575090 /* /Users/giancedrickepilan/dev/native/learn-opengl/lib/glfw/src/window.c */ = {isa = PBXBuildFile; fileRef = 376F93F30E664FB5AAD8DF8A /* /Users/giancedrickepilan/dev/native/learn-opengl/lib/glfw/src/window.c */; settings = {COMPILER_FLAGS = "-Wdeclaration-after-statement"; }; };
/* End PBXBuildFile section */

/* Begin PBXBuildStyle section */
		4AF7A688CDA34BC098DB4C27 /* RelWithDebInfo */ = {
			isa = PBXBuildStyle;
			buildSettings = {
				COPY_PHASE_STRIP = NO;
			};
			name = RelWithDebInfo;
		};
		8CC10D1C8F534C2AA7EBAA8F /* Release */ = {
			isa = PBXBuildStyle;
			buildSettings = {
				COPY_PHASE_STRIP = NO;
			};
			name = Release;
		};
		CFF69460813A435AA0279E4B /* Debug */ = {
			isa = PBXBuildStyle;
			buildSettings = {
				COPY_PHASE_STRIP = NO;
			};
			name = Debug;
		};
		D39F0C0A993F4EDEBDE3A781 /* MinSizeRel */ = {
			isa = PBXBuildStyle;
			buildSettings = {
				COPY_PHASE_STRIP = NO;
			};
			name = MinSizeRel;
		};
/* End PBXBuildStyle section */

/* Begin PBXContainerItemProxy section */
		4C7912B7A4504DAD821D8323 /* PBXContainerItemProxy */ = {
			isa = PBXContainerItemProxy;
			containerPortal = E767236CF5744135BA84FC57 /* Project object */;
			proxyType = 1;
			remoteGlobalIDString = 077D65985FEF402FA0678FF9;
			remoteInfo = ALL_BUILD;
		};
		7938A047EAA6448A874EB940 /* PBXContainerItemProxy */ = {
			isa = PBXContainerItemProxy;
			containerPortal = E767236CF5744135BA84FC57 /* Project object */;
			proxyType = 1;
			remoteGlobalIDString = 02C628EEBEC04E74BAA32B7F;
			remoteInfo = glfw;
		};
		98E6C70A265647A29A4CEF98 /* PBXContainerItemProxy */ = {
			isa = PBXContainerItemProxy;
			containerPortal = E767236CF5744135BA84FC57 /* Project object */;
			proxyType = 1;
			remoteGlobalIDString = 4BB58979B2A448FBAD6A0CA9;
			remoteInfo = ZERO_CHECK;
		};
		C3A4919C6F1B4365B9E378CB /* PBXContainerItemProxy */ = {
			isa = PBXContainerItemProxy;
			containerPortal = E767236CF5744135BA84FC57 /* Project object */;
			proxyType = 1;
			remoteGlobalIDString = 4BB58979B2A448FBAD6A0CA9;
			remoteInfo = ZERO_CHECK;
		};
/* End PBXContainerItemProxy section */

/* Begin PBXFileReference section */
		05E5A1CA57C6403D8CD32179 /* /Users/giancedrickepilan/dev/native/learn-opengl/lib/glfw/src/mappings.h */ = {isa = PBXFileReference; explicitFileType = sourcecode.c.h; fileEncoding = 4; name = mappings.h; path = src/mappings.h; sourceTree = SOURCE_ROOT; };
		0B663DC0E37C4A0F941A1409 /* /Users/giancedrickepilan/dev/native/learn-opengl/lib/glfw/src/cocoa_time.c */ = {isa = PBXFileReference; explicitFileType = sourcecode.c.c; fileEncoding = 4; name = cocoa_time.c; path = src/cocoa_time.c; sourceTree = SOURCE_ROOT; };
		1888CC9FEF3E42D5B60095A5 /* /Users/giancedrickepilan/dev/native/learn-opengl/lib/glfw/src/vulkan.c */ = {isa = PBXFileReference; explicitFileType = sourcecode.c.c; fileEncoding = 4; name = vulkan.c; path = src/vulkan.c; sourceTree = SOURCE_ROOT; };
		213E696A201244B18D3EF13B /* /Users/giancedrickepilan/dev/native/learn-opengl/lib/glfw/src/CMakeLists.txt */ = {isa = PBXFileReference; explicitFileType = sourcecode.text; fileEncoding = 4; name = CMakeLists.txt; path = src/CMakeLists.txt; sourceTree = SOURCE_ROOT; };
		222AB924BC8A419D95B7B818 /* /Users/giancedrickepilan/dev/native/learn-opengl/lib/glfw/src/posix_thread.h */ = {isa = PBXFileReference; explicitFileType = sourcecode.c.h; fileEncoding = 4; name = posix_thread.h; path = src/posix_thread.h; sourceTree = SOURCE_ROOT; };
		26BE1FA7786747F38BC43279 /* /Users/giancedrickepilan/dev/native/learn-opengl/lib/glfw/src/cocoa_joystick.h */ = {isa = PBXFileReference; explicitFileType = sourcecode.c.h; fileEncoding = 4; name = cocoa_joystick.h; path = src/cocoa_joystick.h; sourceTree = SOURCE_ROOT; };
		2896ADCDA9A64380BB7B3D09 /* /Users/giancedrickepilan/dev/native/learn-opengl/lib/glfw/CMakeLists.txt */ = {isa = PBXFileReference; explicitFileType = sourcecode.text; fileEncoding = 4; name = CMakeLists.txt; path = CMakeLists.txt; sourceTree = SOURCE_ROOT; };
		3694354E3D5345AEA6ED4655 /* /Users/giancedrickepilan/dev/native/learn-opengl/lib/glfw/src/nsgl_context.h */ = {isa = PBXFileReference; explicitFileType = sourcecode.c.h; fileEncoding = 4; name = nsgl_context.h; path = src/nsgl_context.h; sourceTree = SOURCE_ROOT; };
		376F93F30E664FB5AAD8DF8A /* /Users/giancedrickepilan/dev/native/learn-opengl/lib/glfw/src/window.c */ = {isa = PBXFileReference; explicitFileType = sourcecode.c.c; fileEncoding = 4; name = window.c; path = src/window.c; sourceTree = SOURCE_ROOT; };
		43A458C397AB436D85A7CC59 /* /Users/giancedrickepilan/dev/native/learn-opengl/lib/glfw/src/nsgl_context.m */ = {isa = PBXFileReference; explicitFileType = sourcecode.c.objc; fileEncoding = 4; name = nsgl_context.m; path = src/nsgl_context.m; sourceTree = SOURCE_ROOT; };
		477F19B28EFE459AB451C739 /* /Users/giancedrickepilan/dev/native/learn-opengl/xcode/lib/glfw/src/glfw_config.h */ = {isa = PBXFileReference; explicitFileType = sourcecode.c.h; fileEncoding = 4; name = glfw_config.h; path = ../../xcode/lib/glfw/src/glfw_config.h; sourceTree = SOURCE_ROOT; };
		4B0B12D871EF448A82E73603 /* /Users/giancedrickepilan/dev/native/learn-opengl/lib/glfw/src/posix_thread.c */ = {isa = PBXFileReference; explicitFileType = sourcecode.c.c; fileEncoding = 4; name = posix_thread.c; path = src/posix_thread.c; sourceTree = SOURCE_ROOT; };
		4E7ABC46247C4FB6B4DA9364 /* /Users/giancedrickepilan/dev/native/learn-opengl/lib/glfw/include/GLFW/glfw3native.h */ = {isa = PBXFileReference; explicitFileType = sourcecode.c.h; fileEncoding = 4; name = glfw3native.h; path = include/GLFW/glfw3native.h; sourceTree = SOURCE_ROOT; };
		538374BEE0BA44D2B9F27C4C /* /Users/giancedrickepilan/dev/native/learn-opengl/lib/glfw/src/osmesa_context.c */ = {isa = PBXFileReference; explicitFileType = sourcecode.c.c; fileEncoding = 4; name = osmesa_context.c; path = src/osmesa_context.c; sourceTree = SOURCE_ROOT; };
		5AAF15C15FB14B2786427826 /* /Users/giancedrickepilan/dev/native/learn-opengl/lib/glfw/src/init.c */ = {isa = PBXFileReference; explicitFileType = sourcecode.c.c; fileEncoding = 4; name = init.c; path = src/init.c; sourceTree = SOURCE_ROOT; };
		6E110450E29247F497BE0406 /* /Users/giancedrickepilan/dev/native/learn-opengl/lib/glfw/src/monitor.c */ = {isa = PBXFileReference; explicitFileType = sourcecode.c.c; fileEncoding = 4; name = monitor.c; path = src/monitor.c; sourceTree = SOURCE_ROOT; };
		80DA76DC410A435FBA54A7C2 /* /Users/giancedrickepilan/dev/native/learn-opengl/lib/glfw/src/cocoa_init.m */ = {isa = PBXFileReference; explicitFileType = sourcecode.c.objc; fileEncoding = 4; name = cocoa_init.m; path = src/cocoa_init.m; sourceTree = SOURCE_ROOT; };
		80FD012BCD314B548CC63C41 /* /Users/giancedrickepilan/dev/native/learn-opengl/lib/glfw/src/cocoa_window.m */ = {isa = PBXFileReference; explicitFileType = sourcecode.c.objc; fileEncoding = 4; name = cocoa_window.m; path = src/cocoa_window.m; sourceTree = SOURCE_ROOT; };
		857CE6F37D04494B8BAFA73C /* /Users/giancedrickepilan/dev/native/learn-opengl/lib/glfw/src/osmesa_context.h */ = {isa = PBXFileReference; explicitFileType = sourcecode.c.h; fileEncoding = 4; name = osmesa_context.h; path = src/osmesa_context.h; sourceTree = SOURCE_ROOT; };
		9A49B598BED94631AE58261B /* /Users/giancedrickepilan/dev/native/learn-opengl/lib/glfw/src/context.c */ = {isa = PBXFileReference; explicitFileType = sourcecode.c.c; fileEncoding = 4; name = context.c; path = src/context.c; sourceTree = SOURCE_ROOT; };
		9C7269F5ECFC4560AEE03383 /* glfw */ = {isa = PBXFileReference; explicitFileType = archive.ar; path = libglfw3.a; sourceTree = BUILT_PRODUCTS_DIR; };
		AD55E264A33044679E60FA34 /* /Users/giancedrickepilan/dev/native/learn-opengl/lib/glfw/src/internal.h */ = {isa = PBXFileReference; explicitFileType = sourcecode.c.h; fileEncoding = 4; name = internal.h; path = src/internal.h; sourceTree = SOURCE_ROOT; };
		B809CE23906C424CA28BA137 /* /Users/giancedrickepilan/dev/native/learn-opengl/lib/glfw/CMakeLists.txt */ = {isa = PBXFileReference; explicitFileType = sourcecode.text; fileEncoding = 4; name = CMakeLists.txt; path = CMakeLists.txt; sourceTree = SOURCE_ROOT; };
		B955427586D5499CB7079A5E /* /Users/giancedrickepilan/dev/native/learn-opengl/lib/glfw/src/cocoa_joystick.m */ = {isa = PBXFileReference; explicitFileType = sourcecode.c.objc; fileEncoding = 4; name = cocoa_joystick.m; path = src/cocoa_joystick.m; sourceTree = SOURCE_ROOT; };
		C70BAE26B4E14A0D8F0CC319 /* /Users/giancedrickepilan/dev/native/learn-opengl/lib/glfw/src/cocoa_platform.h */ = {isa = PBXFileReference; explicitFileType = sourcecode.c.h; fileEncoding = 4; name = cocoa_platform.h; path = src/cocoa_platform.h; sourceTree = SOURCE_ROOT; };
		D2CEEB20AD3D41BC8CE86180 /* /Users/giancedrickepilan/dev/native/learn-opengl/lib/glfw/src/egl_context.c */ = {isa = PBXFileReference; explicitFileType = sourcecode.c.c; fileEncoding = 4; name = egl_context.c; path = src/egl_context.c; sourceTree = SOURCE_ROOT; };
		DF0D682550A649B1924B973E /* /Users/giancedrickepilan/dev/native/learn-opengl/lib/glfw/src/cocoa_monitor.m */ = {isa = PBXFileReference; explicitFileType = sourcecode.c.objc; fileEncoding = 4; name = cocoa_monitor.m; path = src/cocoa_monitor.m; sourceTree = SOURCE_ROOT; };
		E71BC03213FB4BBB8263148C /* /Users/giancedrickepilan/dev/native/learn-opengl/lib/glfw/include/GLFW/glfw3.h */ = {isa = PBXFileReference; explicitFileType = sourcecode.c.h; fileEncoding = 4; name = glfw3.h; path = include/GLFW/glfw3.h; sourceTree = SOURCE_ROOT; };
		EF955A64B8CA4CADA40186A5 /* /Users/giancedrickepilan/dev/native/learn-opengl/lib/glfw/src/input.c */ = {isa = PBXFileReference; explicitFileType = sourcecode.c.c; fileEncoding = 4; name = input.c; path = src/input.c; sourceTree = SOURCE_ROOT; };
		F92C0E1FD0AF4EABB927B460 /* /Users/giancedrickepilan/dev/native/learn-opengl/lib/glfw/src/egl_context.h */ = {isa = PBXFileReference; explicitFileType = sourcecode.c.h; fileEncoding = 4; name = egl_context.h; path = src/egl_context.h; sourceTree = SOURCE_ROOT; };
/* End PBXFileReference section */

/* Begin PBXGroup section */
		03A6BD7B8D724F72B0BF2E3C /* Header Files */ = {
			isa = PBXGroup;
			children = (
				E71BC03213FB4BBB8263148C /* /Users/giancedrickepilan/dev/native/learn-opengl/lib/glfw/include/GLFW/glfw3.h */,
				4E7ABC46247C4FB6B4DA9364 /* /Users/giancedrickepilan/dev/native/learn-opengl/lib/glfw/include/GLFW/glfw3native.h */,
				26BE1FA7786747F38BC43279 /* /Users/giancedrickepilan/dev/native/learn-opengl/lib/glfw/src/cocoa_joystick.h */,
				C70BAE26B4E14A0D8F0CC319 /* /Users/giancedrickepilan/dev/native/learn-opengl/lib/glfw/src/cocoa_platform.h */,
				F92C0E1FD0AF4EABB927B460 /* /Users/giancedrickepilan/dev/native/learn-opengl/lib/glfw/src/egl_context.h */,
				AD55E264A33044679E60FA34 /* /Users/giancedrickepilan/dev/native/learn-opengl/lib/glfw/src/internal.h */,
				05E5A1CA57C6403D8CD32179 /* /Users/giancedrickepilan/dev/native/learn-opengl/lib/glfw/src/mappings.h */,
				3694354E3D5345AEA6ED4655 /* /Users/giancedrickepilan/dev/native/learn-opengl/lib/glfw/src/nsgl_context.h */,
				857CE6F37D04494B8BAFA73C /* /Users/giancedrickepilan/dev/native/learn-opengl/lib/glfw/src/osmesa_context.h */,
				222AB924BC8A419D95B7B818 /* /Users/giancedrickepilan/dev/native/learn-opengl/lib/glfw/src/posix_thread.h */,
				477F19B28EFE459AB451C739 /* /Users/giancedrickepilan/dev/native/learn-opengl/xcode/lib/glfw/src/glfw_config.h */,
			);
			name = "Header Files";
			sourceTree = "<group>";
		};
		157D8FE5626348CB89448D5F /* CMake Rules */ = {
			isa = PBXGroup;
			children = (
			);
			name = "CMake Rules";
			sourceTree = "<group>";
		};
		1840FFB5F0FE4EC281998318 /* Source Files */ = {
			isa = PBXGroup;
			children = (
				80DA76DC410A435FBA54A7C2 /* /Users/giancedrickepilan/dev/native/learn-opengl/lib/glfw/src/cocoa_init.m */,
				B955427586D5499CB7079A5E /* /Users/giancedrickepilan/dev/native/learn-opengl/lib/glfw/src/cocoa_joystick.m */,
				DF0D682550A649B1924B973E /* /Users/giancedrickepilan/dev/native/learn-opengl/lib/glfw/src/cocoa_monitor.m */,
				0B663DC0E37C4A0F941A1409 /* /Users/giancedrickepilan/dev/native/learn-opengl/lib/glfw/src/cocoa_time.c */,
				80FD012BCD314B548CC63C41 /* /Users/giancedrickepilan/dev/native/learn-opengl/lib/glfw/src/cocoa_window.m */,
				9A49B598BED94631AE58261B /* /Users/giancedrickepilan/dev/native/learn-opengl/lib/glfw/src/context.c */,
				D2CEEB20AD3D41BC8CE86180 /* /Users/giancedrickepilan/dev/native/learn-opengl/lib/glfw/src/egl_context.c */,
				5AAF15C15FB14B2786427826 /* /Users/giancedrickepilan/dev/native/learn-opengl/lib/glfw/src/init.c */,
				EF955A64B8CA4CADA40186A5 /* /Users/giancedrickepilan/dev/native/learn-opengl/lib/glfw/src/input.c */,
				6E110450E29247F497BE0406 /* /Users/giancedrickepilan/dev/native/learn-opengl/lib/glfw/src/monitor.c */,
				43A458C397AB436D85A7CC59 /* /Users/giancedrickepilan/dev/native/learn-opengl/lib/glfw/src/nsgl_context.m */,
				538374BEE0BA44D2B9F27C4C /* /Users/giancedrickepilan/dev/native/learn-opengl/lib/glfw/src/osmesa_context.c */,
				4B0B12D871EF448A82E73603 /* /Users/giancedrickepilan/dev/native/learn-opengl/lib/glfw/src/posix_thread.c */,
				1888CC9FEF3E42D5B60095A5 /* /Users/giancedrickepilan/dev/native/learn-opengl/lib/glfw/src/vulkan.c */,
				376F93F30E664FB5AAD8DF8A /* /Users/giancedrickepilan/dev/native/learn-opengl/lib/glfw/src/window.c */,
			);
			name = "Source Files";
			sourceTree = "<group>";
		};
		20607EBCB4DA4E47A6B95631 /* glfw */ = {
			isa = PBXGroup;
			children = (
				03A6BD7B8D724F72B0BF2E3C /* Header Files */,
				1840FFB5F0FE4EC281998318 /* Source Files */,
				213E696A201244B18D3EF13B /* /Users/giancedrickepilan/dev/native/learn-opengl/lib/glfw/src/CMakeLists.txt */,
			);
			name = glfw;
			sourceTree = "<group>";
		};
		6DF09E5503AD4D69884762D5 /* Products */ = {
			isa = PBXGroup;
			children = (
				9C7269F5ECFC4560AEE03383 /* glfw */,
			);
			name = Products;
			sourceTree = "<group>";
		};
		8A58BEB06320418FBFD963B5 /* uninstall */ = {
			isa = PBXGroup;
			children = (
				B69D56F4EA4943299F44ED5A /* CMake Rules */,
				2896ADCDA9A64380BB7B3D09 /* /Users/giancedrickepilan/dev/native/learn-opengl/lib/glfw/CMakeLists.txt */,
			);
			name = uninstall;
			sourceTree = "<group>";
		};
		A62A099F07D04C5FAC244A2E = {
			isa = PBXGroup;
			children = (
				B7D10C8E490F427D8F4E74EC /* GLFW3 */,
				BBFAE75990E942A59867F50C /* ALL_BUILD */,
				6DF09E5503AD4D69884762D5 /* Products */,
			);
			sourceTree = "<group>";
		};
		B69D56F4EA4943299F44ED5A /* CMake Rules */ = {
			isa = PBXGroup;
			children = (
			);
			name = "CMake Rules";
			sourceTree = "<group>";
		};
		B7D10C8E490F427D8F4E74EC /* GLFW3 */ = {
			isa = PBXGroup;
			children = (
				8A58BEB06320418FBFD963B5 /* uninstall */,
				20607EBCB4DA4E47A6B95631 /* glfw */,
			);
			name = GLFW3;
			sourceTree = "<group>";
		};
		BBFAE75990E942A59867F50C /* ALL_BUILD */ = {
			isa = PBXGroup;
			children = (
				157D8FE5626348CB89448D5F /* CMake Rules */,
				B809CE23906C424CA28BA137 /* /Users/giancedrickepilan/dev/native/learn-opengl/lib/glfw/CMakeLists.txt */,
			);
			name = ALL_BUILD;
			sourceTree = "<group>";
		};
/* End PBXGroup section */

/* Begin PBXNativeTarget section */
		02C628EEBEC04E74BAA32B7F /* glfw */ = {
			isa = PBXNativeTarget;
			buildConfigurationList = 1E666356042B429894F6F100 /* Build configuration list for PBXNativeTarget "glfw" */;
			buildPhases = (
				4EEEB1AC93CC4EFC86A7E87D /* Sources */,
			);
			buildRules = (
			);
			dependencies = (
			);
			name = glfw;
			productName = glfw;
			productReference = 9C7269F5ECFC4560AEE03383 /* glfw */;
			productType = "com.apple.product-type.library.static";
		};
/* End PBXNativeTarget section */

/* Begin PBXProject section */
		E767236CF5744135BA84FC57 /* Project object */ = {
			isa = PBXProject;
			attributes = {
				BuildIndependentTargetsInParallel = YES;
				LastUpgradeCheck = 1130;
			};
			buildConfigurationList = 407F20363FD34C75B797296C /* Build configuration list for PBXProject "GLFW" */;
			buildSettings = {
			};
			buildStyles = (
				CFF69460813A435AA0279E4B /* Debug */,
				8CC10D1C8F534C2AA7EBAA8F /* Release */,
				D39F0C0A993F4EDEBDE3A781 /* MinSizeRel */,
				4AF7A688CDA34BC098DB4C27 /* RelWithDebInfo */,
			);
			compatibilityVersion = "Xcode 3.2";
			hasScannedForEncodings = 0;
			mainGroup = A62A099F07D04C5FAC244A2E;
			projectDirPath = ../../../lib/glfw;
			projectRoot = "";
			targets = (
				077D65985FEF402FA0678FF9 /* ALL_BUILD */,
				4BB58979B2A448FBAD6A0CA9 /* ZERO_CHECK */,
				02C628EEBEC04E74BAA32B7F /* glfw */,
				7CFCBEADB9CC45F581DED30C /* install */,
				CFA0DB9CE6A94FE38855CA6B /* uninstall */,
			);
		};
/* End PBXProject section */

/* Begin PBXShellScriptBuildPhase section */
		0B5567640BFE4AA5AD0338E1 = {
			isa = PBXShellScriptBuildPhase;
			buildActionMask = 2147483647;
			files = (
			);
			inputPaths = (
			);
			outputPaths = (
			);
			runOnlyForDeploymentPostprocessing = 0;
			shellPath = /bin/sh;
			shellScript = "# shell script goes here
exit 0";
			showEnvVarsInLog = 0;
		};
		28CA68B0AB404EF885414EFF = {
			isa = PBXShellScriptBuildPhase;
			buildActionMask = 2147483647;
			files = (
			);
			inputPaths = (
			);
			outputPaths = (
			);
			runOnlyForDeploymentPostprocessing = 0;
			shellPath = /bin/sh;
			shellScript = "# shell script goes here
exit 0";
			showEnvVarsInLog = 0;
		};
		40E7BD18371A48228096C9E0 = {
			isa = PBXShellScriptBuildPhase;
			buildActionMask = 2147483647;
			files = (
			);
			inputPaths = (
			);
			outputPaths = (
			);
			runOnlyForDeploymentPostprocessing = 0;
			shellPath = /bin/sh;
			shellScript = "# shell script goes here
exit 0";
			showEnvVarsInLog = 0;
		};
		48C5E1A599604D98816F1D69 /* CMake Rules */ = {
			isa = PBXShellScriptBuildPhase;
			buildActionMask = 2147483647;
			files = (
			);
			name = "CMake Rules";
			runOnlyForDeploymentPostprocessing = 0;
			shellPath = /bin/sh;
			shellScript = "make -C /Users/giancedrickepilan/dev/native/learn-opengl/xcode/lib/glfw -f /Users/giancedrickepilan/dev/native/learn-opengl/xcode/lib/glfw/CMakeScripts/ALL_BUILD_cmakeRulesBuildPhase.make$CONFIGURATION OBJDIR=$(basename \"$OBJECT_FILE_DIR_normal\") all";
			showEnvVarsInLog = 0;
		};
		57494A19FAA446CF84AFDC0A = {
			isa = PBXShellScriptBuildPhase;
			buildActionMask = 2147483647;
			files = (
			);
			inputPaths = (
			);
			outputPaths = (
			);
			runOnlyForDeploymentPostprocessing = 0;
			shellPath = /bin/sh;
			shellScript = "# shell script goes here
exit 0";
			showEnvVarsInLog = 0;
		};
		B548C3C95559445185CD134B /* CMake Rules */ = {
			isa = PBXShellScriptBuildPhase;
			buildActionMask = 2147483647;
			files = (
			);
			name = "CMake Rules";
			runOnlyForDeploymentPostprocessing = 0;
			shellPath = /bin/sh;
			shellScript = "make -C /Users/giancedrickepilan/dev/native/learn-opengl/xcode/lib/glfw -f /Users/giancedrickepilan/dev/native/learn-opengl/xcode/lib/glfw/CMakeScripts/uninstall_cmakeRulesBuildPhase.make$CONFIGURATION OBJDIR=$(basename \"$OBJECT_FILE_DIR_normal\") all";
			showEnvVarsInLog = 0;
		};
		ED2A65A443294601A9A6FCF5 /* CMake Rules */ = {
			isa = PBXShellScriptBuildPhase;
			buildActionMask = 2147483647;
			files = (
			);
			name = "CMake Rules";
			runOnlyForDeploymentPostprocessing = 0;
			shellPath = /bin/sh;
			shellScript = "make -C /Users/giancedrickepilan/dev/native/learn-opengl/xcode/lib/glfw -f /Users/giancedrickepilan/dev/native/learn-opengl/xcode/lib/glfw/CMakeScripts/ZERO_CHECK_cmakeRulesBuildPhase.make$CONFIGURATION OBJDIR=$(basename \"$OBJECT_FILE_DIR_normal\") all";
			showEnvVarsInLog = 0;
		};
		FE87EE5343E048728BB81474 /* CMake PostBuild Rules */ = {
			isa = PBXShellScriptBuildPhase;
			buildActionMask = 2147483647;
			files = (
			);
			name = "CMake PostBuild Rules";
			runOnlyForDeploymentPostprocessing = 0;
			shellPath = /bin/sh;
			shellScript = "make -C /Users/giancedrickepilan/dev/native/learn-opengl/xcode/lib/glfw -f /Users/giancedrickepilan/dev/native/learn-opengl/xcode/lib/glfw/CMakeScripts/install_postBuildPhase.make$CONFIGURATION OBJDIR=$(basename \"$OBJECT_FILE_DIR_normal\") all";
			showEnvVarsInLog = 0;
		};
/* End PBXShellScriptBuildPhase section */

/* Begin PBXSourcesBuildPhase section */
		4EEEB1AC93CC4EFC86A7E87D /* Sources */ = {
			isa = PBXSourcesBuildPhase;
			buildActionMask = 2147483647;
			files = (
				000DFAF569304AA6A80270E8 /* /Users/giancedrickepilan/dev/native/learn-opengl/lib/glfw/src/cocoa_init.m */,
				80316F6018864B9598189D0B /* /Users/giancedrickepilan/dev/native/learn-opengl/lib/glfw/src/cocoa_joystick.m */,
				1768C7C12EFA4DA3AA6640F1 /* /Users/giancedrickepilan/dev/native/learn-opengl/lib/glfw/src/cocoa_monitor.m */,
				58520A1D32D944D298C95C8D /* /Users/giancedrickepilan/dev/native/learn-opengl/lib/glfw/src/cocoa_time.c */,
				531F252403AB4002BEF91948 /* /Users/giancedrickepilan/dev/native/learn-opengl/lib/glfw/src/cocoa_window.m */,
				2E27E5820AFE45E582F16E4F /* /Users/giancedrickepilan/dev/native/learn-opengl/lib/glfw/src/context.c */,
				AF98C5E835B24B70B7E69FC9 /* /Users/giancedrickepilan/dev/native/learn-opengl/lib/glfw/src/egl_context.c */,
				802D340ABEA54A15904735D3 /* /Users/giancedrickepilan/dev/native/learn-opengl/lib/glfw/src/init.c */,
				81E1EEA23F1A41799F7D4EF2 /* /Users/giancedrickepilan/dev/native/learn-opengl/lib/glfw/src/input.c */,
				D0F08D24710648B3B897E9D8 /* /Users/giancedrickepilan/dev/native/learn-opengl/lib/glfw/src/monitor.c */,
				B75D1D62883744AF9E237F83 /* /Users/giancedrickepilan/dev/native/learn-opengl/lib/glfw/src/nsgl_context.m */,
				E8238D49A63E46A6AFA4FBEC /* /Users/giancedrickepilan/dev/native/learn-opengl/lib/glfw/src/osmesa_context.c */,
				4303544842974DDB80C165DF /* /Users/giancedrickepilan/dev/native/learn-opengl/lib/glfw/src/posix_thread.c */,
				E2E00E37AC0142CEA88B8919 /* /Users/giancedrickepilan/dev/native/learn-opengl/lib/glfw/src/vulkan.c */,
				E9254A7723D04B62AF575090 /* /Users/giancedrickepilan/dev/native/learn-opengl/lib/glfw/src/window.c */,
			);
			runOnlyForDeploymentPostprocessing = 0;
		};
/* End PBXSourcesBuildPhase section */

/* Begin PBXTargetDependency section */
		0C47D298EAE24FE58F3CF9B9 /* PBXTargetDependency */ = {
			isa = PBXTargetDependency;
			target = 4BB58979B2A448FBAD6A0CA9 /* ZERO_CHECK */;
			targetProxy = C3A4919C6F1B4365B9E378CB /* PBXContainerItemProxy */;
		};
		16A5EE09C8A4408EAC6A423F /* PBXTargetDependency */ = {
			isa = PBXTargetDependency;
			target = 02C628EEBEC04E74BAA32B7F /* glfw */;
			targetProxy = 7938A047EAA6448A874EB940 /* PBXContainerItemProxy */;
		};
		846F62D1280A449CB4D92AB6 /* PBXTargetDependency */ = {
			isa = PBXTargetDependency;
			target = 077D65985FEF402FA0678FF9 /* ALL_BUILD */;
			targetProxy = 4C7912B7A4504DAD821D8323 /* PBXContainerItemProxy */;
		};
		88F8C5DAA12F45F3AACE4158 /* PBXTargetDependency */ = {
			isa = PBXTargetDependency;
			target = 4BB58979B2A448FBAD6A0CA9 /* ZERO_CHECK */;
			targetProxy = 98E6C70A265647A29A4CEF98 /* PBXContainerItemProxy */;
		};
/* End PBXTargetDependency section */

/* Begin XCBuildConfiguration section */
		140CB7513C5F4644AE6B7944 /* Debug */ = {
			isa = XCBuildConfiguration;
			buildSettings = {
				COMBINE_HIDPI_IMAGES = YES;
				GCC_GENERATE_DEBUGGING_SYMBOLS = YES;
				GCC_INLINES_ARE_PRIVATE_EXTERN = NO;
				GCC_OPTIMIZATION_LEVEL = 0;
				GCC_PREPROCESSOR_DEFINITIONS = ("'CMAKE_INTDIR=\"$(CONFIGURATION)$(EFFECTIVE_PLATFORM_NAME)\"'");
				GCC_SYMBOLS_PRIVATE_EXTERN = NO;
				INSTALL_PATH = "";
				OTHER_LDFLAGS = " ";
				OTHER_REZFLAGS = "";
				PRODUCT_NAME = ALL_BUILD;
				SECTORDER_FLAGS = "";
				SYMROOT = "/Users/giancedrickepilan/dev/native/learn-opengl/xcode/lib/glfw";
				USE_HEADERMAP = NO;
				WARNING_CFLAGS = ("$(inherited)");
			};
			name = Debug;
		};
		31411F91468E42F99583B65F /* Debug */ = {
			isa = XCBuildConfiguration;
			buildSettings = {
				COMBINE_HIDPI_IMAGES = YES;
				EXECUTABLE_PREFIX = lib;
				EXECUTABLE_SUFFIX = .a;
				GCC_GENERATE_DEBUGGING_SYMBOLS = YES;
				GCC_INLINES_ARE_PRIVATE_EXTERN = NO;
				GCC_OPTIMIZATION_LEVEL = 0;
				GCC_PREPROCESSOR_DEFINITIONS = ("'CMAKE_INTDIR=\"$(CONFIGURATION)$(EFFECTIVE_PLATFORM_NAME)\"'",_GLFW_USE_CONFIG_H);
				GCC_SYMBOLS_PRIVATE_EXTERN = NO;
				HEADER_SEARCH_PATHS = ("/Users/giancedrickepilan/dev/native/learn-opengl/lib/glfw/include","/Users/giancedrickepilan/dev/native/learn-opengl/lib/glfw/src","/Users/giancedrickepilan/dev/native/learn-opengl/xcode/lib/glfw/src");
				INSTALL_PATH = "";
				LIBRARY_STYLE = STATIC;
				OTHER_CFLAGS = "   -fPIC -Wall '-std=c99'  ";
				OTHER_LIBTOOLFLAGS = " ";
				OTHER_REZFLAGS = "";
				PRODUCT_NAME = glfw3;
				SECTORDER_FLAGS = "";
				SYMROOT = "/Users/giancedrickepilan/dev/native/learn-opengl/xcode/lib/glfw/src";
				USE_HEADERMAP = NO;
				WARNING_CFLAGS = ("$(inherited)");
			};
			name = Debug;
		};
		32B54E90F1174C1CB722A59A /* RelWithDebInfo */ = {
			isa = XCBuildConfiguration;
			buildSettings = {
				MACOSX_DEPLOYMENT_TARGET = 10.14;
				ONLY_ACTIVE_ARCH = YES;
				SDKROOT = /Applications/Xcode.app/Contents/Developer/Platforms/MacOSX.platform/Developer/SDKs/MacOSX10.15.sdk;
				SYMROOT = "/Users/giancedrickepilan/dev/native/learn-opengl/xcode/lib/glfw/build";
			};
			name = RelWithDebInfo;
		};
		3386C561A444425ABB65A39B /* MinSizeRel */ = {
			isa = XCBuildConfiguration;
			buildSettings = {
				MACOSX_DEPLOYMENT_TARGET = 10.14;
				ONLY_ACTIVE_ARCH = YES;
				SDKROOT = /Applications/Xcode.app/Contents/Developer/Platforms/MacOSX.platform/Developer/SDKs/MacOSX10.15.sdk;
				SYMROOT = "/Users/giancedrickepilan/dev/native/learn-opengl/xcode/lib/glfw/build";
			};
			name = MinSizeRel;
		};
		3D024D20BD6145C791B9C03C /* MinSizeRel */ = {
			isa = XCBuildConfiguration;
			buildSettings = {
				COMBINE_HIDPI_IMAGES = YES;
				GCC_GENERATE_DEBUGGING_SYMBOLS = YES;
				GCC_INLINES_ARE_PRIVATE_EXTERN = NO;
				GCC_OPTIMIZATION_LEVEL = 0;
				GCC_PREPROCESSOR_DEFINITIONS = ("'CMAKE_INTDIR=\"$(CONFIGURATION)$(EFFECTIVE_PLATFORM_NAME)\"'");
				GCC_SYMBOLS_PRIVATE_EXTERN = NO;
				INSTALL_PATH = "";
				OTHER_LDFLAGS = " ";
				OTHER_REZFLAGS = "";
				PRODUCT_NAME = ZERO_CHECK;
				SECTORDER_FLAGS = "";
				SYMROOT = "/Users/giancedrickepilan/dev/native/learn-opengl/xcode/lib/glfw";
				USE_HEADERMAP = NO;
				WARNING_CFLAGS = ("$(inherited)");
			};
			name = MinSizeRel;
		};
		44D56BFDB9774F68A7DD2C45 /* Debug */ = {
			isa = XCBuildConfiguration;
			buildSettings = {
				COMBINE_HIDPI_IMAGES = YES;
				GCC_GENERATE_DEBUGGING_SYMBOLS = YES;
				GCC_INLINES_ARE_PRIVATE_EXTERN = NO;
				GCC_OPTIMIZATION_LEVEL = 0;
				GCC_PREPROCESSOR_DEFINITIONS = ("'CMAKE_INTDIR=\"$(CONFIGURATION)$(EFFECTIVE_PLATFORM_NAME)\"'");
				GCC_SYMBOLS_PRIVATE_EXTERN = NO;
				INSTALL_PATH = "";
				OTHER_LDFLAGS = " ";
				OTHER_REZFLAGS = "";
				PRODUCT_NAME = install;
				SECTORDER_FLAGS = "";
				SYMROOT = "/Users/giancedrickepilan/dev/native/learn-opengl/xcode/lib/glfw";
				USE_HEADERMAP = NO;
				WARNING_CFLAGS = ("$(inherited)");
			};
			name = Debug;
		};
		5EC1BC58A4114426BC2C385C /* Debug */ = {
			isa = XCBuildConfiguration;
			buildSettings = {
				COMBINE_HIDPI_IMAGES = YES;
				GCC_GENERATE_DEBUGGING_SYMBOLS = YES;
				GCC_INLINES_ARE_PRIVATE_EXTERN = NO;
				GCC_OPTIMIZATION_LEVEL = 0;
				GCC_PREPROCESSOR_DEFINITIONS = ("'CMAKE_INTDIR=\"$(CONFIGURATION)$(EFFECTIVE_PLATFORM_NAME)\"'");
				GCC_SYMBOLS_PRIVATE_EXTERN = NO;
				INSTALL_PATH = "";
				OTHER_LDFLAGS = " ";
				OTHER_REZFLAGS = "";
				PRODUCT_NAME = ZERO_CHECK;
				SECTORDER_FLAGS = "";
				SYMROOT = "/Users/giancedrickepilan/dev/native/learn-opengl/xcode/lib/glfw";
				USE_HEADERMAP = NO;
				WARNING_CFLAGS = ("$(inherited)");
			};
			name = Debug;
		};
		641DCADEE7F34A3EB040F675 /* MinSizeRel */ = {
			isa = XCBuildConfiguration;
			buildSettings = {
				COMBINE_HIDPI_IMAGES = YES;
				GCC_GENERATE_DEBUGGING_SYMBOLS = YES;
				GCC_INLINES_ARE_PRIVATE_EXTERN = NO;
				GCC_OPTIMIZATION_LEVEL = 0;
				GCC_PREPROCESSOR_DEFINITIONS = ("'CMAKE_INTDIR=\"$(CONFIGURATION)$(EFFECTIVE_PLATFORM_NAME)\"'");
				GCC_SYMBOLS_PRIVATE_EXTERN = NO;
				INSTALL_PATH = "";
				OTHER_LDFLAGS = " ";
				OTHER_REZFLAGS = "";
				PRODUCT_NAME = uninstall;
				SECTORDER_FLAGS = "";
				SYMROOT = "/Users/giancedrickepilan/dev/native/learn-opengl/xcode/lib/glfw";
				USE_HEADERMAP = NO;
				WARNING_CFLAGS = ("$(inherited)");
			};
			name = MinSizeRel;
		};
		6BB3793AAECF48AA93B77D84 /* Debug */ = {
			isa = XCBuildConfiguration;
			buildSettings = {
				COMBINE_HIDPI_IMAGES = YES;
				GCC_GENERATE_DEBUGGING_SYMBOLS = YES;
				GCC_INLINES_ARE_PRIVATE_EXTERN = NO;
				GCC_OPTIMIZATION_LEVEL = 0;
				GCC_PREPROCESSOR_DEFINITIONS = ("'CMAKE_INTDIR=\"$(CONFIGURATION)$(EFFECTIVE_PLATFORM_NAME)\"'");
				GCC_SYMBOLS_PRIVATE_EXTERN = NO;
				INSTALL_PATH = "";
				OTHER_LDFLAGS = " ";
				OTHER_REZFLAGS = "";
				PRODUCT_NAME = uninstall;
				SECTORDER_FLAGS = "";
				SYMROOT = "/Users/giancedrickepilan/dev/native/learn-opengl/xcode/lib/glfw";
				USE_HEADERMAP = NO;
				WARNING_CFLAGS = ("$(inherited)");
			};
			name = Debug;
		};
		77EAB7909BF941948D4EC151 /* RelWithDebInfo */ = {
			isa = XCBuildConfiguration;
			buildSettings = {
				COMBINE_HIDPI_IMAGES = YES;
				GCC_GENERATE_DEBUGGING_SYMBOLS = YES;
				GCC_INLINES_ARE_PRIVATE_EXTERN = NO;
				GCC_OPTIMIZATION_LEVEL = 0;
				GCC_PREPROCESSOR_DEFINITIONS = ("'CMAKE_INTDIR=\"$(CONFIGURATION)$(EFFECTIVE_PLATFORM_NAME)\"'");
				GCC_SYMBOLS_PRIVATE_EXTERN = NO;
				INSTALL_PATH = "";
				OTHER_LDFLAGS = " ";
				OTHER_REZFLAGS = "";
				PRODUCT_NAME = ALL_BUILD;
				SECTORDER_FLAGS = "";
				SYMROOT = "/Users/giancedrickepilan/dev/native/learn-opengl/xcode/lib/glfw";
				USE_HEADERMAP = NO;
				WARNING_CFLAGS = ("$(inherited)");
			};
			name = RelWithDebInfo;
		};
		7BDF2B31C85244A2A727C581 /* RelWithDebInfo */ = {
			isa = XCBuildConfiguration;
			buildSettings = {
				COMBINE_HIDPI_IMAGES = YES;
				EXECUTABLE_PREFIX = lib;
				EXECUTABLE_SUFFIX = .a;
				GCC_GENERATE_DEBUGGING_SYMBOLS = YES;
				GCC_INLINES_ARE_PRIVATE_EXTERN = NO;
				GCC_OPTIMIZATION_LEVEL = 2;
				GCC_PREPROCESSOR_DEFINITIONS = ("'CMAKE_INTDIR=\"$(CONFIGURATION)$(EFFECTIVE_PLATFORM_NAME)\"'",_GLFW_USE_CONFIG_H);
				GCC_SYMBOLS_PRIVATE_EXTERN = NO;
				HEADER_SEARCH_PATHS = ("/Users/giancedrickepilan/dev/native/learn-opengl/lib/glfw/include","/Users/giancedrickepilan/dev/native/learn-opengl/lib/glfw/src","/Users/giancedrickepilan/dev/native/learn-opengl/xcode/lib/glfw/src");
				INSTALL_PATH = "";
				LIBRARY_STYLE = STATIC;
				OTHER_CFLAGS = "       -DNDEBUG -fPIC -Wall '-std=c99'  ";
				OTHER_LIBTOOLFLAGS = " ";
				OTHER_REZFLAGS = "";
				PRODUCT_NAME = glfw3;
				SECTORDER_FLAGS = "";
				SYMROOT = "/Users/giancedrickepilan/dev/native/learn-opengl/xcode/lib/glfw/src";
				USE_HEADERMAP = NO;
				WARNING_CFLAGS = ("$(inherited)");
			};
			name = RelWithDebInfo;
		};
		86E96796D0C345E1BDCC6508 /* Release */ = {
			isa = XCBuildConfiguration;
			buildSettings = {
				COMBINE_HIDPI_IMAGES = YES;
				GCC_GENERATE_DEBUGGING_SYMBOLS = YES;
				GCC_INLINES_ARE_PRIVATE_EXTERN = NO;
				GCC_OPTIMIZATION_LEVEL = 0;
				GCC_PREPROCESSOR_DEFINITIONS = ("'CMAKE_INTDIR=\"$(CONFIGURATION)$(EFFECTIVE_PLATFORM_NAME)\"'");
				GCC_SYMBOLS_PRIVATE_EXTERN = NO;
				INSTALL_PATH = "";
				OTHER_LDFLAGS = " ";
				OTHER_REZFLAGS = "";
				PRODUCT_NAME = ALL_BUILD;
				SECTORDER_FLAGS = "";
				SYMROOT = "/Users/giancedrickepilan/dev/native/learn-opengl/xcode/lib/glfw";
				USE_HEADERMAP = NO;
				WARNING_CFLAGS = ("$(inherited)");
			};
			name = Release;
		};
		87BE815C559048FA9C18492B /* Release */ = {
			isa = XCBuildConfiguration;
			buildSettings = {
				COMBINE_HIDPI_IMAGES = YES;
				GCC_GENERATE_DEBUGGING_SYMBOLS = YES;
				GCC_INLINES_ARE_PRIVATE_EXTERN = NO;
				GCC_OPTIMIZATION_LEVEL = 0;
				GCC_PREPROCESSOR_DEFINITIONS = ("'CMAKE_INTDIR=\"$(CONFIGURATION)$(EFFECTIVE_PLATFORM_NAME)\"'");
				GCC_SYMBOLS_PRIVATE_EXTERN = NO;
				INSTALL_PATH = "";
				OTHER_LDFLAGS = " ";
				OTHER_REZFLAGS = "";
				PRODUCT_NAME = ZERO_CHECK;
				SECTORDER_FLAGS = "";
				SYMROOT = "/Users/giancedrickepilan/dev/native/learn-opengl/xcode/lib/glfw";
				USE_HEADERMAP = NO;
				WARNING_CFLAGS = ("$(inherited)");
			};
			name = Release;
		};
		96A12C70C11448C78D1D394D /* Release */ = {
			isa = XCBuildConfiguration;
			buildSettings = {
				COMBINE_HIDPI_IMAGES = YES;
				GCC_GENERATE_DEBUGGING_SYMBOLS = YES;
				GCC_INLINES_ARE_PRIVATE_EXTERN = NO;
				GCC_OPTIMIZATION_LEVEL = 0;
				GCC_PREPROCESSOR_DEFINITIONS = ("'CMAKE_INTDIR=\"$(CONFIGURATION)$(EFFECTIVE_PLATFORM_NAME)\"'");
				GCC_SYMBOLS_PRIVATE_EXTERN = NO;
				INSTALL_PATH = "";
				OTHER_LDFLAGS = " ";
				OTHER_REZFLAGS = "";
				PRODUCT_NAME = install;
				SECTORDER_FLAGS = "";
				SYMROOT = "/Users/giancedrickepilan/dev/native/learn-opengl/xcode/lib/glfw";
				USE_HEADERMAP = NO;
				WARNING_CFLAGS = ("$(inherited)");
			};
			name = Release;
		};
		9D8767A1925746A684135DE8 /* Release */ = {
			isa = XCBuildConfiguration;
			buildSettings = {
				COMBINE_HIDPI_IMAGES = YES;
				GCC_GENERATE_DEBUGGING_SYMBOLS = YES;
				GCC_INLINES_ARE_PRIVATE_EXTERN = NO;
				GCC_OPTIMIZATION_LEVEL = 0;
				GCC_PREPROCESSOR_DEFINITIONS = ("'CMAKE_INTDIR=\"$(CONFIGURATION)$(EFFECTIVE_PLATFORM_NAME)\"'");
				GCC_SYMBOLS_PRIVATE_EXTERN = NO;
				INSTALL_PATH = "";
				OTHER_LDFLAGS = " ";
				OTHER_REZFLAGS = "";
				PRODUCT_NAME = uninstall;
				SECTORDER_FLAGS = "";
				SYMROOT = "/Users/giancedrickepilan/dev/native/learn-opengl/xcode/lib/glfw";
				USE_HEADERMAP = NO;
				WARNING_CFLAGS = ("$(inherited)");
			};
			name = Release;
		};
		9E4DBDC219E642198E19EEB5 /* Release */ = {
			isa = XCBuildConfiguration;
			buildSettings = {
				COMBINE_HIDPI_IMAGES = YES;
				EXECUTABLE_PREFIX = lib;
				EXECUTABLE_SUFFIX = .a;
				GCC_GENERATE_DEBUGGING_SYMBOLS = NO;
				GCC_INLINES_ARE_PRIVATE_EXTERN = NO;
				GCC_OPTIMIZATION_LEVEL = 3;
				GCC_PREPROCESSOR_DEFINITIONS = ("'CMAKE_INTDIR=\"$(CONFIGURATION)$(EFFECTIVE_PLATFORM_NAME)\"'",_GLFW_USE_CONFIG_H);
				GCC_SYMBOLS_PRIVATE_EXTERN = NO;
				HEADER_SEARCH_PATHS = ("/Users/giancedrickepilan/dev/native/learn-opengl/lib/glfw/include","/Users/giancedrickepilan/dev/native/learn-opengl/lib/glfw/src","/Users/giancedrickepilan/dev/native/learn-opengl/xcode/lib/glfw/src");
				INSTALL_PATH = "";
				LIBRARY_STYLE = STATIC;
				OTHER_CFLAGS = "    -DNDEBUG -fPIC -Wall '-std=c99'  ";
				OTHER_LIBTOOLFLAGS = " ";
				OTHER_REZFLAGS = "";
				PRODUCT_NAME = glfw3;
				SECTORDER_FLAGS = "";
				SYMROOT = "/Users/giancedrickepilan/dev/native/learn-opengl/xcode/lib/glfw/src";
				USE_HEADERMAP = NO;
				WARNING_CFLAGS = ("$(inherited)");
			};
			name = Release;
		};
		B03DA449BCD84A16B6B67E91 /* RelWithDebInfo */ = {
			isa = XCBuildConfiguration;
			buildSettings = {
				COMBINE_HIDPI_IMAGES = YES;
				GCC_GENERATE_DEBUGGING_SYMBOLS = YES;
				GCC_INLINES_ARE_PRIVATE_EXTERN = NO;
				GCC_OPTIMIZATION_LEVEL = 0;
				GCC_PREPROCESSOR_DEFINITIONS = ("'CMAKE_INTDIR=\"$(CONFIGURATION)$(EFFECTIVE_PLATFORM_NAME)\"'");
				GCC_SYMBOLS_PRIVATE_EXTERN = NO;
				INSTALL_PATH = "";
				OTHER_LDFLAGS = " ";
				OTHER_REZFLAGS = "";
				PRODUCT_NAME = install;
				SECTORDER_FLAGS = "";
				SYMROOT = "/Users/giancedrickepilan/dev/native/learn-opengl/xcode/lib/glfw";
				USE_HEADERMAP = NO;
				WARNING_CFLAGS = ("$(inherited)");
			};
			name = RelWithDebInfo;
		};
		B3FEC8DB3E484A0DA0659491 /* MinSizeRel */ = {
			isa = XCBuildConfiguration;
			buildSettings = {
				COMBINE_HIDPI_IMAGES = YES;
				EXECUTABLE_PREFIX = lib;
				EXECUTABLE_SUFFIX = .a;
				GCC_GENERATE_DEBUGGING_SYMBOLS = NO;
				GCC_INLINES_ARE_PRIVATE_EXTERN = NO;
				GCC_OPTIMIZATION_LEVEL = s;
				GCC_PREPROCESSOR_DEFINITIONS = ("'CMAKE_INTDIR=\"$(CONFIGURATION)$(EFFECTIVE_PLATFORM_NAME)\"'",_GLFW_USE_CONFIG_H);
				GCC_SYMBOLS_PRIVATE_EXTERN = NO;
				HEADER_SEARCH_PATHS = ("/Users/giancedrickepilan/dev/native/learn-opengl/lib/glfw/include","/Users/giancedrickepilan/dev/native/learn-opengl/lib/glfw/src","/Users/giancedrickepilan/dev/native/learn-opengl/xcode/lib/glfw/src");
				INSTALL_PATH = "";
				LIBRARY_STYLE = STATIC;
				OTHER_CFLAGS = "    -DNDEBUG -fPIC -Wall '-std=c99'  ";
				OTHER_LIBTOOLFLAGS = " ";
				OTHER_REZFLAGS = "";
				PRODUCT_NAME = glfw3;
				SECTORDER_FLAGS = "";
				SYMROOT = "/Users/giancedrickepilan/dev/native/learn-opengl/xcode/lib/glfw/src";
				USE_HEADERMAP = NO;
				WARNING_CFLAGS = ("$(inherited)");
			};
			name = MinSizeRel;
		};
		B4274FB1BF65462B85964E13 /* Debug */ = {
			isa = XCBuildConfiguration;
			buildSettings = {
				MACOSX_DEPLOYMENT_TARGET = 10.14;
				ONLY_ACTIVE_ARCH = YES;
				SDKROOT = /Applications/Xcode.app/Contents/Developer/Platforms/MacOSX.platform/Developer/SDKs/MacOSX10.15.sdk;
				SYMROOT = "/Users/giancedrickepilan/dev/native/learn-opengl/xcode/lib/glfw/build";
			};
			name = Debug;
		};
		BBA35C50AEA6476AAE87C619 /* RelWithDebInfo */ = {
			isa = XCBuildConfiguration;
			buildSettings = {
				COMBINE_HIDPI_IMAGES = YES;
				GCC_GENERATE_DEBUGGING_SYMBOLS = YES;
				GCC_INLINES_ARE_PRIVATE_EXTERN = NO;
				GCC_OPTIMIZATION_LEVEL = 0;
				GCC_PREPROCESSOR_DEFINITIONS = ("'CMAKE_INTDIR=\"$(CONFIGURATION)$(EFFECTIVE_PLATFORM_NAME)\"'");
				GCC_SYMBOLS_PRIVATE_EXTERN = NO;
				INSTALL_PATH = "";
				OTHER_LDFLAGS = " ";
				OTHER_REZFLAGS = "";
				PRODUCT_NAME = uninstall;
				SECTORDER_FLAGS = "";
				SYMROOT = "/Users/giancedrickepilan/dev/native/learn-opengl/xcode/lib/glfw";
				USE_HEADERMAP = NO;
				WARNING_CFLAGS = ("$(inherited)");
			};
			name = RelWithDebInfo;
		};
		BBAE69B0C4C34E1E9498ADE6 /* RelWithDebInfo */ = {
			isa = XCBuildConfiguration;
			buildSettings = {
				COMBINE_HIDPI_IMAGES = YES;
				GCC_GENERATE_DEBUGGING_SYMBOLS = YES;
				GCC_INLINES_ARE_PRIVATE_EXTERN = NO;
				GCC_OPTIMIZATION_LEVEL = 0;
				GCC_PREPROCESSOR_DEFINITIONS = ("'CMAKE_INTDIR=\"$(CONFIGURATION)$(EFFECTIVE_PLATFORM_NAME)\"'");
				GCC_SYMBOLS_PRIVATE_EXTERN = NO;
				INSTALL_PATH = "";
				OTHER_LDFLAGS = " ";
				OTHER_REZFLAGS = "";
				PRODUCT_NAME = ZERO_CHECK;
				SECTORDER_FLAGS = "";
				SYMROOT = "/Users/giancedrickepilan/dev/native/learn-opengl/xcode/lib/glfw";
				USE_HEADERMAP = NO;
				WARNING_CFLAGS = ("$(inherited)");
			};
			name = RelWithDebInfo;
		};
		C8EC74EF31B14F1C82312F7F /* MinSizeRel */ = {
			isa = XCBuildConfiguration;
			buildSettings = {
				COMBINE_HIDPI_IMAGES = YES;
				GCC_GENERATE_DEBUGGING_SYMBOLS = YES;
				GCC_INLINES_ARE_PRIVATE_EXTERN = NO;
				GCC_OPTIMIZATION_LEVEL = 0;
				GCC_PREPROCESSOR_DEFINITIONS = ("'CMAKE_INTDIR=\"$(CONFIGURATION)$(EFFECTIVE_PLATFORM_NAME)\"'");
				GCC_SYMBOLS_PRIVATE_EXTERN = NO;
				INSTALL_PATH = "";
				OTHER_LDFLAGS = " ";
				OTHER_REZFLAGS = "";
				PRODUCT_NAME = install;
				SECTORDER_FLAGS = "";
				SYMROOT = "/Users/giancedrickepilan/dev/native/learn-opengl/xcode/lib/glfw";
				USE_HEADERMAP = NO;
				WARNING_CFLAGS = ("$(inherited)");
			};
			name = MinSizeRel;
		};
		D41515FE6A7942E5B0E3585F /* MinSizeRel */ = {
			isa = XCBuildConfiguration;
			buildSettings = {
				COMBINE_HIDPI_IMAGES = YES;
				GCC_GENERATE_DEBUGGING_SYMBOLS = YES;
				GCC_INLINES_ARE_PRIVATE_EXTERN = NO;
				GCC_OPTIMIZATION_LEVEL = 0;
				GCC_PREPROCESSOR_DEFINITIONS = ("'CMAKE_INTDIR=\"$(CONFIGURATION)$(EFFECTIVE_PLATFORM_NAME)\"'");
				GCC_SYMBOLS_PRIVATE_EXTERN = NO;
				INSTALL_PATH = "";
				OTHER_LDFLAGS = " ";
				OTHER_REZFLAGS = "";
				PRODUCT_NAME = ALL_BUILD;
				SECTORDER_FLAGS = "";
				SYMROOT = "/Users/giancedrickepilan/dev/native/learn-opengl/xcode/lib/glfw";
				USE_HEADERMAP = NO;
				WARNING_CFLAGS = ("$(inherited)");
			};
			name = MinSizeRel;
		};
		ED30BC96C4DB40DEB15C7BDF /* Release */ = {
			isa = XCBuildConfiguration;
			buildSettings = {
				MACOSX_DEPLOYMENT_TARGET = 10.14;
				ONLY_ACTIVE_ARCH = YES;
				SDKROOT = /Applications/Xcode.app/Contents/Developer/Platforms/MacOSX.platform/Developer/SDKs/MacOSX10.15.sdk;
				SYMROOT = "/Users/giancedrickepilan/dev/native/learn-opengl/xcode/lib/glfw/build";
			};
			name = Release;
		};
/* End XCBuildConfiguration section */

/* Begin XCConfigurationList section */
		188DA508593741608DA68509 /* Build configuration list for PBXAggregateTarget "uninstall" */ = {
			isa = XCConfigurationList;
			buildConfigurations = (
				6BB3793AAECF48AA93B77D84 /* Debug */,
				9D8767A1925746A684135DE8 /* Release */,
				641DCADEE7F34A3EB040F675 /* MinSizeRel */,
				BBA35C50AEA6476AAE87C619 /* RelWithDebInfo */,
			);
			defaultConfigurationIsVisible = 0;
			defaultConfigurationName = Debug;
		};
		1E666356042B429894F6F100 /* Build configuration list for PBXNativeTarget "glfw" */ = {
			isa = XCConfigurationList;
			buildConfigurations = (
				31411F91468E42F99583B65F /* Debug */,
				9E4DBDC219E642198E19EEB5 /* Release */,
				B3FEC8DB3E484A0DA0659491 /* MinSizeRel */,
				7BDF2B31C85244A2A727C581 /* RelWithDebInfo */,
			);
			defaultConfigurationIsVisible = 0;
			defaultConfigurationName = Debug;
		};
		407F20363FD34C75B797296C /* Build configuration list for PBXProject "GLFW" */ = {
			isa = XCConfigurationList;
			buildConfigurations = (
				B4274FB1BF65462B85964E13 /* Debug */,
				ED30BC96C4DB40DEB15C7BDF /* Release */,
				3386C561A444425ABB65A39B /* MinSizeRel */,
				32B54E90F1174C1CB722A59A /* RelWithDebInfo */,
			);
			defaultConfigurationIsVisible = 0;
			defaultConfigurationName = Debug;
		};
		B741BD232486405A884B3791 /* Build configuration list for PBXAggregateTarget "ALL_BUILD" */ = {
			isa = XCConfigurationList;
			buildConfigurations = (
				140CB7513C5F4644AE6B7944 /* Debug */,
				86E96796D0C345E1BDCC6508 /* Release */,
				D41515FE6A7942E5B0E3585F /* MinSizeRel */,
				77EAB7909BF941948D4EC151 /* RelWithDebInfo */,
			);
			defaultConfigurationIsVisible = 0;
			defaultConfigurationName = Debug;
		};
		BBC32C423E4049CCAD2E6029 /* Build configuration list for PBXAggregateTarget "ZERO_CHECK" */ = {
			isa = XCConfigurationList;
			buildConfigurations = (
				5EC1BC58A4114426BC2C385C /* Debug */,
				87BE815C559048FA9C18492B /* Release */,
				3D024D20BD6145C791B9C03C /* MinSizeRel */,
				BBAE69B0C4C34E1E9498ADE6 /* RelWithDebInfo */,
			);
			defaultConfigurationIsVisible = 0;
			defaultConfigurationName = Debug;
		};
		F84255A34680481981C14A8A /* Build configuration list for PBXAggregateTarget "install" */ = {
			isa = XCConfigurationList;
			buildConfigurations = (
				44D56BFDB9774F68A7DD2C45 /* Debug */,
				96A12C70C11448C78D1D394D /* Release */,
				C8EC74EF31B14F1C82312F7F /* MinSizeRel */,
				B03DA449BCD84A16B6B67E91 /* RelWithDebInfo */,
			);
			defaultConfigurationIsVisible = 0;
			defaultConfigurationName = Debug;
		};
/* End XCConfigurationList section */
	};
	rootObject = E767236CF5744135BA84FC57 /* Project object */;
}
