// !$*UTF8*$!
{
	archiveVersion = 1;
	classes = {
	};
	objectVersion = 46;
	objects = {

/* Begin PBXAggregateTarget section */
		126BA06C3A084A45AB14BFCF /* install */ = {
			isa = PBXAggregateTarget;
			buildConfigurationList = 107A7E8C3A7F47068B9606CA /* Build configuration list for PBXAggregateTarget "install" */;
			buildPhases = (
				24A781CB5457421884C5D022 /* CMake PostBuild Rules */,
			);
			dependencies = (
				803166C3298A468A8A869F5D /* PBXTargetDependency */,
			);
			name = install;
			productName = install;
		};
		1C0D4692A6C34F2EA4F11066 /* ZERO_CHECK */ = {
			isa = PBXAggregateTarget;
			buildConfigurationList = 70D047BE1FD343A48FA72B7F /* Build configuration list for PBXAggregateTarget "ZERO_CHECK" */;
			buildPhases = (
				D054DC0B0B0F4F30BFBFE6D9 /* CMake Rules */,
			);
			dependencies = (
			);
			name = ZERO_CHECK;
			productName = ZERO_CHECK;
		};
		89E1D528E20B49A6A4CBA348 /* uninstall */ = {
			isa = PBXAggregateTarget;
			buildConfigurationList = 083718FE263940DC92DF66E7 /* Build configuration list for PBXAggregateTarget "uninstall" */;
			buildPhases = (
				291C89FC46004A268E7E730F /* CMake Rules */,
			);
			dependencies = (
				4F0C3A9B634B49CD83906C2A /* PBXTargetDependency */,
			);
			name = uninstall;
			productName = uninstall;
		};
		8D728B30B6DC43BEA852993E /* ALL_BUILD */ = {
			isa = PBXAggregateTarget;
			buildConfigurationList = 7980DD4F8A024A3A9D9FBC3F /* Build configuration list for PBXAggregateTarget "ALL_BUILD" */;
			buildPhases = (
				A91D9862FF3C453DBB44CBD5 /* CMake Rules */,
			);
			dependencies = (
				2ACF2302ABC74F6DB5E44BAB /* PBXTargetDependency */,
				C5AB16AFBFD544BE94DBA589 /* PBXTargetDependency */,
			);
			name = ALL_BUILD;
			productName = ALL_BUILD;
		};
/* End PBXAggregateTarget section */

/* Begin PBXBuildFile section */
		11CAD0A8511B44A3BC1B10CD /* /Users/giancedrickepilan/dev/native/learn-opengl/lib/glfw/src/cocoa_window.m */ = {isa = PBXBuildFile; fileRef = 009E6B623E314D15AC4B90FA /* /Users/giancedrickepilan/dev/native/learn-opengl/lib/glfw/src/cocoa_window.m */; };
		143AA32B480D485DB5C13204 /* /Users/giancedrickepilan/dev/native/learn-opengl/lib/glfw/include/GLFW/glfw3native.h */ = {isa = PBXBuildFile; fileRef = 06F573A713644276AC6412C0 /* /Users/giancedrickepilan/dev/native/learn-opengl/lib/glfw/include/GLFW/glfw3native.h */; };
		1C56E833D5404341BDDD1D02 /* /Users/giancedrickepilan/dev/native/learn-opengl/lib/glfw/src/osmesa_context.c */ = {isa = PBXBuildFile; fileRef = A86AB12FD7694942A54D101B /* /Users/giancedrickepilan/dev/native/learn-opengl/lib/glfw/src/osmesa_context.c */; settings = {COMPILER_FLAGS = "-Wdeclaration-after-statement"; }; };
		230179EC78E8418E8590B13C /* /Users/giancedrickepilan/dev/native/learn-opengl/lib/glfw/src/cocoa_time.c */ = {isa = PBXBuildFile; fileRef = FFE03A8844B24C83AF846219 /* /Users/giancedrickepilan/dev/native/learn-opengl/lib/glfw/src/cocoa_time.c */; };
		29115225651E4A4B8626383E /* /Users/giancedrickepilan/dev/native/learn-opengl/lib/glfw/src/cocoa_platform.h */ = {isa = PBXBuildFile; fileRef = 04E54FA206C2471A93F63C91 /* /Users/giancedrickepilan/dev/native/learn-opengl/lib/glfw/src/cocoa_platform.h */; };
		366348AB40C24B979970E986 /* /Users/giancedrickepilan/dev/native/learn-opengl/lib/glfw/src/osmesa_context.h */ = {isa = PBXBuildFile; fileRef = D07FA7BD14D64D5AB54DAEE8 /* /Users/giancedrickepilan/dev/native/learn-opengl/lib/glfw/src/osmesa_context.h */; };
		4446C52B587D41068ECD3995 /* /Users/giancedrickepilan/dev/native/learn-opengl/lib/glfw/src/mappings.h */ = {isa = PBXBuildFile; fileRef = C03EFC46A8EC4057A35D53D2 /* /Users/giancedrickepilan/dev/native/learn-opengl/lib/glfw/src/mappings.h */; };
		45E4B51022DB4E1F8CE40439 /* /Users/giancedrickepilan/dev/native/learn-opengl/xcode/lib/glfw/src/glfw_config.h */ = {isa = PBXBuildFile; fileRef = 4C8FA4174886462E96DEF1D4 /* /Users/giancedrickepilan/dev/native/learn-opengl/xcode/lib/glfw/src/glfw_config.h */; };
		4C0EDF3725664CDD8BA59107 /* /Users/giancedrickepilan/dev/native/learn-opengl/lib/glfw/src/egl_context.h */ = {isa = PBXBuildFile; fileRef = CF335D77B15A44D584E23B36 /* /Users/giancedrickepilan/dev/native/learn-opengl/lib/glfw/src/egl_context.h */; };
		63BB2D9296F646DFA68CF9C6 /* /Users/giancedrickepilan/dev/native/learn-opengl/lib/glfw/src/nsgl_context.m */ = {isa = PBXBuildFile; fileRef = 67DDBE5F36574F98B89C853B /* /Users/giancedrickepilan/dev/native/learn-opengl/lib/glfw/src/nsgl_context.m */; };
		6C8346B210214B088D531A0A /* /Users/giancedrickepilan/dev/native/learn-opengl/lib/glfw/src/context.c */ = {isa = PBXBuildFile; fileRef = 5E7F4F11E8B64AC6A004A642 /* /Users/giancedrickepilan/dev/native/learn-opengl/lib/glfw/src/context.c */; settings = {COMPILER_FLAGS = "-Wdeclaration-after-statement"; }; };
		71C0530876EC4370B620C4E2 /* /Users/giancedrickepilan/dev/native/learn-opengl/lib/glfw/src/input.c */ = {isa = PBXBuildFile; fileRef = DFA36FC83F6444F78239B327 /* /Users/giancedrickepilan/dev/native/learn-opengl/lib/glfw/src/input.c */; settings = {COMPILER_FLAGS = "-Wdeclaration-after-statement"; }; };
		71D194313B1844318F279597 /* /Users/giancedrickepilan/dev/native/learn-opengl/lib/glfw/src/CMakeLists.txt */ = {isa = PBXBuildFile; fileRef = DAC3836779EC4F6298584295 /* /Users/giancedrickepilan/dev/native/learn-opengl/lib/glfw/src/CMakeLists.txt */; };
		79D25F95ADAC48259F2D5ADB /* /Users/giancedrickepilan/dev/native/learn-opengl/lib/glfw/src/egl_context.c */ = {isa = PBXBuildFile; fileRef = 038E1DC6F77F4A0C98F6F55E /* /Users/giancedrickepilan/dev/native/learn-opengl/lib/glfw/src/egl_context.c */; settings = {COMPILER_FLAGS = "-Wdeclaration-after-statement"; }; };
		8FECDA4370B74076A33DB0D5 /* /Users/giancedrickepilan/dev/native/learn-opengl/lib/glfw/src/init.c */ = {isa = PBXBuildFile; fileRef = BF14DC05F0114EC2A926AB09 /* /Users/giancedrickepilan/dev/native/learn-opengl/lib/glfw/src/init.c */; settings = {COMPILER_FLAGS = "-Wdeclaration-after-statement"; }; };
		9019B4AD5601419FA1299923 /* /Users/giancedrickepilan/dev/native/learn-opengl/lib/glfw/src/window.c */ = {isa = PBXBuildFile; fileRef = C3835036AB6F4A7590BA5B32 /* /Users/giancedrickepilan/dev/native/learn-opengl/lib/glfw/src/window.c */; settings = {COMPILER_FLAGS = "-Wdeclaration-after-statement"; }; };
		98E941366AA9449F9B4E1C60 /* /Users/giancedrickepilan/dev/native/learn-opengl/lib/glfw/src/monitor.c */ = {isa = PBXBuildFile; fileRef = 4546D9E2EBA84F2794A483DE /* /Users/giancedrickepilan/dev/native/learn-opengl/lib/glfw/src/monitor.c */; settings = {COMPILER_FLAGS = "-Wdeclaration-after-statement"; }; };
		9FECB55A4C844D8B83A9C58F /* /Users/giancedrickepilan/dev/native/learn-opengl/lib/glfw/src/vulkan.c */ = {isa = PBXBuildFile; fileRef = DB0D7230B02847BBA26B2618 /* /Users/giancedrickepilan/dev/native/learn-opengl/lib/glfw/src/vulkan.c */; settings = {COMPILER_FLAGS = "-Wdeclaration-after-statement"; }; };
		B0C84A2643454ACDB5569185 /* /Users/giancedrickepilan/dev/native/learn-opengl/lib/glfw/src/cocoa_joystick.h */ = {isa = PBXBuildFile; fileRef = 6F56F32F6F5C4104BA1F8F6A /* /Users/giancedrickepilan/dev/native/learn-opengl/lib/glfw/src/cocoa_joystick.h */; };
		B1049C3120FD4F03AC8E6C31 /* /Users/giancedrickepilan/dev/native/learn-opengl/lib/glfw/include/GLFW/glfw3.h */ = {isa = PBXBuildFile; fileRef = EBF217D5D6CF4CE58D3B1DE7 /* /Users/giancedrickepilan/dev/native/learn-opengl/lib/glfw/include/GLFW/glfw3.h */; };
		B2BF3129C1EC400796CEFDF0 /* /Users/giancedrickepilan/dev/native/learn-opengl/lib/glfw/src/cocoa_monitor.m */ = {isa = PBXBuildFile; fileRef = ADDB62E6CD20440581BD3520 /* /Users/giancedrickepilan/dev/native/learn-opengl/lib/glfw/src/cocoa_monitor.m */; };
		B4AC6B6837BE4715B9EEFD30 /* /Users/giancedrickepilan/dev/native/learn-opengl/lib/glfw/src/internal.h */ = {isa = PBXBuildFile; fileRef = C484D70463AE45B48E4909BF /* /Users/giancedrickepilan/dev/native/learn-opengl/lib/glfw/src/internal.h */; };
		C2B2F854AE344692BAE8BEE3 /* /Users/giancedrickepilan/dev/native/learn-opengl/lib/glfw/src/posix_thread.h */ = {isa = PBXBuildFile; fileRef = D5D2717FC23F4ECA954EED2F /* /Users/giancedrickepilan/dev/native/learn-opengl/lib/glfw/src/posix_thread.h */; };
		D5359E88C0214D58AFA47747 /* /Users/giancedrickepilan/dev/native/learn-opengl/lib/glfw/src/cocoa_init.m */ = {isa = PBXBuildFile; fileRef = 3E9F93640FE34193864B6FB9 /* /Users/giancedrickepilan/dev/native/learn-opengl/lib/glfw/src/cocoa_init.m */; };
		DAA749FAF1604BC6AB328629 /* /Users/giancedrickepilan/dev/native/learn-opengl/lib/glfw/src/posix_thread.c */ = {isa = PBXBuildFile; fileRef = 361B764689E54E0EA5F33619 /* /Users/giancedrickepilan/dev/native/learn-opengl/lib/glfw/src/posix_thread.c */; };
		E24F529F4A8E4A3FA516F135 /* /Users/giancedrickepilan/dev/native/learn-opengl/lib/glfw/src/nsgl_context.h */ = {isa = PBXBuildFile; fileRef = 7CDCE2E7133447B393B49841 /* /Users/giancedrickepilan/dev/native/learn-opengl/lib/glfw/src/nsgl_context.h */; };
		F5B3E75B6ADE40C5B3720A2F /* /Users/giancedrickepilan/dev/native/learn-opengl/lib/glfw/src/cocoa_joystick.m */ = {isa = PBXBuildFile; fileRef = 6AEB42F6DD1D4813BCEFEBCD /* /Users/giancedrickepilan/dev/native/learn-opengl/lib/glfw/src/cocoa_joystick.m */; };
/* End PBXBuildFile section */

/* Begin PBXBuildStyle section */
		46752767642546BFADD81FB9 /* Debug */ = {
			isa = PBXBuildStyle;
			buildSettings = {
				COPY_PHASE_STRIP = NO;
			};
			name = Debug;
		};
		95990F60FC6F47E398DE892B /* MinSizeRel */ = {
			isa = PBXBuildStyle;
			buildSettings = {
				COPY_PHASE_STRIP = NO;
			};
			name = MinSizeRel;
		};
		BC79D7C44BF2469EA2F41470 /* RelWithDebInfo */ = {
			isa = PBXBuildStyle;
			buildSettings = {
				COPY_PHASE_STRIP = NO;
			};
			name = RelWithDebInfo;
		};
		ECEED24AFD0344C190BD99AB /* Release */ = {
			isa = PBXBuildStyle;
			buildSettings = {
				COPY_PHASE_STRIP = NO;
			};
			name = Release;
		};
/* End PBXBuildStyle section */

/* Begin PBXContainerItemProxy section */
		047F93E636754AA0920247D7 /* PBXContainerItemProxy */ = {
			isa = PBXContainerItemProxy;
			containerPortal = DF4CFB1DDFCB48D6969E98D7 /* Project object */;
			proxyType = 1;
			remoteGlobalIDString = 8D728B30B6DC43BEA852993E;
			remoteInfo = ALL_BUILD;
		};
		A76C143499154EBD88648D89 /* PBXContainerItemProxy */ = {
			isa = PBXContainerItemProxy;
			containerPortal = DF4CFB1DDFCB48D6969E98D7 /* Project object */;
			proxyType = 1;
			remoteGlobalIDString = F40106A5891B444AAE6250F5;
			remoteInfo = glfw;
		};
		B7B9472B2AF34E9082D31879 /* PBXContainerItemProxy */ = {
			isa = PBXContainerItemProxy;
			containerPortal = DF4CFB1DDFCB48D6969E98D7 /* Project object */;
			proxyType = 1;
			remoteGlobalIDString = 1C0D4692A6C34F2EA4F11066;
			remoteInfo = ZERO_CHECK;
		};
		D6BDF988076548888B09EB8D /* PBXContainerItemProxy */ = {
			isa = PBXContainerItemProxy;
			containerPortal = DF4CFB1DDFCB48D6969E98D7 /* Project object */;
			proxyType = 1;
			remoteGlobalIDString = 1C0D4692A6C34F2EA4F11066;
			remoteInfo = ZERO_CHECK;
		};
/* End PBXContainerItemProxy section */

/* Begin PBXFileReference section */
		009E6B623E314D15AC4B90FA /* /Users/giancedrickepilan/dev/native/learn-opengl/lib/glfw/src/cocoa_window.m */ = {isa = PBXFileReference; explicitFileType = sourcecode.c.objc; fileEncoding = 4; name = cocoa_window.m; path = src/cocoa_window.m; sourceTree = SOURCE_ROOT; };
		038E1DC6F77F4A0C98F6F55E /* /Users/giancedrickepilan/dev/native/learn-opengl/lib/glfw/src/egl_context.c */ = {isa = PBXFileReference; explicitFileType = sourcecode.c.c; fileEncoding = 4; name = egl_context.c; path = src/egl_context.c; sourceTree = SOURCE_ROOT; };
		04E54FA206C2471A93F63C91 /* /Users/giancedrickepilan/dev/native/learn-opengl/lib/glfw/src/cocoa_platform.h */ = {isa = PBXFileReference; explicitFileType = sourcecode.c.h; fileEncoding = 4; name = cocoa_platform.h; path = src/cocoa_platform.h; sourceTree = SOURCE_ROOT; };
		06F573A713644276AC6412C0 /* /Users/giancedrickepilan/dev/native/learn-opengl/lib/glfw/include/GLFW/glfw3native.h */ = {isa = PBXFileReference; explicitFileType = sourcecode.c.h; fileEncoding = 4; name = glfw3native.h; path = include/GLFW/glfw3native.h; sourceTree = SOURCE_ROOT; };
		1EFAA062E43A4C698EAED0C4 /* glfw */ = {isa = PBXFileReference; explicitFileType = archive.ar; path = libglfw3.a; sourceTree = BUILT_PRODUCTS_DIR; };
		361B764689E54E0EA5F33619 /* /Users/giancedrickepilan/dev/native/learn-opengl/lib/glfw/src/posix_thread.c */ = {isa = PBXFileReference; explicitFileType = sourcecode.c.c; fileEncoding = 4; name = posix_thread.c; path = src/posix_thread.c; sourceTree = SOURCE_ROOT; };
		3E9F93640FE34193864B6FB9 /* /Users/giancedrickepilan/dev/native/learn-opengl/lib/glfw/src/cocoa_init.m */ = {isa = PBXFileReference; explicitFileType = sourcecode.c.objc; fileEncoding = 4; name = cocoa_init.m; path = src/cocoa_init.m; sourceTree = SOURCE_ROOT; };
		4546D9E2EBA84F2794A483DE /* /Users/giancedrickepilan/dev/native/learn-opengl/lib/glfw/src/monitor.c */ = {isa = PBXFileReference; explicitFileType = sourcecode.c.c; fileEncoding = 4; name = monitor.c; path = src/monitor.c; sourceTree = SOURCE_ROOT; };
		4C8FA4174886462E96DEF1D4 /* /Users/giancedrickepilan/dev/native/learn-opengl/xcode/lib/glfw/src/glfw_config.h */ = {isa = PBXFileReference; explicitFileType = sourcecode.c.h; fileEncoding = 4; name = glfw_config.h; path = ../../xcode/lib/glfw/src/glfw_config.h; sourceTree = SOURCE_ROOT; };
		5E7F4F11E8B64AC6A004A642 /* /Users/giancedrickepilan/dev/native/learn-opengl/lib/glfw/src/context.c */ = {isa = PBXFileReference; explicitFileType = sourcecode.c.c; fileEncoding = 4; name = context.c; path = src/context.c; sourceTree = SOURCE_ROOT; };
		67DDBE5F36574F98B89C853B /* /Users/giancedrickepilan/dev/native/learn-opengl/lib/glfw/src/nsgl_context.m */ = {isa = PBXFileReference; explicitFileType = sourcecode.c.objc; fileEncoding = 4; name = nsgl_context.m; path = src/nsgl_context.m; sourceTree = SOURCE_ROOT; };
		6AEB42F6DD1D4813BCEFEBCD /* /Users/giancedrickepilan/dev/native/learn-opengl/lib/glfw/src/cocoa_joystick.m */ = {isa = PBXFileReference; explicitFileType = sourcecode.c.objc; fileEncoding = 4; name = cocoa_joystick.m; path = src/cocoa_joystick.m; sourceTree = SOURCE_ROOT; };
		6F56F32F6F5C4104BA1F8F6A /* /Users/giancedrickepilan/dev/native/learn-opengl/lib/glfw/src/cocoa_joystick.h */ = {isa = PBXFileReference; explicitFileType = sourcecode.c.h; fileEncoding = 4; name = cocoa_joystick.h; path = src/cocoa_joystick.h; sourceTree = SOURCE_ROOT; };
		70B4F6BDCF8D4C4A9CA56C48 /* /Users/giancedrickepilan/dev/native/learn-opengl/lib/glfw/CMakeLists.txt */ = {isa = PBXFileReference; explicitFileType = sourcecode.text; fileEncoding = 4; name = CMakeLists.txt; path = CMakeLists.txt; sourceTree = SOURCE_ROOT; };
		7CDCE2E7133447B393B49841 /* /Users/giancedrickepilan/dev/native/learn-opengl/lib/glfw/src/nsgl_context.h */ = {isa = PBXFileReference; explicitFileType = sourcecode.c.h; fileEncoding = 4; name = nsgl_context.h; path = src/nsgl_context.h; sourceTree = SOURCE_ROOT; };
		A86AB12FD7694942A54D101B /* /Users/giancedrickepilan/dev/native/learn-opengl/lib/glfw/src/osmesa_context.c */ = {isa = PBXFileReference; explicitFileType = sourcecode.c.c; fileEncoding = 4; name = osmesa_context.c; path = src/osmesa_context.c; sourceTree = SOURCE_ROOT; };
		ADDB62E6CD20440581BD3520 /* /Users/giancedrickepilan/dev/native/learn-opengl/lib/glfw/src/cocoa_monitor.m */ = {isa = PBXFileReference; explicitFileType = sourcecode.c.objc; fileEncoding = 4; name = cocoa_monitor.m; path = src/cocoa_monitor.m; sourceTree = SOURCE_ROOT; };
		B13849587D5A4E09852E9BE4 /* /Users/giancedrickepilan/dev/native/learn-opengl/lib/glfw/CMakeLists.txt */ = {isa = PBXFileReference; explicitFileType = sourcecode.text; fileEncoding = 4; name = CMakeLists.txt; path = CMakeLists.txt; sourceTree = SOURCE_ROOT; };
		BF14DC05F0114EC2A926AB09 /* /Users/giancedrickepilan/dev/native/learn-opengl/lib/glfw/src/init.c */ = {isa = PBXFileReference; explicitFileType = sourcecode.c.c; fileEncoding = 4; name = init.c; path = src/init.c; sourceTree = SOURCE_ROOT; };
		C03EFC46A8EC4057A35D53D2 /* /Users/giancedrickepilan/dev/native/learn-opengl/lib/glfw/src/mappings.h */ = {isa = PBXFileReference; explicitFileType = sourcecode.c.h; fileEncoding = 4; name = mappings.h; path = src/mappings.h; sourceTree = SOURCE_ROOT; };
		C3835036AB6F4A7590BA5B32 /* /Users/giancedrickepilan/dev/native/learn-opengl/lib/glfw/src/window.c */ = {isa = PBXFileReference; explicitFileType = sourcecode.c.c; fileEncoding = 4; name = window.c; path = src/window.c; sourceTree = SOURCE_ROOT; };
		C484D70463AE45B48E4909BF /* /Users/giancedrickepilan/dev/native/learn-opengl/lib/glfw/src/internal.h */ = {isa = PBXFileReference; explicitFileType = sourcecode.c.h; fileEncoding = 4; name = internal.h; path = src/internal.h; sourceTree = SOURCE_ROOT; };
		CF335D77B15A44D584E23B36 /* /Users/giancedrickepilan/dev/native/learn-opengl/lib/glfw/src/egl_context.h */ = {isa = PBXFileReference; explicitFileType = sourcecode.c.h; fileEncoding = 4; name = egl_context.h; path = src/egl_context.h; sourceTree = SOURCE_ROOT; };
		D07FA7BD14D64D5AB54DAEE8 /* /Users/giancedrickepilan/dev/native/learn-opengl/lib/glfw/src/osmesa_context.h */ = {isa = PBXFileReference; explicitFileType = sourcecode.c.h; fileEncoding = 4; name = osmesa_context.h; path = src/osmesa_context.h; sourceTree = SOURCE_ROOT; };
		D5D2717FC23F4ECA954EED2F /* /Users/giancedrickepilan/dev/native/learn-opengl/lib/glfw/src/posix_thread.h */ = {isa = PBXFileReference; explicitFileType = sourcecode.c.h; fileEncoding = 4; name = posix_thread.h; path = src/posix_thread.h; sourceTree = SOURCE_ROOT; };
		DAC3836779EC4F6298584295 /* /Users/giancedrickepilan/dev/native/learn-opengl/lib/glfw/src/CMakeLists.txt */ = {isa = PBXFileReference; explicitFileType = sourcecode.text; fileEncoding = 4; name = CMakeLists.txt; path = src/CMakeLists.txt; sourceTree = SOURCE_ROOT; };
		DB0D7230B02847BBA26B2618 /* /Users/giancedrickepilan/dev/native/learn-opengl/lib/glfw/src/vulkan.c */ = {isa = PBXFileReference; explicitFileType = sourcecode.c.c; fileEncoding = 4; name = vulkan.c; path = src/vulkan.c; sourceTree = SOURCE_ROOT; };
		DFA36FC83F6444F78239B327 /* /Users/giancedrickepilan/dev/native/learn-opengl/lib/glfw/src/input.c */ = {isa = PBXFileReference; explicitFileType = sourcecode.c.c; fileEncoding = 4; name = input.c; path = src/input.c; sourceTree = SOURCE_ROOT; };
		EBF217D5D6CF4CE58D3B1DE7 /* /Users/giancedrickepilan/dev/native/learn-opengl/lib/glfw/include/GLFW/glfw3.h */ = {isa = PBXFileReference; explicitFileType = sourcecode.c.h; fileEncoding = 4; name = glfw3.h; path = include/GLFW/glfw3.h; sourceTree = SOURCE_ROOT; };
		FFE03A8844B24C83AF846219 /* /Users/giancedrickepilan/dev/native/learn-opengl/lib/glfw/src/cocoa_time.c */ = {isa = PBXFileReference; explicitFileType = sourcecode.c.c; fileEncoding = 4; name = cocoa_time.c; path = src/cocoa_time.c; sourceTree = SOURCE_ROOT; };
/* End PBXFileReference section */

/* Begin PBXGroup section */
		149881BA453B438DA9AE86F3 /* uninstall */ = {
			isa = PBXGroup;
			children = (
				6EAB5A32C9074A62A86A40EA /* CMake Rules */,
				B13849587D5A4E09852E9BE4 /* /Users/giancedrickepilan/dev/native/learn-opengl/lib/glfw/CMakeLists.txt */,
			);
			name = uninstall;
			sourceTree = "<group>";
		};
		15AAA91AF9B34F98950B8B24 /* GLFW3 */ = {
			isa = PBXGroup;
			children = (
				149881BA453B438DA9AE86F3 /* uninstall */,
				C8B96740C3B342A18876BB83 /* glfw */,
			);
			name = GLFW3;
			sourceTree = "<group>";
		};
		1C3F872677304AAE91F000A1 /* Source Files */ = {
			isa = PBXGroup;
			children = (
				3E9F93640FE34193864B6FB9 /* /Users/giancedrickepilan/dev/native/learn-opengl/lib/glfw/src/cocoa_init.m */,
				6AEB42F6DD1D4813BCEFEBCD /* /Users/giancedrickepilan/dev/native/learn-opengl/lib/glfw/src/cocoa_joystick.m */,
				ADDB62E6CD20440581BD3520 /* /Users/giancedrickepilan/dev/native/learn-opengl/lib/glfw/src/cocoa_monitor.m */,
				FFE03A8844B24C83AF846219 /* /Users/giancedrickepilan/dev/native/learn-opengl/lib/glfw/src/cocoa_time.c */,
				009E6B623E314D15AC4B90FA /* /Users/giancedrickepilan/dev/native/learn-opengl/lib/glfw/src/cocoa_window.m */,
				5E7F4F11E8B64AC6A004A642 /* /Users/giancedrickepilan/dev/native/learn-opengl/lib/glfw/src/context.c */,
				038E1DC6F77F4A0C98F6F55E /* /Users/giancedrickepilan/dev/native/learn-opengl/lib/glfw/src/egl_context.c */,
				BF14DC05F0114EC2A926AB09 /* /Users/giancedrickepilan/dev/native/learn-opengl/lib/glfw/src/init.c */,
				DFA36FC83F6444F78239B327 /* /Users/giancedrickepilan/dev/native/learn-opengl/lib/glfw/src/input.c */,
				4546D9E2EBA84F2794A483DE /* /Users/giancedrickepilan/dev/native/learn-opengl/lib/glfw/src/monitor.c */,
				67DDBE5F36574F98B89C853B /* /Users/giancedrickepilan/dev/native/learn-opengl/lib/glfw/src/nsgl_context.m */,
				A86AB12FD7694942A54D101B /* /Users/giancedrickepilan/dev/native/learn-opengl/lib/glfw/src/osmesa_context.c */,
				361B764689E54E0EA5F33619 /* /Users/giancedrickepilan/dev/native/learn-opengl/lib/glfw/src/posix_thread.c */,
				DB0D7230B02847BBA26B2618 /* /Users/giancedrickepilan/dev/native/learn-opengl/lib/glfw/src/vulkan.c */,
				C3835036AB6F4A7590BA5B32 /* /Users/giancedrickepilan/dev/native/learn-opengl/lib/glfw/src/window.c */,
			);
			name = "Source Files";
			sourceTree = "<group>";
		};
		354EE2147C3D4A8581DC07DE = {
			isa = PBXGroup;
			children = (
				15AAA91AF9B34F98950B8B24 /* GLFW3 */,
				E1E7508921E24AAB86260ACE /* ALL_BUILD */,
				D282D2F3846A4D97A3EB37D3 /* Products */,
			);
			sourceTree = "<group>";
		};
		649EDC37DCDF4838BEA40600 /* CMake Rules */ = {
			isa = PBXGroup;
			children = (
			);
			name = "CMake Rules";
			sourceTree = "<group>";
		};
		6EAB5A32C9074A62A86A40EA /* CMake Rules */ = {
			isa = PBXGroup;
			children = (
			);
			name = "CMake Rules";
			sourceTree = "<group>";
		};
		B0E5EE90B14D4622ACD6D744 /* Header Files */ = {
			isa = PBXGroup;
			children = (
				EBF217D5D6CF4CE58D3B1DE7 /* /Users/giancedrickepilan/dev/native/learn-opengl/lib/glfw/include/GLFW/glfw3.h */,
				06F573A713644276AC6412C0 /* /Users/giancedrickepilan/dev/native/learn-opengl/lib/glfw/include/GLFW/glfw3native.h */,
				6F56F32F6F5C4104BA1F8F6A /* /Users/giancedrickepilan/dev/native/learn-opengl/lib/glfw/src/cocoa_joystick.h */,
				04E54FA206C2471A93F63C91 /* /Users/giancedrickepilan/dev/native/learn-opengl/lib/glfw/src/cocoa_platform.h */,
				CF335D77B15A44D584E23B36 /* /Users/giancedrickepilan/dev/native/learn-opengl/lib/glfw/src/egl_context.h */,
				C484D70463AE45B48E4909BF /* /Users/giancedrickepilan/dev/native/learn-opengl/lib/glfw/src/internal.h */,
				C03EFC46A8EC4057A35D53D2 /* /Users/giancedrickepilan/dev/native/learn-opengl/lib/glfw/src/mappings.h */,
				7CDCE2E7133447B393B49841 /* /Users/giancedrickepilan/dev/native/learn-opengl/lib/glfw/src/nsgl_context.h */,
				D07FA7BD14D64D5AB54DAEE8 /* /Users/giancedrickepilan/dev/native/learn-opengl/lib/glfw/src/osmesa_context.h */,
				D5D2717FC23F4ECA954EED2F /* /Users/giancedrickepilan/dev/native/learn-opengl/lib/glfw/src/posix_thread.h */,
				4C8FA4174886462E96DEF1D4 /* /Users/giancedrickepilan/dev/native/learn-opengl/xcode/lib/glfw/src/glfw_config.h */,
			);
			name = "Header Files";
			sourceTree = "<group>";
		};
		C8B96740C3B342A18876BB83 /* glfw */ = {
			isa = PBXGroup;
			children = (
				B0E5EE90B14D4622ACD6D744 /* Header Files */,
				1C3F872677304AAE91F000A1 /* Source Files */,
				DAC3836779EC4F6298584295 /* /Users/giancedrickepilan/dev/native/learn-opengl/lib/glfw/src/CMakeLists.txt */,
			);
			name = glfw;
			sourceTree = "<group>";
		};
		D282D2F3846A4D97A3EB37D3 /* Products */ = {
			isa = PBXGroup;
			children = (
				1EFAA062E43A4C698EAED0C4 /* glfw */,
			);
			name = Products;
			sourceTree = "<group>";
		};
		E1E7508921E24AAB86260ACE /* ALL_BUILD */ = {
			isa = PBXGroup;
			children = (
				649EDC37DCDF4838BEA40600 /* CMake Rules */,
				70B4F6BDCF8D4C4A9CA56C48 /* /Users/giancedrickepilan/dev/native/learn-opengl/lib/glfw/CMakeLists.txt */,
			);
			name = ALL_BUILD;
			sourceTree = "<group>";
		};
/* End PBXGroup section */

/* Begin PBXNativeTarget section */
		F40106A5891B444AAE6250F5 /* glfw */ = {
			isa = PBXNativeTarget;
			buildConfigurationList = 3189155524A943B3A487772E /* Build configuration list for PBXNativeTarget "glfw" */;
			buildPhases = (
				E3B0DB5DCFA24690AC2EB29E /* Sources */,
			);
			buildRules = (
			);
			dependencies = (
			);
			name = glfw;
			productName = glfw;
			productReference = 1EFAA062E43A4C698EAED0C4 /* glfw */;
			productType = "com.apple.product-type.library.static";
		};
/* End PBXNativeTarget section */

/* Begin PBXProject section */
		DF4CFB1DDFCB48D6969E98D7 /* Project object */ = {
			isa = PBXProject;
			attributes = {
				BuildIndependentTargetsInParallel = YES;
				LastUpgradeCheck = 1010;
			};
			buildConfigurationList = E248DD7787EA4F26AED4A494 /* Build configuration list for PBXProject "GLFW" */;
			buildSettings = {
			};
			buildStyles = (
				46752767642546BFADD81FB9 /* Debug */,
				ECEED24AFD0344C190BD99AB /* Release */,
				95990F60FC6F47E398DE892B /* MinSizeRel */,
				BC79D7C44BF2469EA2F41470 /* RelWithDebInfo */,
			);
			compatibilityVersion = "Xcode 3.2";
			hasScannedForEncodings = 0;
			mainGroup = 354EE2147C3D4A8581DC07DE;
			projectDirPath = ../../../lib/glfw;
			projectRoot = "";
			targets = (
				8D728B30B6DC43BEA852993E /* ALL_BUILD */,
				1C0D4692A6C34F2EA4F11066 /* ZERO_CHECK */,
				F40106A5891B444AAE6250F5 /* glfw */,
				126BA06C3A084A45AB14BFCF /* install */,
				89E1D528E20B49A6A4CBA348 /* uninstall */,
			);
		};
/* End PBXProject section */

/* Begin PBXShellScriptBuildPhase section */
		1E969C3126394708A79F3087 = {
			isa = PBXShellScriptBuildPhase;
			buildActionMask = 2147483647;
			files = (
			);
			inputPaths = (
			);
			outputPaths = (
			);
			runOnlyForDeploymentPostprocessing = 0;
			shellPath = /bin/sh;
			shellScript = "# shell script goes here
exit 0";
			showEnvVarsInLog = 0;
		};
		24A781CB5457421884C5D022 /* CMake PostBuild Rules */ = {
			isa = PBXShellScriptBuildPhase;
			buildActionMask = 2147483647;
			files = (
			);
			name = "CMake PostBuild Rules";
			runOnlyForDeploymentPostprocessing = 0;
			shellPath = /bin/sh;
			shellScript = "make -C /Users/giancedrickepilan/dev/native/learn-opengl/xcode/lib/glfw -f /Users/giancedrickepilan/dev/native/learn-opengl/xcode/lib/glfw/CMakeScripts/install_postBuildPhase.make$CONFIGURATION OBJDIR=$(basename \"$OBJECT_FILE_DIR_normal\") all";
			showEnvVarsInLog = 0;
		};
		291C89FC46004A268E7E730F /* CMake Rules */ = {
			isa = PBXShellScriptBuildPhase;
			buildActionMask = 2147483647;
			files = (
			);
			name = "CMake Rules";
			runOnlyForDeploymentPostprocessing = 0;
			shellPath = /bin/sh;
			shellScript = "make -C /Users/giancedrickepilan/dev/native/learn-opengl/xcode/lib/glfw -f /Users/giancedrickepilan/dev/native/learn-opengl/xcode/lib/glfw/CMakeScripts/uninstall_cmakeRulesBuildPhase.make$CONFIGURATION OBJDIR=$(basename \"$OBJECT_FILE_DIR_normal\") all";
			showEnvVarsInLog = 0;
		};
		5AB0781F450F41D3BD5723D4 = {
			isa = PBXShellScriptBuildPhase;
			buildActionMask = 2147483647;
			files = (
			);
			inputPaths = (
			);
			outputPaths = (
			);
			runOnlyForDeploymentPostprocessing = 0;
			shellPath = /bin/sh;
			shellScript = "# shell script goes here
exit 0";
			showEnvVarsInLog = 0;
		};
		65C403E0C4B44FA79C9BDB52 = {
			isa = PBXShellScriptBuildPhase;
			buildActionMask = 2147483647;
			files = (
			);
			inputPaths = (
			);
			outputPaths = (
			);
			runOnlyForDeploymentPostprocessing = 0;
			shellPath = /bin/sh;
			shellScript = "# shell script goes here
exit 0";
			showEnvVarsInLog = 0;
		};
		8813D9485026418BA9642FBF = {
			isa = PBXShellScriptBuildPhase;
			buildActionMask = 2147483647;
			files = (
			);
			inputPaths = (
			);
			outputPaths = (
			);
			runOnlyForDeploymentPostprocessing = 0;
			shellPath = /bin/sh;
			shellScript = "# shell script goes here
exit 0";
			showEnvVarsInLog = 0;
		};
		A91D9862FF3C453DBB44CBD5 /* CMake Rules */ = {
			isa = PBXShellScriptBuildPhase;
			buildActionMask = 2147483647;
			files = (
			);
			name = "CMake Rules";
			runOnlyForDeploymentPostprocessing = 0;
			shellPath = /bin/sh;
			shellScript = "make -C /Users/giancedrickepilan/dev/native/learn-opengl/xcode/lib/glfw -f /Users/giancedrickepilan/dev/native/learn-opengl/xcode/lib/glfw/CMakeScripts/ALL_BUILD_cmakeRulesBuildPhase.make$CONFIGURATION OBJDIR=$(basename \"$OBJECT_FILE_DIR_normal\") all";
			showEnvVarsInLog = 0;
		};
		D054DC0B0B0F4F30BFBFE6D9 /* CMake Rules */ = {
			isa = PBXShellScriptBuildPhase;
			buildActionMask = 2147483647;
			files = (
			);
			name = "CMake Rules";
			runOnlyForDeploymentPostprocessing = 0;
			shellPath = /bin/sh;
			shellScript = "make -C /Users/giancedrickepilan/dev/native/learn-opengl/xcode/lib/glfw -f /Users/giancedrickepilan/dev/native/learn-opengl/xcode/lib/glfw/CMakeScripts/ZERO_CHECK_cmakeRulesBuildPhase.make$CONFIGURATION OBJDIR=$(basename \"$OBJECT_FILE_DIR_normal\") all";
			showEnvVarsInLog = 0;
		};
/* End PBXShellScriptBuildPhase section */

/* Begin PBXSourcesBuildPhase section */
		E3B0DB5DCFA24690AC2EB29E /* Sources */ = {
			isa = PBXSourcesBuildPhase;
			buildActionMask = 2147483647;
			files = (
				D5359E88C0214D58AFA47747 /* /Users/giancedrickepilan/dev/native/learn-opengl/lib/glfw/src/cocoa_init.m */,
				F5B3E75B6ADE40C5B3720A2F /* /Users/giancedrickepilan/dev/native/learn-opengl/lib/glfw/src/cocoa_joystick.m */,
				B2BF3129C1EC400796CEFDF0 /* /Users/giancedrickepilan/dev/native/learn-opengl/lib/glfw/src/cocoa_monitor.m */,
				230179EC78E8418E8590B13C /* /Users/giancedrickepilan/dev/native/learn-opengl/lib/glfw/src/cocoa_time.c */,
				11CAD0A8511B44A3BC1B10CD /* /Users/giancedrickepilan/dev/native/learn-opengl/lib/glfw/src/cocoa_window.m */,
				6C8346B210214B088D531A0A /* /Users/giancedrickepilan/dev/native/learn-opengl/lib/glfw/src/context.c */,
				79D25F95ADAC48259F2D5ADB /* /Users/giancedrickepilan/dev/native/learn-opengl/lib/glfw/src/egl_context.c */,
				8FECDA4370B74076A33DB0D5 /* /Users/giancedrickepilan/dev/native/learn-opengl/lib/glfw/src/init.c */,
				71C0530876EC4370B620C4E2 /* /Users/giancedrickepilan/dev/native/learn-opengl/lib/glfw/src/input.c */,
				98E941366AA9449F9B4E1C60 /* /Users/giancedrickepilan/dev/native/learn-opengl/lib/glfw/src/monitor.c */,
				63BB2D9296F646DFA68CF9C6 /* /Users/giancedrickepilan/dev/native/learn-opengl/lib/glfw/src/nsgl_context.m */,
				1C56E833D5404341BDDD1D02 /* /Users/giancedrickepilan/dev/native/learn-opengl/lib/glfw/src/osmesa_context.c */,
				DAA749FAF1604BC6AB328629 /* /Users/giancedrickepilan/dev/native/learn-opengl/lib/glfw/src/posix_thread.c */,
				9FECB55A4C844D8B83A9C58F /* /Users/giancedrickepilan/dev/native/learn-opengl/lib/glfw/src/vulkan.c */,
				9019B4AD5601419FA1299923 /* /Users/giancedrickepilan/dev/native/learn-opengl/lib/glfw/src/window.c */,
			);
			runOnlyForDeploymentPostprocessing = 0;
		};
/* End PBXSourcesBuildPhase section */

/* Begin PBXTargetDependency section */
		2ACF2302ABC74F6DB5E44BAB /* PBXTargetDependency */ = {
			isa = PBXTargetDependency;
			target = F40106A5891B444AAE6250F5 /* glfw */;
			targetProxy = A76C143499154EBD88648D89 /* PBXContainerItemProxy */;
		};
		4F0C3A9B634B49CD83906C2A /* PBXTargetDependency */ = {
			isa = PBXTargetDependency;
			target = 1C0D4692A6C34F2EA4F11066 /* ZERO_CHECK */;
			targetProxy = B7B9472B2AF34E9082D31879 /* PBXContainerItemProxy */;
		};
		803166C3298A468A8A869F5D /* PBXTargetDependency */ = {
			isa = PBXTargetDependency;
			target = 8D728B30B6DC43BEA852993E /* ALL_BUILD */;
			targetProxy = 047F93E636754AA0920247D7 /* PBXContainerItemProxy */;
		};
		C5AB16AFBFD544BE94DBA589 /* PBXTargetDependency */ = {
			isa = PBXTargetDependency;
			target = 1C0D4692A6C34F2EA4F11066 /* ZERO_CHECK */;
			targetProxy = D6BDF988076548888B09EB8D /* PBXContainerItemProxy */;
		};
/* End PBXTargetDependency section */

/* Begin XCBuildConfiguration section */
		0D54F58014BC4E7CB5B04AAE /* RelWithDebInfo */ = {
			isa = XCBuildConfiguration;
			buildSettings = {
				COMBINE_HIDPI_IMAGES = YES;
				GCC_GENERATE_DEBUGGING_SYMBOLS = YES;
				GCC_INLINES_ARE_PRIVATE_EXTERN = NO;
				GCC_OPTIMIZATION_LEVEL = 0;
				GCC_PREPROCESSOR_DEFINITIONS = ("'CMAKE_INTDIR=\"$(CONFIGURATION)$(EFFECTIVE_PLATFORM_NAME)\"'");
				GCC_SYMBOLS_PRIVATE_EXTERN = NO;
				INSTALL_PATH = "";
				OTHER_LDFLAGS = " ";
				OTHER_REZFLAGS = "";
				PRODUCT_NAME = ZERO_CHECK;
				SECTORDER_FLAGS = "";
				SYMROOT = "/Users/giancedrickepilan/dev/native/learn-opengl/xcode/lib/glfw";
				USE_HEADERMAP = NO;
				WARNING_CFLAGS = ("$(inherited)");
			};
			name = RelWithDebInfo;
		};
		0D9AD319D93F4DD1A0043EBC /* Debug */ = {
			isa = XCBuildConfiguration;
			buildSettings = {
				COMBINE_HIDPI_IMAGES = YES;
				EXECUTABLE_PREFIX = lib;
				EXECUTABLE_SUFFIX = .a;
				GCC_GENERATE_DEBUGGING_SYMBOLS = YES;
				GCC_INLINES_ARE_PRIVATE_EXTERN = NO;
				GCC_OPTIMIZATION_LEVEL = 0;
				GCC_PREPROCESSOR_DEFINITIONS = ("'CMAKE_INTDIR=\"$(CONFIGURATION)$(EFFECTIVE_PLATFORM_NAME)\"'",_GLFW_USE_CONFIG_H);
				GCC_SYMBOLS_PRIVATE_EXTERN = NO;
				HEADER_SEARCH_PATHS = ("/Users/giancedrickepilan/dev/native/learn-opengl/lib/glfw/include","/Users/giancedrickepilan/dev/native/learn-opengl/lib/glfw/src","/Users/giancedrickepilan/dev/native/learn-opengl/xcode/lib/glfw/src");
				INSTALL_PATH = "";
				LIBRARY_STYLE = STATIC;
				OTHER_CFLAGS = "   -fPIC -Wall '-std=c99'  ";
				OTHER_LIBTOOLFLAGS = " ";
				OTHER_REZFLAGS = "";
				PRODUCT_NAME = glfw3;
				SECTORDER_FLAGS = "";
				SYMROOT = "/Users/giancedrickepilan/dev/native/learn-opengl/xcode/lib/glfw/src";
				USE_HEADERMAP = NO;
				WARNING_CFLAGS = ("$(inherited)");
			};
			name = Debug;
		};
		131A1AD3448346C2B80B32E3 /* RelWithDebInfo */ = {
			isa = XCBuildConfiguration;
			buildSettings = {
				COMBINE_HIDPI_IMAGES = YES;
				GCC_GENERATE_DEBUGGING_SYMBOLS = YES;
				GCC_INLINES_ARE_PRIVATE_EXTERN = NO;
				GCC_OPTIMIZATION_LEVEL = 0;
				GCC_PREPROCESSOR_DEFINITIONS = ("'CMAKE_INTDIR=\"$(CONFIGURATION)$(EFFECTIVE_PLATFORM_NAME)\"'");
				GCC_SYMBOLS_PRIVATE_EXTERN = NO;
				INSTALL_PATH = "";
				OTHER_LDFLAGS = " ";
				OTHER_REZFLAGS = "";
				PRODUCT_NAME = install;
				SECTORDER_FLAGS = "";
				SYMROOT = "/Users/giancedrickepilan/dev/native/learn-opengl/xcode/lib/glfw";
				USE_HEADERMAP = NO;
				WARNING_CFLAGS = ("$(inherited)");
			};
			name = RelWithDebInfo;
		};
		1F6E9750336D42C88338D111 /* Debug */ = {
			isa = XCBuildConfiguration;
			buildSettings = {
				COMBINE_HIDPI_IMAGES = YES;
				GCC_GENERATE_DEBUGGING_SYMBOLS = YES;
				GCC_INLINES_ARE_PRIVATE_EXTERN = NO;
				GCC_OPTIMIZATION_LEVEL = 0;
				GCC_PREPROCESSOR_DEFINITIONS = ("'CMAKE_INTDIR=\"$(CONFIGURATION)$(EFFECTIVE_PLATFORM_NAME)\"'");
				GCC_SYMBOLS_PRIVATE_EXTERN = NO;
				INSTALL_PATH = "";
				OTHER_LDFLAGS = " ";
				OTHER_REZFLAGS = "";
				PRODUCT_NAME = ALL_BUILD;
				SECTORDER_FLAGS = "";
				SYMROOT = "/Users/giancedrickepilan/dev/native/learn-opengl/xcode/lib/glfw";
				USE_HEADERMAP = NO;
				WARNING_CFLAGS = ("$(inherited)");
			};
			name = Debug;
		};
		2B1540AC7C774ED78C9A2D8A /* Release */ = {
			isa = XCBuildConfiguration;
			buildSettings = {
				COMBINE_HIDPI_IMAGES = YES;
				GCC_GENERATE_DEBUGGING_SYMBOLS = YES;
				GCC_INLINES_ARE_PRIVATE_EXTERN = NO;
				GCC_OPTIMIZATION_LEVEL = 0;
				GCC_PREPROCESSOR_DEFINITIONS = ("'CMAKE_INTDIR=\"$(CONFIGURATION)$(EFFECTIVE_PLATFORM_NAME)\"'");
				GCC_SYMBOLS_PRIVATE_EXTERN = NO;
				INSTALL_PATH = "";
				OTHER_LDFLAGS = " ";
				OTHER_REZFLAGS = "";
				PRODUCT_NAME = ALL_BUILD;
				SECTORDER_FLAGS = "";
				SYMROOT = "/Users/giancedrickepilan/dev/native/learn-opengl/xcode/lib/glfw";
				USE_HEADERMAP = NO;
				WARNING_CFLAGS = ("$(inherited)");
			};
			name = Release;
		};
		3706568CE0394ECBA4F009D6 /* Debug */ = {
			isa = XCBuildConfiguration;
			buildSettings = {
				ONLY_ACTIVE_ARCH = YES;
				SDKROOT = /Applications/Xcode.app/Contents/Developer/Platforms/MacOSX.platform/Developer/SDKs/MacOSX10.14.sdk;
				SYMROOT = "/Users/giancedrickepilan/dev/native/learn-opengl/xcode/lib/glfw/build";
			};
			name = Debug;
		};
		3720E51732734FFCAEABBEFE /* Release */ = {
			isa = XCBuildConfiguration;
			buildSettings = {
				COMBINE_HIDPI_IMAGES = YES;
				GCC_GENERATE_DEBUGGING_SYMBOLS = YES;
				GCC_INLINES_ARE_PRIVATE_EXTERN = NO;
				GCC_OPTIMIZATION_LEVEL = 0;
				GCC_PREPROCESSOR_DEFINITIONS = ("'CMAKE_INTDIR=\"$(CONFIGURATION)$(EFFECTIVE_PLATFORM_NAME)\"'");
				GCC_SYMBOLS_PRIVATE_EXTERN = NO;
				INSTALL_PATH = "";
				OTHER_LDFLAGS = " ";
				OTHER_REZFLAGS = "";
				PRODUCT_NAME = install;
				SECTORDER_FLAGS = "";
				SYMROOT = "/Users/giancedrickepilan/dev/native/learn-opengl/xcode/lib/glfw";
				USE_HEADERMAP = NO;
				WARNING_CFLAGS = ("$(inherited)");
			};
			name = Release;
		};
		3CE7FDD4F5944CD6A9033533 /* MinSizeRel */ = {
			isa = XCBuildConfiguration;
			buildSettings = {
				COMBINE_HIDPI_IMAGES = YES;
				GCC_GENERATE_DEBUGGING_SYMBOLS = YES;
				GCC_INLINES_ARE_PRIVATE_EXTERN = NO;
				GCC_OPTIMIZATION_LEVEL = 0;
				GCC_PREPROCESSOR_DEFINITIONS = ("'CMAKE_INTDIR=\"$(CONFIGURATION)$(EFFECTIVE_PLATFORM_NAME)\"'");
				GCC_SYMBOLS_PRIVATE_EXTERN = NO;
				INSTALL_PATH = "";
				OTHER_LDFLAGS = " ";
				OTHER_REZFLAGS = "";
				PRODUCT_NAME = ALL_BUILD;
				SECTORDER_FLAGS = "";
				SYMROOT = "/Users/giancedrickepilan/dev/native/learn-opengl/xcode/lib/glfw";
				USE_HEADERMAP = NO;
				WARNING_CFLAGS = ("$(inherited)");
			};
			name = MinSizeRel;
		};
		530014D6198F4C38AA83A6B3 /* MinSizeRel */ = {
			isa = XCBuildConfiguration;
			buildSettings = {
				COMBINE_HIDPI_IMAGES = YES;
				GCC_GENERATE_DEBUGGING_SYMBOLS = YES;
				GCC_INLINES_ARE_PRIVATE_EXTERN = NO;
				GCC_OPTIMIZATION_LEVEL = 0;
				GCC_PREPROCESSOR_DEFINITIONS = ("'CMAKE_INTDIR=\"$(CONFIGURATION)$(EFFECTIVE_PLATFORM_NAME)\"'");
				GCC_SYMBOLS_PRIVATE_EXTERN = NO;
				INSTALL_PATH = "";
				OTHER_LDFLAGS = " ";
				OTHER_REZFLAGS = "";
				PRODUCT_NAME = ZERO_CHECK;
				SECTORDER_FLAGS = "";
				SYMROOT = "/Users/giancedrickepilan/dev/native/learn-opengl/xcode/lib/glfw";
				USE_HEADERMAP = NO;
				WARNING_CFLAGS = ("$(inherited)");
			};
			name = MinSizeRel;
		};
		64E7821FE8F54359BD104806 /* MinSizeRel */ = {
			isa = XCBuildConfiguration;
			buildSettings = {
				COMBINE_HIDPI_IMAGES = YES;
				GCC_GENERATE_DEBUGGING_SYMBOLS = YES;
				GCC_INLINES_ARE_PRIVATE_EXTERN = NO;
				GCC_OPTIMIZATION_LEVEL = 0;
				GCC_PREPROCESSOR_DEFINITIONS = ("'CMAKE_INTDIR=\"$(CONFIGURATION)$(EFFECTIVE_PLATFORM_NAME)\"'");
				GCC_SYMBOLS_PRIVATE_EXTERN = NO;
				INSTALL_PATH = "";
				OTHER_LDFLAGS = " ";
				OTHER_REZFLAGS = "";
				PRODUCT_NAME = uninstall;
				SECTORDER_FLAGS = "";
				SYMROOT = "/Users/giancedrickepilan/dev/native/learn-opengl/xcode/lib/glfw";
				USE_HEADERMAP = NO;
				WARNING_CFLAGS = ("$(inherited)");
			};
			name = MinSizeRel;
		};
		7108089CEFE24E5CAB8DE420 /* MinSizeRel */ = {
			isa = XCBuildConfiguration;
			buildSettings = {
				ONLY_ACTIVE_ARCH = YES;
				SDKROOT = /Applications/Xcode.app/Contents/Developer/Platforms/MacOSX.platform/Developer/SDKs/MacOSX10.14.sdk;
				SYMROOT = "/Users/giancedrickepilan/dev/native/learn-opengl/xcode/lib/glfw/build";
			};
			name = MinSizeRel;
		};
		756D1026AC454EA791170F5D /* RelWithDebInfo */ = {
			isa = XCBuildConfiguration;
			buildSettings = {
				COMBINE_HIDPI_IMAGES = YES;
				GCC_GENERATE_DEBUGGING_SYMBOLS = YES;
				GCC_INLINES_ARE_PRIVATE_EXTERN = NO;
				GCC_OPTIMIZATION_LEVEL = 0;
				GCC_PREPROCESSOR_DEFINITIONS = ("'CMAKE_INTDIR=\"$(CONFIGURATION)$(EFFECTIVE_PLATFORM_NAME)\"'");
				GCC_SYMBOLS_PRIVATE_EXTERN = NO;
				INSTALL_PATH = "";
				OTHER_LDFLAGS = " ";
				OTHER_REZFLAGS = "";
				PRODUCT_NAME = uninstall;
				SECTORDER_FLAGS = "";
				SYMROOT = "/Users/giancedrickepilan/dev/native/learn-opengl/xcode/lib/glfw";
				USE_HEADERMAP = NO;
				WARNING_CFLAGS = ("$(inherited)");
			};
			name = RelWithDebInfo;
		};
		79E1A0FB46F14140A6BE403F /* Release */ = {
			isa = XCBuildConfiguration;
			buildSettings = {
				COMBINE_HIDPI_IMAGES = YES;
				EXECUTABLE_PREFIX = lib;
				EXECUTABLE_SUFFIX = .a;
				GCC_GENERATE_DEBUGGING_SYMBOLS = NO;
				GCC_INLINES_ARE_PRIVATE_EXTERN = NO;
				GCC_OPTIMIZATION_LEVEL = 3;
				GCC_PREPROCESSOR_DEFINITIONS = ("'CMAKE_INTDIR=\"$(CONFIGURATION)$(EFFECTIVE_PLATFORM_NAME)\"'",_GLFW_USE_CONFIG_H);
				GCC_SYMBOLS_PRIVATE_EXTERN = NO;
				HEADER_SEARCH_PATHS = ("/Users/giancedrickepilan/dev/native/learn-opengl/lib/glfw/include","/Users/giancedrickepilan/dev/native/learn-opengl/lib/glfw/src","/Users/giancedrickepilan/dev/native/learn-opengl/xcode/lib/glfw/src");
				INSTALL_PATH = "";
				LIBRARY_STYLE = STATIC;
				OTHER_CFLAGS = "    -DNDEBUG -fPIC -Wall '-std=c99'  ";
				OTHER_LIBTOOLFLAGS = " ";
				OTHER_REZFLAGS = "";
				PRODUCT_NAME = glfw3;
				SECTORDER_FLAGS = "";
				SYMROOT = "/Users/giancedrickepilan/dev/native/learn-opengl/xcode/lib/glfw/src";
				USE_HEADERMAP = NO;
				WARNING_CFLAGS = ("$(inherited)");
			};
			name = Release;
		};
		87DC93EB3BA644C5A3E2BE63 /* RelWithDebInfo */ = {
			isa = XCBuildConfiguration;
			buildSettings = {
				COMBINE_HIDPI_IMAGES = YES;
				GCC_GENERATE_DEBUGGING_SYMBOLS = YES;
				GCC_INLINES_ARE_PRIVATE_EXTERN = NO;
				GCC_OPTIMIZATION_LEVEL = 0;
				GCC_PREPROCESSOR_DEFINITIONS = ("'CMAKE_INTDIR=\"$(CONFIGURATION)$(EFFECTIVE_PLATFORM_NAME)\"'");
				GCC_SYMBOLS_PRIVATE_EXTERN = NO;
				INSTALL_PATH = "";
				OTHER_LDFLAGS = " ";
				OTHER_REZFLAGS = "";
				PRODUCT_NAME = ALL_BUILD;
				SECTORDER_FLAGS = "";
				SYMROOT = "/Users/giancedrickepilan/dev/native/learn-opengl/xcode/lib/glfw";
				USE_HEADERMAP = NO;
				WARNING_CFLAGS = ("$(inherited)");
			};
			name = RelWithDebInfo;
		};
		8A30A8068AE54048A8323C3C /* RelWithDebInfo */ = {
			isa = XCBuildConfiguration;
			buildSettings = {
				COMBINE_HIDPI_IMAGES = YES;
				EXECUTABLE_PREFIX = lib;
				EXECUTABLE_SUFFIX = .a;
				GCC_GENERATE_DEBUGGING_SYMBOLS = YES;
				GCC_INLINES_ARE_PRIVATE_EXTERN = NO;
				GCC_OPTIMIZATION_LEVEL = 2;
				GCC_PREPROCESSOR_DEFINITIONS = ("'CMAKE_INTDIR=\"$(CONFIGURATION)$(EFFECTIVE_PLATFORM_NAME)\"'",_GLFW_USE_CONFIG_H);
				GCC_SYMBOLS_PRIVATE_EXTERN = NO;
				HEADER_SEARCH_PATHS = ("/Users/giancedrickepilan/dev/native/learn-opengl/lib/glfw/include","/Users/giancedrickepilan/dev/native/learn-opengl/lib/glfw/src","/Users/giancedrickepilan/dev/native/learn-opengl/xcode/lib/glfw/src");
				INSTALL_PATH = "";
				LIBRARY_STYLE = STATIC;
				OTHER_CFLAGS = "       -DNDEBUG -fPIC -Wall '-std=c99'  ";
				OTHER_LIBTOOLFLAGS = " ";
				OTHER_REZFLAGS = "";
				PRODUCT_NAME = glfw3;
				SECTORDER_FLAGS = "";
				SYMROOT = "/Users/giancedrickepilan/dev/native/learn-opengl/xcode/lib/glfw/src";
				USE_HEADERMAP = NO;
				WARNING_CFLAGS = ("$(inherited)");
			};
			name = RelWithDebInfo;
		};
		A824419B99C5488EBEA3BFF1 /* Release */ = {
			isa = XCBuildConfiguration;
			buildSettings = {
				ONLY_ACTIVE_ARCH = YES;
				SDKROOT = /Applications/Xcode.app/Contents/Developer/Platforms/MacOSX.platform/Developer/SDKs/MacOSX10.14.sdk;
				SYMROOT = "/Users/giancedrickepilan/dev/native/learn-opengl/xcode/lib/glfw/build";
			};
			name = Release;
		};
		ABCD67062208416EA85EF624 /* Debug */ = {
			isa = XCBuildConfiguration;
			buildSettings = {
				COMBINE_HIDPI_IMAGES = YES;
				GCC_GENERATE_DEBUGGING_SYMBOLS = YES;
				GCC_INLINES_ARE_PRIVATE_EXTERN = NO;
				GCC_OPTIMIZATION_LEVEL = 0;
				GCC_PREPROCESSOR_DEFINITIONS = ("'CMAKE_INTDIR=\"$(CONFIGURATION)$(EFFECTIVE_PLATFORM_NAME)\"'");
				GCC_SYMBOLS_PRIVATE_EXTERN = NO;
				INSTALL_PATH = "";
				OTHER_LDFLAGS = " ";
				OTHER_REZFLAGS = "";
				PRODUCT_NAME = install;
				SECTORDER_FLAGS = "";
				SYMROOT = "/Users/giancedrickepilan/dev/native/learn-opengl/xcode/lib/glfw";
				USE_HEADERMAP = NO;
				WARNING_CFLAGS = ("$(inherited)");
			};
			name = Debug;
		};
		B1E8D9EFF44F47E491DA4E1E /* RelWithDebInfo */ = {
			isa = XCBuildConfiguration;
			buildSettings = {
				ONLY_ACTIVE_ARCH = YES;
				SDKROOT = /Applications/Xcode.app/Contents/Developer/Platforms/MacOSX.platform/Developer/SDKs/MacOSX10.14.sdk;
				SYMROOT = "/Users/giancedrickepilan/dev/native/learn-opengl/xcode/lib/glfw/build";
			};
			name = RelWithDebInfo;
		};
		B3E353FD1B5749DC918033C3 /* Debug */ = {
			isa = XCBuildConfiguration;
			buildSettings = {
				COMBINE_HIDPI_IMAGES = YES;
				GCC_GENERATE_DEBUGGING_SYMBOLS = YES;
				GCC_INLINES_ARE_PRIVATE_EXTERN = NO;
				GCC_OPTIMIZATION_LEVEL = 0;
				GCC_PREPROCESSOR_DEFINITIONS = ("'CMAKE_INTDIR=\"$(CONFIGURATION)$(EFFECTIVE_PLATFORM_NAME)\"'");
				GCC_SYMBOLS_PRIVATE_EXTERN = NO;
				INSTALL_PATH = "";
				OTHER_LDFLAGS = " ";
				OTHER_REZFLAGS = "";
				PRODUCT_NAME = uninstall;
				SECTORDER_FLAGS = "";
				SYMROOT = "/Users/giancedrickepilan/dev/native/learn-opengl/xcode/lib/glfw";
				USE_HEADERMAP = NO;
				WARNING_CFLAGS = ("$(inherited)");
			};
			name = Debug;
		};
		B574C13C222E43F1AD072471 /* Release */ = {
			isa = XCBuildConfiguration;
			buildSettings = {
				COMBINE_HIDPI_IMAGES = YES;
				GCC_GENERATE_DEBUGGING_SYMBOLS = YES;
				GCC_INLINES_ARE_PRIVATE_EXTERN = NO;
				GCC_OPTIMIZATION_LEVEL = 0;
				GCC_PREPROCESSOR_DEFINITIONS = ("'CMAKE_INTDIR=\"$(CONFIGURATION)$(EFFECTIVE_PLATFORM_NAME)\"'");
				GCC_SYMBOLS_PRIVATE_EXTERN = NO;
				INSTALL_PATH = "";
				OTHER_LDFLAGS = " ";
				OTHER_REZFLAGS = "";
				PRODUCT_NAME = uninstall;
				SECTORDER_FLAGS = "";
				SYMROOT = "/Users/giancedrickepilan/dev/native/learn-opengl/xcode/lib/glfw";
				USE_HEADERMAP = NO;
				WARNING_CFLAGS = ("$(inherited)");
			};
			name = Release;
		};
		B5BBEB8386CF451CB81E5EE6 /* MinSizeRel */ = {
			isa = XCBuildConfiguration;
			buildSettings = {
				COMBINE_HIDPI_IMAGES = YES;
				GCC_GENERATE_DEBUGGING_SYMBOLS = YES;
				GCC_INLINES_ARE_PRIVATE_EXTERN = NO;
				GCC_OPTIMIZATION_LEVEL = 0;
				GCC_PREPROCESSOR_DEFINITIONS = ("'CMAKE_INTDIR=\"$(CONFIGURATION)$(EFFECTIVE_PLATFORM_NAME)\"'");
				GCC_SYMBOLS_PRIVATE_EXTERN = NO;
				INSTALL_PATH = "";
				OTHER_LDFLAGS = " ";
				OTHER_REZFLAGS = "";
				PRODUCT_NAME = install;
				SECTORDER_FLAGS = "";
				SYMROOT = "/Users/giancedrickepilan/dev/native/learn-opengl/xcode/lib/glfw";
				USE_HEADERMAP = NO;
				WARNING_CFLAGS = ("$(inherited)");
			};
			name = MinSizeRel;
		};
		D19D2400D0594771BFA48706 /* MinSizeRel */ = {
			isa = XCBuildConfiguration;
			buildSettings = {
				COMBINE_HIDPI_IMAGES = YES;
				EXECUTABLE_PREFIX = lib;
				EXECUTABLE_SUFFIX = .a;
				GCC_GENERATE_DEBUGGING_SYMBOLS = NO;
				GCC_INLINES_ARE_PRIVATE_EXTERN = NO;
				GCC_OPTIMIZATION_LEVEL = s;
				GCC_PREPROCESSOR_DEFINITIONS = ("'CMAKE_INTDIR=\"$(CONFIGURATION)$(EFFECTIVE_PLATFORM_NAME)\"'",_GLFW_USE_CONFIG_H);
				GCC_SYMBOLS_PRIVATE_EXTERN = NO;
				HEADER_SEARCH_PATHS = ("/Users/giancedrickepilan/dev/native/learn-opengl/lib/glfw/include","/Users/giancedrickepilan/dev/native/learn-opengl/lib/glfw/src","/Users/giancedrickepilan/dev/native/learn-opengl/xcode/lib/glfw/src");
				INSTALL_PATH = "";
				LIBRARY_STYLE = STATIC;
				OTHER_CFLAGS = "    -DNDEBUG -fPIC -Wall '-std=c99'  ";
				OTHER_LIBTOOLFLAGS = " ";
				OTHER_REZFLAGS = "";
				PRODUCT_NAME = glfw3;
				SECTORDER_FLAGS = "";
				SYMROOT = "/Users/giancedrickepilan/dev/native/learn-opengl/xcode/lib/glfw/src";
				USE_HEADERMAP = NO;
				WARNING_CFLAGS = ("$(inherited)");
			};
			name = MinSizeRel;
		};
		D32404AE39834405A10EEB59 /* Debug */ = {
			isa = XCBuildConfiguration;
			buildSettings = {
				COMBINE_HIDPI_IMAGES = YES;
				GCC_GENERATE_DEBUGGING_SYMBOLS = YES;
				GCC_INLINES_ARE_PRIVATE_EXTERN = NO;
				GCC_OPTIMIZATION_LEVEL = 0;
				GCC_PREPROCESSOR_DEFINITIONS = ("'CMAKE_INTDIR=\"$(CONFIGURATION)$(EFFECTIVE_PLATFORM_NAME)\"'");
				GCC_SYMBOLS_PRIVATE_EXTERN = NO;
				INSTALL_PATH = "";
				OTHER_LDFLAGS = " ";
				OTHER_REZFLAGS = "";
				PRODUCT_NAME = ZERO_CHECK;
				SECTORDER_FLAGS = "";
				SYMROOT = "/Users/giancedrickepilan/dev/native/learn-opengl/xcode/lib/glfw";
				USE_HEADERMAP = NO;
				WARNING_CFLAGS = ("$(inherited)");
			};
			name = Debug;
		};
		E1732A9A8B604CCDB7AFB69B /* Release */ = {
			isa = XCBuildConfiguration;
			buildSettings = {
				COMBINE_HIDPI_IMAGES = YES;
				GCC_GENERATE_DEBUGGING_SYMBOLS = YES;
				GCC_INLINES_ARE_PRIVATE_EXTERN = NO;
				GCC_OPTIMIZATION_LEVEL = 0;
				GCC_PREPROCESSOR_DEFINITIONS = ("'CMAKE_INTDIR=\"$(CONFIGURATION)$(EFFECTIVE_PLATFORM_NAME)\"'");
				GCC_SYMBOLS_PRIVATE_EXTERN = NO;
				INSTALL_PATH = "";
				OTHER_LDFLAGS = " ";
				OTHER_REZFLAGS = "";
				PRODUCT_NAME = ZERO_CHECK;
				SECTORDER_FLAGS = "";
				SYMROOT = "/Users/giancedrickepilan/dev/native/learn-opengl/xcode/lib/glfw";
				USE_HEADERMAP = NO;
				WARNING_CFLAGS = ("$(inherited)");
			};
			name = Release;
		};
/* End XCBuildConfiguration section */

/* Begin XCConfigurationList section */
		083718FE263940DC92DF66E7 /* Build configuration list for PBXAggregateTarget "uninstall" */ = {
			isa = XCConfigurationList;
			buildConfigurations = (
				B3E353FD1B5749DC918033C3 /* Debug */,
				B574C13C222E43F1AD072471 /* Release */,
				64E7821FE8F54359BD104806 /* MinSizeRel */,
				756D1026AC454EA791170F5D /* RelWithDebInfo */,
			);
			defaultConfigurationIsVisible = 0;
			defaultConfigurationName = Debug;
		};
		107A7E8C3A7F47068B9606CA /* Build configuration list for PBXAggregateTarget "install" */ = {
			isa = XCConfigurationList;
			buildConfigurations = (
				ABCD67062208416EA85EF624 /* Debug */,
				3720E51732734FFCAEABBEFE /* Release */,
				B5BBEB8386CF451CB81E5EE6 /* MinSizeRel */,
				131A1AD3448346C2B80B32E3 /* RelWithDebInfo */,
			);
			defaultConfigurationIsVisible = 0;
			defaultConfigurationName = Debug;
		};
		3189155524A943B3A487772E /* Build configuration list for PBXNativeTarget "glfw" */ = {
			isa = XCConfigurationList;
			buildConfigurations = (
				0D9AD319D93F4DD1A0043EBC /* Debug */,
				79E1A0FB46F14140A6BE403F /* Release */,
				D19D2400D0594771BFA48706 /* MinSizeRel */,
				8A30A8068AE54048A8323C3C /* RelWithDebInfo */,
			);
			defaultConfigurationIsVisible = 0;
			defaultConfigurationName = Debug;
		};
		70D047BE1FD343A48FA72B7F /* Build configuration list for PBXAggregateTarget "ZERO_CHECK" */ = {
			isa = XCConfigurationList;
			buildConfigurations = (
				D32404AE39834405A10EEB59 /* Debug */,
				E1732A9A8B604CCDB7AFB69B /* Release */,
				530014D6198F4C38AA83A6B3 /* MinSizeRel */,
				0D54F58014BC4E7CB5B04AAE /* RelWithDebInfo */,
			);
			defaultConfigurationIsVisible = 0;
			defaultConfigurationName = Debug;
		};
		7980DD4F8A024A3A9D9FBC3F /* Build configuration list for PBXAggregateTarget "ALL_BUILD" */ = {
			isa = XCConfigurationList;
			buildConfigurations = (
				1F6E9750336D42C88338D111 /* Debug */,
				2B1540AC7C774ED78C9A2D8A /* Release */,
				3CE7FDD4F5944CD6A9033533 /* MinSizeRel */,
				87DC93EB3BA644C5A3E2BE63 /* RelWithDebInfo */,
			);
			defaultConfigurationIsVisible = 0;
			defaultConfigurationName = Debug;
		};
		E248DD7787EA4F26AED4A494 /* Build configuration list for PBXProject "GLFW" */ = {
			isa = XCConfigurationList;
			buildConfigurations = (
				3706568CE0394ECBA4F009D6 /* Debug */,
				A824419B99C5488EBEA3BFF1 /* Release */,
				7108089CEFE24E5CAB8DE420 /* MinSizeRel */,
				B1E8D9EFF44F47E491DA4E1E /* RelWithDebInfo */,
			);
			defaultConfigurationIsVisible = 0;
			defaultConfigurationName = Debug;
		};
/* End XCConfigurationList section */
	};
	rootObject = DF4CFB1DDFCB48D6969E98D7 /* Project object */;
}
