// !$*UTF8*$!
{
	archiveVersion = 1;
	classes = {
	};
	objectVersion = 46;
	objects = {

/* Begin PBXAggregateTarget section */
		126BA06C3A084A45AB14BFCF /* install */ = {
			isa = PBXAggregateTarget;
			buildConfigurationList = A74D8E0FB0B546C5AE85B214 /* Build configuration list for PBXAggregateTarget "install" */;
			buildPhases = (
				5F8202E6DCDB49768EBE9684 /* CMake PostBuild Rules */,
			);
			dependencies = (
				660A4A3CA7DC4DEB9A56113B /* PBXTargetDependency */,
			);
			name = install;
			productName = install;
		};
		1C0D4692A6C34F2EA4F11066 /* ZERO_CHECK */ = {
			isa = PBXAggregateTarget;
			buildConfigurationList = 7CD6225051C648D1A45103CC /* Build configuration list for PBXAggregateTarget "ZERO_CHECK" */;
			buildPhases = (
				674CFA5FEEDF4A828C3D1F3A /* CMake Rules */,
			);
			dependencies = (
			);
			name = ZERO_CHECK;
			productName = ZERO_CHECK;
		};
		89E1D528E20B49A6A4CBA348 /* uninstall */ = {
			isa = PBXAggregateTarget;
			buildConfigurationList = 906F74AC70AF4EE4B47501C4 /* Build configuration list for PBXAggregateTarget "uninstall" */;
			buildPhases = (
				34F6787AEDD84ABDBCD52836 /* CMake Rules */,
			);
			dependencies = (
				3A6DAC68004C44A695FB7FDC /* PBXTargetDependency */,
			);
			name = uninstall;
			productName = uninstall;
		};
		8D728B30B6DC43BEA852993E /* ALL_BUILD */ = {
			isa = PBXAggregateTarget;
			buildConfigurationList = 618B6AD3A06A4E358974966A /* Build configuration list for PBXAggregateTarget "ALL_BUILD" */;
			buildPhases = (
				963F77342C0944C581588B78 /* CMake Rules */,
			);
			dependencies = (
				62463FE6826844F2929A9BE6 /* PBXTargetDependency */,
				BEF303CEA03A45CABA2811E6 /* PBXTargetDependency */,
			);
			name = ALL_BUILD;
			productName = ALL_BUILD;
		};
/* End PBXAggregateTarget section */

/* Begin PBXBuildFile section */
		03F67B14B0D5468BBD85DF39 /* /Users/giancedrickepilan/dev/native/learn-opengl/lib/glfw/src/cocoa_init.m */ = {isa = PBXBuildFile; fileRef = E4714DB1EED541288769851A /* /Users/giancedrickepilan/dev/native/learn-opengl/lib/glfw/src/cocoa_init.m */; };
		0A2E2000191A4C40889E5B2D /* /Users/giancedrickepilan/dev/native/learn-opengl/lib/glfw/src/egl_context.h */ = {isa = PBXBuildFile; fileRef = 90F41BB566644E08BDFCC451 /* /Users/giancedrickepilan/dev/native/learn-opengl/lib/glfw/src/egl_context.h */; };
		0D141D2F4B0A4AA7983D69BA /* /Users/giancedrickepilan/dev/native/learn-opengl/lib/glfw/src/osmesa_context.h */ = {isa = PBXBuildFile; fileRef = 31C9D8B37E144678835695FA /* /Users/giancedrickepilan/dev/native/learn-opengl/lib/glfw/src/osmesa_context.h */; };
		0DA0300086614AE8B9C3A149 /* /Users/giancedrickepilan/dev/native/learn-opengl/lib/glfw/src/cocoa_platform.h */ = {isa = PBXBuildFile; fileRef = A6669D01901D45C399EB430C /* /Users/giancedrickepilan/dev/native/learn-opengl/lib/glfw/src/cocoa_platform.h */; };
		10A25C01BA714D52AB030EB3 /* /Users/giancedrickepilan/dev/native/learn-opengl/xcode/lib/glfw/src/glfw_config.h */ = {isa = PBXBuildFile; fileRef = 87E8148BCDAF4BCF8C082487 /* /Users/giancedrickepilan/dev/native/learn-opengl/xcode/lib/glfw/src/glfw_config.h */; };
		198BD7849AEB452BB509E9C6 /* /Users/giancedrickepilan/dev/native/learn-opengl/lib/glfw/src/egl_context.c */ = {isa = PBXBuildFile; fileRef = 22C5C5880C3147449EBB149C /* /Users/giancedrickepilan/dev/native/learn-opengl/lib/glfw/src/egl_context.c */; settings = {COMPILER_FLAGS = "-Wdeclaration-after-statement"; }; };
		1C0E2A9B284E486587E6B701 /* /Users/giancedrickepilan/dev/native/learn-opengl/lib/glfw/src/cocoa_joystick.h */ = {isa = PBXBuildFile; fileRef = EB2AEAAB6F934E838393BCB4 /* /Users/giancedrickepilan/dev/native/learn-opengl/lib/glfw/src/cocoa_joystick.h */; };
		32B56186000F4DC29B7FD108 /* /Users/giancedrickepilan/dev/native/learn-opengl/lib/glfw/src/osmesa_context.c */ = {isa = PBXBuildFile; fileRef = A79BD7B030D24A75A006C06B /* /Users/giancedrickepilan/dev/native/learn-opengl/lib/glfw/src/osmesa_context.c */; settings = {COMPILER_FLAGS = "-Wdeclaration-after-statement"; }; };
		413DD71CFD104CD485AF4ED9 /* /Users/giancedrickepilan/dev/native/learn-opengl/lib/glfw/src/init.c */ = {isa = PBXBuildFile; fileRef = 0ADF47B83F95477E861654C9 /* /Users/giancedrickepilan/dev/native/learn-opengl/lib/glfw/src/init.c */; settings = {COMPILER_FLAGS = "-Wdeclaration-after-statement"; }; };
		4508EDBCA3D0458C938FD4B6 /* /Users/giancedrickepilan/dev/native/learn-opengl/lib/glfw/src/posix_thread.c */ = {isa = PBXBuildFile; fileRef = 72A173B24FAF4D2E962D4B36 /* /Users/giancedrickepilan/dev/native/learn-opengl/lib/glfw/src/posix_thread.c */; };
		4603E016748D4B9D975C4FE6 /* /Users/giancedrickepilan/dev/native/learn-opengl/lib/glfw/src/monitor.c */ = {isa = PBXBuildFile; fileRef = 1656ED073BF340FBAB2241D9 /* /Users/giancedrickepilan/dev/native/learn-opengl/lib/glfw/src/monitor.c */; settings = {COMPILER_FLAGS = "-Wdeclaration-after-statement"; }; };
		476AE053E5A8462FA0D3D825 /* /Users/giancedrickepilan/dev/native/learn-opengl/lib/glfw/src/posix_thread.h */ = {isa = PBXBuildFile; fileRef = 525611273CBB4B8994569BFC /* /Users/giancedrickepilan/dev/native/learn-opengl/lib/glfw/src/posix_thread.h */; };
		5C82C36194FE4B9FA3FE0ECA /* /Users/giancedrickepilan/dev/native/learn-opengl/lib/glfw/src/cocoa_window.m */ = {isa = PBXBuildFile; fileRef = BE5A85F7F28844E2A7575A99 /* /Users/giancedrickepilan/dev/native/learn-opengl/lib/glfw/src/cocoa_window.m */; };
		5F389817FE264029A4E03BCA /* /Users/giancedrickepilan/dev/native/learn-opengl/lib/glfw/include/GLFW/glfw3native.h */ = {isa = PBXBuildFile; fileRef = 9DB7FBF200A241BE91BDC4B4 /* /Users/giancedrickepilan/dev/native/learn-opengl/lib/glfw/include/GLFW/glfw3native.h */; };
		64D62544D1504A78A0B898DD /* /Users/giancedrickepilan/dev/native/learn-opengl/lib/glfw/src/internal.h */ = {isa = PBXBuildFile; fileRef = 9BE036DCEF3A46568034F039 /* /Users/giancedrickepilan/dev/native/learn-opengl/lib/glfw/src/internal.h */; };
		690879373FDC4A4792E4560A /* /Users/giancedrickepilan/dev/native/learn-opengl/lib/glfw/src/cocoa_monitor.m */ = {isa = PBXBuildFile; fileRef = 056C545479BF4201AD61DF89 /* /Users/giancedrickepilan/dev/native/learn-opengl/lib/glfw/src/cocoa_monitor.m */; };
		76A82DFA46E84908ACEFA252 /* /Users/giancedrickepilan/dev/native/learn-opengl/lib/glfw/src/CMakeLists.txt */ = {isa = PBXBuildFile; fileRef = 40A6B5662F0F4752812476EF /* /Users/giancedrickepilan/dev/native/learn-opengl/lib/glfw/src/CMakeLists.txt */; };
		7F10502CE0F44C1CA0B080DC /* /Users/giancedrickepilan/dev/native/learn-opengl/lib/glfw/src/cocoa_time.c */ = {isa = PBXBuildFile; fileRef = 474F0D92144A4BFF8524DB2B /* /Users/giancedrickepilan/dev/native/learn-opengl/lib/glfw/src/cocoa_time.c */; };
		9AF7F7BC14E841FA9B2E1F60 /* /Users/giancedrickepilan/dev/native/learn-opengl/lib/glfw/src/input.c */ = {isa = PBXBuildFile; fileRef = 33FEA770E2E54538802C8678 /* /Users/giancedrickepilan/dev/native/learn-opengl/lib/glfw/src/input.c */; settings = {COMPILER_FLAGS = "-Wdeclaration-after-statement"; }; };
		A0167E17DFDC4DA2BCA4DC2F /* /Users/giancedrickepilan/dev/native/learn-opengl/lib/glfw/src/mappings.h */ = {isa = PBXBuildFile; fileRef = 9F9C8CD71ABB4ED38169D744 /* /Users/giancedrickepilan/dev/native/learn-opengl/lib/glfw/src/mappings.h */; };
		ACB61442F0C7427EAF4F4BC9 /* /Users/giancedrickepilan/dev/native/learn-opengl/lib/glfw/src/window.c */ = {isa = PBXBuildFile; fileRef = 127C493A97574F3AAA3FFE2F /* /Users/giancedrickepilan/dev/native/learn-opengl/lib/glfw/src/window.c */; settings = {COMPILER_FLAGS = "-Wdeclaration-after-statement"; }; };
		C32FC97C48974F628933FA43 /* /Users/giancedrickepilan/dev/native/learn-opengl/lib/glfw/src/nsgl_context.h */ = {isa = PBXBuildFile; fileRef = D62A3E7187B9450194D3CEA6 /* /Users/giancedrickepilan/dev/native/learn-opengl/lib/glfw/src/nsgl_context.h */; };
		CEE90CAC1B7E4B03AB008458 /* /Users/giancedrickepilan/dev/native/learn-opengl/lib/glfw/src/cocoa_joystick.m */ = {isa = PBXBuildFile; fileRef = 7BC2395F351B44BB9C42C0A2 /* /Users/giancedrickepilan/dev/native/learn-opengl/lib/glfw/src/cocoa_joystick.m */; };
		DD6281F7B0C943CF8A6CA558 /* /Users/giancedrickepilan/dev/native/learn-opengl/lib/glfw/src/vulkan.c */ = {isa = PBXBuildFile; fileRef = C75DE69D585245DC88D6F29D /* /Users/giancedrickepilan/dev/native/learn-opengl/lib/glfw/src/vulkan.c */; settings = {COMPILER_FLAGS = "-Wdeclaration-after-statement"; }; };
		DFA4D0A718E94F86945DD1DB /* /Users/giancedrickepilan/dev/native/learn-opengl/lib/glfw/src/nsgl_context.m */ = {isa = PBXBuildFile; fileRef = CAD276A4F38B42C691421044 /* /Users/giancedrickepilan/dev/native/learn-opengl/lib/glfw/src/nsgl_context.m */; };
		EDA71DE60C85485CB56AB171 /* /Users/giancedrickepilan/dev/native/learn-opengl/lib/glfw/include/GLFW/glfw3.h */ = {isa = PBXBuildFile; fileRef = 4BFEB17071E94F8CBA51B5C4 /* /Users/giancedrickepilan/dev/native/learn-opengl/lib/glfw/include/GLFW/glfw3.h */; };
		F7CAFBD09E6D4B6C8C58DE79 /* /Users/giancedrickepilan/dev/native/learn-opengl/lib/glfw/src/context.c */ = {isa = PBXBuildFile; fileRef = E88BBB25EC0C4390A55F44B4 /* /Users/giancedrickepilan/dev/native/learn-opengl/lib/glfw/src/context.c */; settings = {COMPILER_FLAGS = "-Wdeclaration-after-statement"; }; };
/* End PBXBuildFile section */

/* Begin PBXBuildStyle section */
		2C575710C0854337B162672E /* RelWithDebInfo */ = {
			isa = PBXBuildStyle;
			buildSettings = {
				COPY_PHASE_STRIP = NO;
			};
			name = RelWithDebInfo;
		};
		6889A243D95B43398E787932 /* Release */ = {
			isa = PBXBuildStyle;
			buildSettings = {
				COPY_PHASE_STRIP = NO;
			};
			name = Release;
		};
		94949B79DCED4E0181219D94 /* MinSizeRel */ = {
			isa = PBXBuildStyle;
			buildSettings = {
				COPY_PHASE_STRIP = NO;
			};
			name = MinSizeRel;
		};
		AE7A8E11A281448C88885213 /* Debug */ = {
			isa = PBXBuildStyle;
			buildSettings = {
				COPY_PHASE_STRIP = NO;
			};
			name = Debug;
		};
/* End PBXBuildStyle section */

/* Begin PBXContainerItemProxy section */
		387B3E0000B64AFCB3CED5EC /* PBXContainerItemProxy */ = {
			isa = PBXContainerItemProxy;
			containerPortal = DF4CFB1DDFCB48D6969E98D7 /* Project object */;
			proxyType = 1;
			remoteGlobalIDString = 1C0D4692A6C34F2EA4F11066;
			remoteInfo = ZERO_CHECK;
		};
		89BCF6C7236942ACB8B0F700 /* PBXContainerItemProxy */ = {
			isa = PBXContainerItemProxy;
			containerPortal = DF4CFB1DDFCB48D6969E98D7 /* Project object */;
			proxyType = 1;
			remoteGlobalIDString = F40106A5891B444AAE6250F5;
			remoteInfo = glfw;
		};
		A7833E19EBC14272BB779BBF /* PBXContainerItemProxy */ = {
			isa = PBXContainerItemProxy;
			containerPortal = DF4CFB1DDFCB48D6969E98D7 /* Project object */;
			proxyType = 1;
			remoteGlobalIDString = 8D728B30B6DC43BEA852993E;
			remoteInfo = ALL_BUILD;
		};
		FAC60305C6804B2184FC38E3 /* PBXContainerItemProxy */ = {
			isa = PBXContainerItemProxy;
			containerPortal = DF4CFB1DDFCB48D6969E98D7 /* Project object */;
			proxyType = 1;
			remoteGlobalIDString = 1C0D4692A6C34F2EA4F11066;
			remoteInfo = ZERO_CHECK;
		};
/* End PBXContainerItemProxy section */

/* Begin PBXFileReference section */
		007BCE2483E6446ABF66047F /* /Users/giancedrickepilan/dev/native/learn-opengl/lib/glfw/CMakeLists.txt */ = {isa = PBXFileReference; explicitFileType = sourcecode.text; fileEncoding = 4; name = CMakeLists.txt; path = CMakeLists.txt; sourceTree = SOURCE_ROOT; };
		056C545479BF4201AD61DF89 /* /Users/giancedrickepilan/dev/native/learn-opengl/lib/glfw/src/cocoa_monitor.m */ = {isa = PBXFileReference; explicitFileType = sourcecode.c.objc; fileEncoding = 4; name = cocoa_monitor.m; path = src/cocoa_monitor.m; sourceTree = SOURCE_ROOT; };
		0ADF47B83F95477E861654C9 /* /Users/giancedrickepilan/dev/native/learn-opengl/lib/glfw/src/init.c */ = {isa = PBXFileReference; explicitFileType = sourcecode.c.c; fileEncoding = 4; name = init.c; path = src/init.c; sourceTree = SOURCE_ROOT; };
		127C493A97574F3AAA3FFE2F /* /Users/giancedrickepilan/dev/native/learn-opengl/lib/glfw/src/window.c */ = {isa = PBXFileReference; explicitFileType = sourcecode.c.c; fileEncoding = 4; name = window.c; path = src/window.c; sourceTree = SOURCE_ROOT; };
		1656ED073BF340FBAB2241D9 /* /Users/giancedrickepilan/dev/native/learn-opengl/lib/glfw/src/monitor.c */ = {isa = PBXFileReference; explicitFileType = sourcecode.c.c; fileEncoding = 4; name = monitor.c; path = src/monitor.c; sourceTree = SOURCE_ROOT; };
		22C5C5880C3147449EBB149C /* /Users/giancedrickepilan/dev/native/learn-opengl/lib/glfw/src/egl_context.c */ = {isa = PBXFileReference; explicitFileType = sourcecode.c.c; fileEncoding = 4; name = egl_context.c; path = src/egl_context.c; sourceTree = SOURCE_ROOT; };
		31C9D8B37E144678835695FA /* /Users/giancedrickepilan/dev/native/learn-opengl/lib/glfw/src/osmesa_context.h */ = {isa = PBXFileReference; explicitFileType = sourcecode.c.h; fileEncoding = 4; name = osmesa_context.h; path = src/osmesa_context.h; sourceTree = SOURCE_ROOT; };
		33FEA770E2E54538802C8678 /* /Users/giancedrickepilan/dev/native/learn-opengl/lib/glfw/src/input.c */ = {isa = PBXFileReference; explicitFileType = sourcecode.c.c; fileEncoding = 4; name = input.c; path = src/input.c; sourceTree = SOURCE_ROOT; };
		3F44342830A34448AE1208ED /* /Users/giancedrickepilan/dev/native/learn-opengl/lib/glfw/CMakeLists.txt */ = {isa = PBXFileReference; explicitFileType = sourcecode.text; fileEncoding = 4; name = CMakeLists.txt; path = CMakeLists.txt; sourceTree = SOURCE_ROOT; };
		40A6B5662F0F4752812476EF /* /Users/giancedrickepilan/dev/native/learn-opengl/lib/glfw/src/CMakeLists.txt */ = {isa = PBXFileReference; explicitFileType = sourcecode.text; fileEncoding = 4; name = CMakeLists.txt; path = src/CMakeLists.txt; sourceTree = SOURCE_ROOT; };
		474F0D92144A4BFF8524DB2B /* /Users/giancedrickepilan/dev/native/learn-opengl/lib/glfw/src/cocoa_time.c */ = {isa = PBXFileReference; explicitFileType = sourcecode.c.c; fileEncoding = 4; name = cocoa_time.c; path = src/cocoa_time.c; sourceTree = SOURCE_ROOT; };
		4BFEB17071E94F8CBA51B5C4 /* /Users/giancedrickepilan/dev/native/learn-opengl/lib/glfw/include/GLFW/glfw3.h */ = {isa = PBXFileReference; explicitFileType = sourcecode.c.h; fileEncoding = 4; name = glfw3.h; path = include/GLFW/glfw3.h; sourceTree = SOURCE_ROOT; };
		525611273CBB4B8994569BFC /* /Users/giancedrickepilan/dev/native/learn-opengl/lib/glfw/src/posix_thread.h */ = {isa = PBXFileReference; explicitFileType = sourcecode.c.h; fileEncoding = 4; name = posix_thread.h; path = src/posix_thread.h; sourceTree = SOURCE_ROOT; };
		72A173B24FAF4D2E962D4B36 /* /Users/giancedrickepilan/dev/native/learn-opengl/lib/glfw/src/posix_thread.c */ = {isa = PBXFileReference; explicitFileType = sourcecode.c.c; fileEncoding = 4; name = posix_thread.c; path = src/posix_thread.c; sourceTree = SOURCE_ROOT; };
		7BC2395F351B44BB9C42C0A2 /* /Users/giancedrickepilan/dev/native/learn-opengl/lib/glfw/src/cocoa_joystick.m */ = {isa = PBXFileReference; explicitFileType = sourcecode.c.objc; fileEncoding = 4; name = cocoa_joystick.m; path = src/cocoa_joystick.m; sourceTree = SOURCE_ROOT; };
		87E8148BCDAF4BCF8C082487 /* /Users/giancedrickepilan/dev/native/learn-opengl/xcode/lib/glfw/src/glfw_config.h */ = {isa = PBXFileReference; explicitFileType = sourcecode.c.h; fileEncoding = 4; name = glfw_config.h; path = ../../xcode/lib/glfw/src/glfw_config.h; sourceTree = SOURCE_ROOT; };
		90F41BB566644E08BDFCC451 /* /Users/giancedrickepilan/dev/native/learn-opengl/lib/glfw/src/egl_context.h */ = {isa = PBXFileReference; explicitFileType = sourcecode.c.h; fileEncoding = 4; name = egl_context.h; path = src/egl_context.h; sourceTree = SOURCE_ROOT; };
		9BE036DCEF3A46568034F039 /* /Users/giancedrickepilan/dev/native/learn-opengl/lib/glfw/src/internal.h */ = {isa = PBXFileReference; explicitFileType = sourcecode.c.h; fileEncoding = 4; name = internal.h; path = src/internal.h; sourceTree = SOURCE_ROOT; };
		9DB7FBF200A241BE91BDC4B4 /* /Users/giancedrickepilan/dev/native/learn-opengl/lib/glfw/include/GLFW/glfw3native.h */ = {isa = PBXFileReference; explicitFileType = sourcecode.c.h; fileEncoding = 4; name = glfw3native.h; path = include/GLFW/glfw3native.h; sourceTree = SOURCE_ROOT; };
		9F9C8CD71ABB4ED38169D744 /* /Users/giancedrickepilan/dev/native/learn-opengl/lib/glfw/src/mappings.h */ = {isa = PBXFileReference; explicitFileType = sourcecode.c.h; fileEncoding = 4; name = mappings.h; path = src/mappings.h; sourceTree = SOURCE_ROOT; };
		A6669D01901D45C399EB430C /* /Users/giancedrickepilan/dev/native/learn-opengl/lib/glfw/src/cocoa_platform.h */ = {isa = PBXFileReference; explicitFileType = sourcecode.c.h; fileEncoding = 4; name = cocoa_platform.h; path = src/cocoa_platform.h; sourceTree = SOURCE_ROOT; };
		A79BD7B030D24A75A006C06B /* /Users/giancedrickepilan/dev/native/learn-opengl/lib/glfw/src/osmesa_context.c */ = {isa = PBXFileReference; explicitFileType = sourcecode.c.c; fileEncoding = 4; name = osmesa_context.c; path = src/osmesa_context.c; sourceTree = SOURCE_ROOT; };
		BE5A85F7F28844E2A7575A99 /* /Users/giancedrickepilan/dev/native/learn-opengl/lib/glfw/src/cocoa_window.m */ = {isa = PBXFileReference; explicitFileType = sourcecode.c.objc; fileEncoding = 4; name = cocoa_window.m; path = src/cocoa_window.m; sourceTree = SOURCE_ROOT; };
		C75DE69D585245DC88D6F29D /* /Users/giancedrickepilan/dev/native/learn-opengl/lib/glfw/src/vulkan.c */ = {isa = PBXFileReference; explicitFileType = sourcecode.c.c; fileEncoding = 4; name = vulkan.c; path = src/vulkan.c; sourceTree = SOURCE_ROOT; };
		CAD276A4F38B42C691421044 /* /Users/giancedrickepilan/dev/native/learn-opengl/lib/glfw/src/nsgl_context.m */ = {isa = PBXFileReference; explicitFileType = sourcecode.c.objc; fileEncoding = 4; name = nsgl_context.m; path = src/nsgl_context.m; sourceTree = SOURCE_ROOT; };
		D62A3E7187B9450194D3CEA6 /* /Users/giancedrickepilan/dev/native/learn-opengl/lib/glfw/src/nsgl_context.h */ = {isa = PBXFileReference; explicitFileType = sourcecode.c.h; fileEncoding = 4; name = nsgl_context.h; path = src/nsgl_context.h; sourceTree = SOURCE_ROOT; };
		E4714DB1EED541288769851A /* /Users/giancedrickepilan/dev/native/learn-opengl/lib/glfw/src/cocoa_init.m */ = {isa = PBXFileReference; explicitFileType = sourcecode.c.objc; fileEncoding = 4; name = cocoa_init.m; path = src/cocoa_init.m; sourceTree = SOURCE_ROOT; };
		E51902788A3A471B8ED1EE04 /* glfw */ = {isa = PBXFileReference; explicitFileType = archive.ar; path = libglfw3.a; sourceTree = BUILT_PRODUCTS_DIR; };
		E88BBB25EC0C4390A55F44B4 /* /Users/giancedrickepilan/dev/native/learn-opengl/lib/glfw/src/context.c */ = {isa = PBXFileReference; explicitFileType = sourcecode.c.c; fileEncoding = 4; name = context.c; path = src/context.c; sourceTree = SOURCE_ROOT; };
		EB2AEAAB6F934E838393BCB4 /* /Users/giancedrickepilan/dev/native/learn-opengl/lib/glfw/src/cocoa_joystick.h */ = {isa = PBXFileReference; explicitFileType = sourcecode.c.h; fileEncoding = 4; name = cocoa_joystick.h; path = src/cocoa_joystick.h; sourceTree = SOURCE_ROOT; };
/* End PBXFileReference section */

/* Begin PBXGroup section */
		1424B3DDD84C43A78190C1D5 /* glfw */ = {
			isa = PBXGroup;
			children = (
				F4B79FF4C4AE47A09AE3AFB8 /* Header Files */,
				921E23B95DFF45F383A1BF33 /* Source Files */,
				40A6B5662F0F4752812476EF /* /Users/giancedrickepilan/dev/native/learn-opengl/lib/glfw/src/CMakeLists.txt */,
			);
			name = glfw;
			sourceTree = "<group>";
		};
		50DB939ECB474D349C8BD806 = {
			isa = PBXGroup;
			children = (
				95BEF1CC3F1D41A6914D5617 /* GLFW3 */,
				54842CB7A7614E2BB6E8AED6 /* ALL_BUILD */,
				6E7F22FCF63648E899C308F6 /* Products */,
			);
			sourceTree = "<group>";
		};
		54842CB7A7614E2BB6E8AED6 /* ALL_BUILD */ = {
			isa = PBXGroup;
			children = (
				91ECE908C8D54E9CA0E1E11E /* CMake Rules */,
				3F44342830A34448AE1208ED /* /Users/giancedrickepilan/dev/native/learn-opengl/lib/glfw/CMakeLists.txt */,
			);
			name = ALL_BUILD;
			sourceTree = "<group>";
		};
		6E7F22FCF63648E899C308F6 /* Products */ = {
			isa = PBXGroup;
			children = (
				E51902788A3A471B8ED1EE04 /* glfw */,
			);
			name = Products;
			sourceTree = "<group>";
		};
		89E9536B920F4DEF83EA8404 /* CMake Rules */ = {
			isa = PBXGroup;
			children = (
			);
			name = "CMake Rules";
			sourceTree = "<group>";
		};
		91ECE908C8D54E9CA0E1E11E /* CMake Rules */ = {
			isa = PBXGroup;
			children = (
			);
			name = "CMake Rules";
			sourceTree = "<group>";
		};
		921E23B95DFF45F383A1BF33 /* Source Files */ = {
			isa = PBXGroup;
			children = (
				E4714DB1EED541288769851A /* /Users/giancedrickepilan/dev/native/learn-opengl/lib/glfw/src/cocoa_init.m */,
				7BC2395F351B44BB9C42C0A2 /* /Users/giancedrickepilan/dev/native/learn-opengl/lib/glfw/src/cocoa_joystick.m */,
				056C545479BF4201AD61DF89 /* /Users/giancedrickepilan/dev/native/learn-opengl/lib/glfw/src/cocoa_monitor.m */,
				474F0D92144A4BFF8524DB2B /* /Users/giancedrickepilan/dev/native/learn-opengl/lib/glfw/src/cocoa_time.c */,
				BE5A85F7F28844E2A7575A99 /* /Users/giancedrickepilan/dev/native/learn-opengl/lib/glfw/src/cocoa_window.m */,
				E88BBB25EC0C4390A55F44B4 /* /Users/giancedrickepilan/dev/native/learn-opengl/lib/glfw/src/context.c */,
				22C5C5880C3147449EBB149C /* /Users/giancedrickepilan/dev/native/learn-opengl/lib/glfw/src/egl_context.c */,
				0ADF47B83F95477E861654C9 /* /Users/giancedrickepilan/dev/native/learn-opengl/lib/glfw/src/init.c */,
				33FEA770E2E54538802C8678 /* /Users/giancedrickepilan/dev/native/learn-opengl/lib/glfw/src/input.c */,
				1656ED073BF340FBAB2241D9 /* /Users/giancedrickepilan/dev/native/learn-opengl/lib/glfw/src/monitor.c */,
				CAD276A4F38B42C691421044 /* /Users/giancedrickepilan/dev/native/learn-opengl/lib/glfw/src/nsgl_context.m */,
				A79BD7B030D24A75A006C06B /* /Users/giancedrickepilan/dev/native/learn-opengl/lib/glfw/src/osmesa_context.c */,
				72A173B24FAF4D2E962D4B36 /* /Users/giancedrickepilan/dev/native/learn-opengl/lib/glfw/src/posix_thread.c */,
				C75DE69D585245DC88D6F29D /* /Users/giancedrickepilan/dev/native/learn-opengl/lib/glfw/src/vulkan.c */,
				127C493A97574F3AAA3FFE2F /* /Users/giancedrickepilan/dev/native/learn-opengl/lib/glfw/src/window.c */,
			);
			name = "Source Files";
			sourceTree = "<group>";
		};
		95BEF1CC3F1D41A6914D5617 /* GLFW3 */ = {
			isa = PBXGroup;
			children = (
				CBF593017B3540968A8A9C7A /* uninstall */,
				1424B3DDD84C43A78190C1D5 /* glfw */,
			);
			name = GLFW3;
			sourceTree = "<group>";
		};
		CBF593017B3540968A8A9C7A /* uninstall */ = {
			isa = PBXGroup;
			children = (
				89E9536B920F4DEF83EA8404 /* CMake Rules */,
				007BCE2483E6446ABF66047F /* /Users/giancedrickepilan/dev/native/learn-opengl/lib/glfw/CMakeLists.txt */,
			);
			name = uninstall;
			sourceTree = "<group>";
		};
		F4B79FF4C4AE47A09AE3AFB8 /* Header Files */ = {
			isa = PBXGroup;
			children = (
				4BFEB17071E94F8CBA51B5C4 /* /Users/giancedrickepilan/dev/native/learn-opengl/lib/glfw/include/GLFW/glfw3.h */,
				9DB7FBF200A241BE91BDC4B4 /* /Users/giancedrickepilan/dev/native/learn-opengl/lib/glfw/include/GLFW/glfw3native.h */,
				EB2AEAAB6F934E838393BCB4 /* /Users/giancedrickepilan/dev/native/learn-opengl/lib/glfw/src/cocoa_joystick.h */,
				A6669D01901D45C399EB430C /* /Users/giancedrickepilan/dev/native/learn-opengl/lib/glfw/src/cocoa_platform.h */,
				90F41BB566644E08BDFCC451 /* /Users/giancedrickepilan/dev/native/learn-opengl/lib/glfw/src/egl_context.h */,
				9BE036DCEF3A46568034F039 /* /Users/giancedrickepilan/dev/native/learn-opengl/lib/glfw/src/internal.h */,
				9F9C8CD71ABB4ED38169D744 /* /Users/giancedrickepilan/dev/native/learn-opengl/lib/glfw/src/mappings.h */,
				D62A3E7187B9450194D3CEA6 /* /Users/giancedrickepilan/dev/native/learn-opengl/lib/glfw/src/nsgl_context.h */,
				31C9D8B37E144678835695FA /* /Users/giancedrickepilan/dev/native/learn-opengl/lib/glfw/src/osmesa_context.h */,
				525611273CBB4B8994569BFC /* /Users/giancedrickepilan/dev/native/learn-opengl/lib/glfw/src/posix_thread.h */,
				87E8148BCDAF4BCF8C082487 /* /Users/giancedrickepilan/dev/native/learn-opengl/xcode/lib/glfw/src/glfw_config.h */,
			);
			name = "Header Files";
			sourceTree = "<group>";
		};
/* End PBXGroup section */

/* Begin PBXNativeTarget section */
		F40106A5891B444AAE6250F5 /* glfw */ = {
			isa = PBXNativeTarget;
			buildConfigurationList = 79C44FC378194A86AB17A62B /* Build configuration list for PBXNativeTarget "glfw" */;
			buildPhases = (
				E1462BE2356C4A319ACD1DBB /* Sources */,
			);
			buildRules = (
			);
			dependencies = (
			);
			name = glfw;
			productName = glfw;
			productReference = E51902788A3A471B8ED1EE04 /* glfw */;
			productType = "com.apple.product-type.library.static";
		};
/* End PBXNativeTarget section */

/* Begin PBXProject section */
		DF4CFB1DDFCB48D6969E98D7 /* Project object */ = {
			isa = PBXProject;
			attributes = {
				BuildIndependentTargetsInParallel = YES;
				LastUpgradeCheck = 1010;
			};
			buildConfigurationList = 947B9680CD2B4E3293BDD200 /* Build configuration list for PBXProject "GLFW" */;
			buildSettings = {
			};
			buildStyles = (
				AE7A8E11A281448C88885213 /* Debug */,
				6889A243D95B43398E787932 /* Release */,
				94949B79DCED4E0181219D94 /* MinSizeRel */,
				2C575710C0854337B162672E /* RelWithDebInfo */,
			);
			compatibilityVersion = "Xcode 3.2";
			hasScannedForEncodings = 0;
			mainGroup = 50DB939ECB474D349C8BD806;
			projectDirPath = ../../../lib/glfw;
			projectRoot = "";
			targets = (
				8D728B30B6DC43BEA852993E /* ALL_BUILD */,
				1C0D4692A6C34F2EA4F11066 /* ZERO_CHECK */,
				F40106A5891B444AAE6250F5 /* glfw */,
				126BA06C3A084A45AB14BFCF /* install */,
				89E1D528E20B49A6A4CBA348 /* uninstall */,
			);
		};
/* End PBXProject section */

/* Begin PBXShellScriptBuildPhase section */
		2566CEC1D3B7479D8A42B39B = {
			isa = PBXShellScriptBuildPhase;
			buildActionMask = 2147483647;
			files = (
			);
			inputPaths = (
			);
			outputPaths = (
			);
			runOnlyForDeploymentPostprocessing = 0;
			shellPath = /bin/sh;
			shellScript = "# shell script goes here
exit 0";
			showEnvVarsInLog = 0;
		};
		34AA66B369824664A4120031 = {
			isa = PBXShellScriptBuildPhase;
			buildActionMask = 2147483647;
			files = (
			);
			inputPaths = (
			);
			outputPaths = (
			);
			runOnlyForDeploymentPostprocessing = 0;
			shellPath = /bin/sh;
			shellScript = "# shell script goes here
exit 0";
			showEnvVarsInLog = 0;
		};
		34F6787AEDD84ABDBCD52836 /* CMake Rules */ = {
			isa = PBXShellScriptBuildPhase;
			buildActionMask = 2147483647;
			files = (
			);
			name = "CMake Rules";
			runOnlyForDeploymentPostprocessing = 0;
			shellPath = /bin/sh;
			shellScript = "make -C /Users/giancedrickepilan/dev/native/learn-opengl/xcode/lib/glfw -f /Users/giancedrickepilan/dev/native/learn-opengl/xcode/lib/glfw/CMakeScripts/uninstall_cmakeRulesBuildPhase.make$CONFIGURATION OBJDIR=$(basename \"$OBJECT_FILE_DIR_normal\") all";
			showEnvVarsInLog = 0;
		};
		5F8202E6DCDB49768EBE9684 /* CMake PostBuild Rules */ = {
			isa = PBXShellScriptBuildPhase;
			buildActionMask = 2147483647;
			files = (
			);
			name = "CMake PostBuild Rules";
			runOnlyForDeploymentPostprocessing = 0;
			shellPath = /bin/sh;
			shellScript = "make -C /Users/giancedrickepilan/dev/native/learn-opengl/xcode/lib/glfw -f /Users/giancedrickepilan/dev/native/learn-opengl/xcode/lib/glfw/CMakeScripts/install_postBuildPhase.make$CONFIGURATION OBJDIR=$(basename \"$OBJECT_FILE_DIR_normal\") all";
			showEnvVarsInLog = 0;
		};
		674CFA5FEEDF4A828C3D1F3A /* CMake Rules */ = {
			isa = PBXShellScriptBuildPhase;
			buildActionMask = 2147483647;
			files = (
			);
			name = "CMake Rules";
			runOnlyForDeploymentPostprocessing = 0;
			shellPath = /bin/sh;
			shellScript = "make -C /Users/giancedrickepilan/dev/native/learn-opengl/xcode/lib/glfw -f /Users/giancedrickepilan/dev/native/learn-opengl/xcode/lib/glfw/CMakeScripts/ZERO_CHECK_cmakeRulesBuildPhase.make$CONFIGURATION OBJDIR=$(basename \"$OBJECT_FILE_DIR_normal\") all";
			showEnvVarsInLog = 0;
		};
		870E50229A1640888ECCD241 = {
			isa = PBXShellScriptBuildPhase;
			buildActionMask = 2147483647;
			files = (
			);
			inputPaths = (
			);
			outputPaths = (
			);
			runOnlyForDeploymentPostprocessing = 0;
			shellPath = /bin/sh;
			shellScript = "# shell script goes here
exit 0";
			showEnvVarsInLog = 0;
		};
		963F77342C0944C581588B78 /* CMake Rules */ = {
			isa = PBXShellScriptBuildPhase;
			buildActionMask = 2147483647;
			files = (
			);
			name = "CMake Rules";
			runOnlyForDeploymentPostprocessing = 0;
			shellPath = /bin/sh;
			shellScript = "make -C /Users/giancedrickepilan/dev/native/learn-opengl/xcode/lib/glfw -f /Users/giancedrickepilan/dev/native/learn-opengl/xcode/lib/glfw/CMakeScripts/ALL_BUILD_cmakeRulesBuildPhase.make$CONFIGURATION OBJDIR=$(basename \"$OBJECT_FILE_DIR_normal\") all";
			showEnvVarsInLog = 0;
		};
		C7047B9BE7F6432EBCAAC91D = {
			isa = PBXShellScriptBuildPhase;
			buildActionMask = 2147483647;
			files = (
			);
			inputPaths = (
			);
			outputPaths = (
			);
			runOnlyForDeploymentPostprocessing = 0;
			shellPath = /bin/sh;
			shellScript = "# shell script goes here
exit 0";
			showEnvVarsInLog = 0;
		};
/* End PBXShellScriptBuildPhase section */

/* Begin PBXSourcesBuildPhase section */
		E1462BE2356C4A319ACD1DBB /* Sources */ = {
			isa = PBXSourcesBuildPhase;
			buildActionMask = 2147483647;
			files = (
				03F67B14B0D5468BBD85DF39 /* /Users/giancedrickepilan/dev/native/learn-opengl/lib/glfw/src/cocoa_init.m */,
				CEE90CAC1B7E4B03AB008458 /* /Users/giancedrickepilan/dev/native/learn-opengl/lib/glfw/src/cocoa_joystick.m */,
				690879373FDC4A4792E4560A /* /Users/giancedrickepilan/dev/native/learn-opengl/lib/glfw/src/cocoa_monitor.m */,
				7F10502CE0F44C1CA0B080DC /* /Users/giancedrickepilan/dev/native/learn-opengl/lib/glfw/src/cocoa_time.c */,
				5C82C36194FE4B9FA3FE0ECA /* /Users/giancedrickepilan/dev/native/learn-opengl/lib/glfw/src/cocoa_window.m */,
				F7CAFBD09E6D4B6C8C58DE79 /* /Users/giancedrickepilan/dev/native/learn-opengl/lib/glfw/src/context.c */,
				198BD7849AEB452BB509E9C6 /* /Users/giancedrickepilan/dev/native/learn-opengl/lib/glfw/src/egl_context.c */,
				413DD71CFD104CD485AF4ED9 /* /Users/giancedrickepilan/dev/native/learn-opengl/lib/glfw/src/init.c */,
				9AF7F7BC14E841FA9B2E1F60 /* /Users/giancedrickepilan/dev/native/learn-opengl/lib/glfw/src/input.c */,
				4603E016748D4B9D975C4FE6 /* /Users/giancedrickepilan/dev/native/learn-opengl/lib/glfw/src/monitor.c */,
				DFA4D0A718E94F86945DD1DB /* /Users/giancedrickepilan/dev/native/learn-opengl/lib/glfw/src/nsgl_context.m */,
				32B56186000F4DC29B7FD108 /* /Users/giancedrickepilan/dev/native/learn-opengl/lib/glfw/src/osmesa_context.c */,
				4508EDBCA3D0458C938FD4B6 /* /Users/giancedrickepilan/dev/native/learn-opengl/lib/glfw/src/posix_thread.c */,
				DD6281F7B0C943CF8A6CA558 /* /Users/giancedrickepilan/dev/native/learn-opengl/lib/glfw/src/vulkan.c */,
				ACB61442F0C7427EAF4F4BC9 /* /Users/giancedrickepilan/dev/native/learn-opengl/lib/glfw/src/window.c */,
			);
			runOnlyForDeploymentPostprocessing = 0;
		};
/* End PBXSourcesBuildPhase section */

/* Begin PBXTargetDependency section */
		3A6DAC68004C44A695FB7FDC /* PBXTargetDependency */ = {
			isa = PBXTargetDependency;
			target = 1C0D4692A6C34F2EA4F11066 /* ZERO_CHECK */;
			targetProxy = 387B3E0000B64AFCB3CED5EC /* PBXContainerItemProxy */;
		};
		62463FE6826844F2929A9BE6 /* PBXTargetDependency */ = {
			isa = PBXTargetDependency;
			target = F40106A5891B444AAE6250F5 /* glfw */;
			targetProxy = 89BCF6C7236942ACB8B0F700 /* PBXContainerItemProxy */;
		};
		660A4A3CA7DC4DEB9A56113B /* PBXTargetDependency */ = {
			isa = PBXTargetDependency;
			target = 8D728B30B6DC43BEA852993E /* ALL_BUILD */;
			targetProxy = A7833E19EBC14272BB779BBF /* PBXContainerItemProxy */;
		};
		BEF303CEA03A45CABA2811E6 /* PBXTargetDependency */ = {
			isa = PBXTargetDependency;
			target = 1C0D4692A6C34F2EA4F11066 /* ZERO_CHECK */;
			targetProxy = FAC60305C6804B2184FC38E3 /* PBXContainerItemProxy */;
		};
/* End PBXTargetDependency section */

/* Begin XCBuildConfiguration section */
		192F878F73E14852B5187706 /* RelWithDebInfo */ = {
			isa = XCBuildConfiguration;
			buildSettings = {
				COMBINE_HIDPI_IMAGES = YES;
				GCC_GENERATE_DEBUGGING_SYMBOLS = YES;
				GCC_INLINES_ARE_PRIVATE_EXTERN = NO;
				GCC_OPTIMIZATION_LEVEL = 0;
				GCC_PREPROCESSOR_DEFINITIONS = ("'CMAKE_INTDIR=\"$(CONFIGURATION)$(EFFECTIVE_PLATFORM_NAME)\"'");
				GCC_SYMBOLS_PRIVATE_EXTERN = NO;
				INSTALL_PATH = "";
				OTHER_LDFLAGS = " ";
				OTHER_REZFLAGS = "";
				PRODUCT_NAME = uninstall;
				SECTORDER_FLAGS = "";
				SYMROOT = "/Users/giancedrickepilan/dev/native/learn-opengl/xcode/lib/glfw";
				USE_HEADERMAP = NO;
				WARNING_CFLAGS = ("$(inherited)");
			};
			name = RelWithDebInfo;
		};
		2733F9BD00134CC3BC5E6797 /* Release */ = {
			isa = XCBuildConfiguration;
			buildSettings = {
				ONLY_ACTIVE_ARCH = YES;
				SDKROOT = /Applications/Xcode.app/Contents/Developer/Platforms/MacOSX.platform/Developer/SDKs/MacOSX10.14.sdk;
				SYMROOT = "/Users/giancedrickepilan/dev/native/learn-opengl/xcode/lib/glfw/build";
			};
			name = Release;
		};
		2C672D1AAA5644EAAF93059D /* RelWithDebInfo */ = {
			isa = XCBuildConfiguration;
			buildSettings = {
				COMBINE_HIDPI_IMAGES = YES;
				GCC_GENERATE_DEBUGGING_SYMBOLS = YES;
				GCC_INLINES_ARE_PRIVATE_EXTERN = NO;
				GCC_OPTIMIZATION_LEVEL = 0;
				GCC_PREPROCESSOR_DEFINITIONS = ("'CMAKE_INTDIR=\"$(CONFIGURATION)$(EFFECTIVE_PLATFORM_NAME)\"'");
				GCC_SYMBOLS_PRIVATE_EXTERN = NO;
				INSTALL_PATH = "";
				OTHER_LDFLAGS = " ";
				OTHER_REZFLAGS = "";
				PRODUCT_NAME = ALL_BUILD;
				SECTORDER_FLAGS = "";
				SYMROOT = "/Users/giancedrickepilan/dev/native/learn-opengl/xcode/lib/glfw";
				USE_HEADERMAP = NO;
				WARNING_CFLAGS = ("$(inherited)");
			};
			name = RelWithDebInfo;
		};
		2CB4AD00D6554DFBB15F719F /* RelWithDebInfo */ = {
			isa = XCBuildConfiguration;
			buildSettings = {
				COMBINE_HIDPI_IMAGES = YES;
				GCC_GENERATE_DEBUGGING_SYMBOLS = YES;
				GCC_INLINES_ARE_PRIVATE_EXTERN = NO;
				GCC_OPTIMIZATION_LEVEL = 0;
				GCC_PREPROCESSOR_DEFINITIONS = ("'CMAKE_INTDIR=\"$(CONFIGURATION)$(EFFECTIVE_PLATFORM_NAME)\"'");
				GCC_SYMBOLS_PRIVATE_EXTERN = NO;
				INSTALL_PATH = "";
				OTHER_LDFLAGS = " ";
				OTHER_REZFLAGS = "";
				PRODUCT_NAME = ZERO_CHECK;
				SECTORDER_FLAGS = "";
				SYMROOT = "/Users/giancedrickepilan/dev/native/learn-opengl/xcode/lib/glfw";
				USE_HEADERMAP = NO;
				WARNING_CFLAGS = ("$(inherited)");
			};
			name = RelWithDebInfo;
		};
		31E993C3921E4A0DACFCEBEC /* MinSizeRel */ = {
			isa = XCBuildConfiguration;
			buildSettings = {
				COMBINE_HIDPI_IMAGES = YES;
				GCC_GENERATE_DEBUGGING_SYMBOLS = YES;
				GCC_INLINES_ARE_PRIVATE_EXTERN = NO;
				GCC_OPTIMIZATION_LEVEL = 0;
				GCC_PREPROCESSOR_DEFINITIONS = ("'CMAKE_INTDIR=\"$(CONFIGURATION)$(EFFECTIVE_PLATFORM_NAME)\"'");
				GCC_SYMBOLS_PRIVATE_EXTERN = NO;
				INSTALL_PATH = "";
				OTHER_LDFLAGS = " ";
				OTHER_REZFLAGS = "";
				PRODUCT_NAME = uninstall;
				SECTORDER_FLAGS = "";
				SYMROOT = "/Users/giancedrickepilan/dev/native/learn-opengl/xcode/lib/glfw";
				USE_HEADERMAP = NO;
				WARNING_CFLAGS = ("$(inherited)");
			};
			name = MinSizeRel;
		};
		3661C75979784374B26F4DD6 /* MinSizeRel */ = {
			isa = XCBuildConfiguration;
			buildSettings = {
				COMBINE_HIDPI_IMAGES = YES;
				GCC_GENERATE_DEBUGGING_SYMBOLS = YES;
				GCC_INLINES_ARE_PRIVATE_EXTERN = NO;
				GCC_OPTIMIZATION_LEVEL = 0;
				GCC_PREPROCESSOR_DEFINITIONS = ("'CMAKE_INTDIR=\"$(CONFIGURATION)$(EFFECTIVE_PLATFORM_NAME)\"'");
				GCC_SYMBOLS_PRIVATE_EXTERN = NO;
				INSTALL_PATH = "";
				OTHER_LDFLAGS = " ";
				OTHER_REZFLAGS = "";
				PRODUCT_NAME = ALL_BUILD;
				SECTORDER_FLAGS = "";
				SYMROOT = "/Users/giancedrickepilan/dev/native/learn-opengl/xcode/lib/glfw";
				USE_HEADERMAP = NO;
				WARNING_CFLAGS = ("$(inherited)");
			};
			name = MinSizeRel;
		};
		3F5932565D7443A8A953D2E6 /* Debug */ = {
			isa = XCBuildConfiguration;
			buildSettings = {
				COMBINE_HIDPI_IMAGES = YES;
				GCC_GENERATE_DEBUGGING_SYMBOLS = YES;
				GCC_INLINES_ARE_PRIVATE_EXTERN = NO;
				GCC_OPTIMIZATION_LEVEL = 0;
				GCC_PREPROCESSOR_DEFINITIONS = ("'CMAKE_INTDIR=\"$(CONFIGURATION)$(EFFECTIVE_PLATFORM_NAME)\"'");
				GCC_SYMBOLS_PRIVATE_EXTERN = NO;
				INSTALL_PATH = "";
				OTHER_LDFLAGS = " ";
				OTHER_REZFLAGS = "";
				PRODUCT_NAME = ALL_BUILD;
				SECTORDER_FLAGS = "";
				SYMROOT = "/Users/giancedrickepilan/dev/native/learn-opengl/xcode/lib/glfw";
				USE_HEADERMAP = NO;
				WARNING_CFLAGS = ("$(inherited)");
			};
			name = Debug;
		};
		4580BB477FC64D7CAE32F8B0 /* MinSizeRel */ = {
			isa = XCBuildConfiguration;
			buildSettings = {
				COMBINE_HIDPI_IMAGES = YES;
				EXECUTABLE_PREFIX = lib;
				EXECUTABLE_SUFFIX = .a;
				GCC_GENERATE_DEBUGGING_SYMBOLS = NO;
				GCC_INLINES_ARE_PRIVATE_EXTERN = NO;
				GCC_OPTIMIZATION_LEVEL = s;
				GCC_PREPROCESSOR_DEFINITIONS = ("'CMAKE_INTDIR=\"$(CONFIGURATION)$(EFFECTIVE_PLATFORM_NAME)\"'",_GLFW_USE_CONFIG_H);
				GCC_SYMBOLS_PRIVATE_EXTERN = NO;
				HEADER_SEARCH_PATHS = ("/Users/giancedrickepilan/dev/native/learn-opengl/lib/glfw/include","/Users/giancedrickepilan/dev/native/learn-opengl/lib/glfw/src","/Users/giancedrickepilan/dev/native/learn-opengl/xcode/lib/glfw/src");
				INSTALL_PATH = "";
				LIBRARY_STYLE = STATIC;
				OTHER_CFLAGS = "    -DNDEBUG -fPIC -Wall '-std=c99'  ";
				OTHER_LIBTOOLFLAGS = " ";
				OTHER_REZFLAGS = "";
				PRODUCT_NAME = glfw3;
				SECTORDER_FLAGS = "";
				SYMROOT = "/Users/giancedrickepilan/dev/native/learn-opengl/xcode/lib/glfw/src";
				USE_HEADERMAP = NO;
				WARNING_CFLAGS = ("$(inherited)");
			};
			name = MinSizeRel;
		};
		52C8A315F6514ECCA987ABCA /* Debug */ = {
			isa = XCBuildConfiguration;
			buildSettings = {
				COMBINE_HIDPI_IMAGES = YES;
				EXECUTABLE_PREFIX = lib;
				EXECUTABLE_SUFFIX = .a;
				GCC_GENERATE_DEBUGGING_SYMBOLS = YES;
				GCC_INLINES_ARE_PRIVATE_EXTERN = NO;
				GCC_OPTIMIZATION_LEVEL = 0;
				GCC_PREPROCESSOR_DEFINITIONS = ("'CMAKE_INTDIR=\"$(CONFIGURATION)$(EFFECTIVE_PLATFORM_NAME)\"'",_GLFW_USE_CONFIG_H);
				GCC_SYMBOLS_PRIVATE_EXTERN = NO;
				HEADER_SEARCH_PATHS = ("/Users/giancedrickepilan/dev/native/learn-opengl/lib/glfw/include","/Users/giancedrickepilan/dev/native/learn-opengl/lib/glfw/src","/Users/giancedrickepilan/dev/native/learn-opengl/xcode/lib/glfw/src");
				INSTALL_PATH = "";
				LIBRARY_STYLE = STATIC;
				OTHER_CFLAGS = "   -fPIC -Wall '-std=c99'  ";
				OTHER_LIBTOOLFLAGS = " ";
				OTHER_REZFLAGS = "";
				PRODUCT_NAME = glfw3;
				SECTORDER_FLAGS = "";
				SYMROOT = "/Users/giancedrickepilan/dev/native/learn-opengl/xcode/lib/glfw/src";
				USE_HEADERMAP = NO;
				WARNING_CFLAGS = ("$(inherited)");
			};
			name = Debug;
		};
		65E26F59547740809261C343 /* RelWithDebInfo */ = {
			isa = XCBuildConfiguration;
			buildSettings = {
				ONLY_ACTIVE_ARCH = YES;
				SDKROOT = /Applications/Xcode.app/Contents/Developer/Platforms/MacOSX.platform/Developer/SDKs/MacOSX10.14.sdk;
				SYMROOT = "/Users/giancedrickepilan/dev/native/learn-opengl/xcode/lib/glfw/build";
			};
			name = RelWithDebInfo;
		};
		73D42C8C823D4C37B385CBA7 /* Debug */ = {
			isa = XCBuildConfiguration;
			buildSettings = {
				COMBINE_HIDPI_IMAGES = YES;
				GCC_GENERATE_DEBUGGING_SYMBOLS = YES;
				GCC_INLINES_ARE_PRIVATE_EXTERN = NO;
				GCC_OPTIMIZATION_LEVEL = 0;
				GCC_PREPROCESSOR_DEFINITIONS = ("'CMAKE_INTDIR=\"$(CONFIGURATION)$(EFFECTIVE_PLATFORM_NAME)\"'");
				GCC_SYMBOLS_PRIVATE_EXTERN = NO;
				INSTALL_PATH = "";
				OTHER_LDFLAGS = " ";
				OTHER_REZFLAGS = "";
				PRODUCT_NAME = uninstall;
				SECTORDER_FLAGS = "";
				SYMROOT = "/Users/giancedrickepilan/dev/native/learn-opengl/xcode/lib/glfw";
				USE_HEADERMAP = NO;
				WARNING_CFLAGS = ("$(inherited)");
			};
			name = Debug;
		};
		776414DF82434F1780BA2F2A /* Release */ = {
			isa = XCBuildConfiguration;
			buildSettings = {
				COMBINE_HIDPI_IMAGES = YES;
				GCC_GENERATE_DEBUGGING_SYMBOLS = YES;
				GCC_INLINES_ARE_PRIVATE_EXTERN = NO;
				GCC_OPTIMIZATION_LEVEL = 0;
				GCC_PREPROCESSOR_DEFINITIONS = ("'CMAKE_INTDIR=\"$(CONFIGURATION)$(EFFECTIVE_PLATFORM_NAME)\"'");
				GCC_SYMBOLS_PRIVATE_EXTERN = NO;
				INSTALL_PATH = "";
				OTHER_LDFLAGS = " ";
				OTHER_REZFLAGS = "";
				PRODUCT_NAME = ALL_BUILD;
				SECTORDER_FLAGS = "";
				SYMROOT = "/Users/giancedrickepilan/dev/native/learn-opengl/xcode/lib/glfw";
				USE_HEADERMAP = NO;
				WARNING_CFLAGS = ("$(inherited)");
			};
			name = Release;
		};
		7AFBC44C89DF4019B8D1AB1E /* Release */ = {
			isa = XCBuildConfiguration;
			buildSettings = {
				COMBINE_HIDPI_IMAGES = YES;
				GCC_GENERATE_DEBUGGING_SYMBOLS = YES;
				GCC_INLINES_ARE_PRIVATE_EXTERN = NO;
				GCC_OPTIMIZATION_LEVEL = 0;
				GCC_PREPROCESSOR_DEFINITIONS = ("'CMAKE_INTDIR=\"$(CONFIGURATION)$(EFFECTIVE_PLATFORM_NAME)\"'");
				GCC_SYMBOLS_PRIVATE_EXTERN = NO;
				INSTALL_PATH = "";
				OTHER_LDFLAGS = " ";
				OTHER_REZFLAGS = "";
				PRODUCT_NAME = install;
				SECTORDER_FLAGS = "";
				SYMROOT = "/Users/giancedrickepilan/dev/native/learn-opengl/xcode/lib/glfw";
				USE_HEADERMAP = NO;
				WARNING_CFLAGS = ("$(inherited)");
			};
			name = Release;
		};
		7FE3CB6FF85F407884A8B9A3 /* Release */ = {
			isa = XCBuildConfiguration;
			buildSettings = {
				COMBINE_HIDPI_IMAGES = YES;
				EXECUTABLE_PREFIX = lib;
				EXECUTABLE_SUFFIX = .a;
				GCC_GENERATE_DEBUGGING_SYMBOLS = NO;
				GCC_INLINES_ARE_PRIVATE_EXTERN = NO;
				GCC_OPTIMIZATION_LEVEL = 3;
				GCC_PREPROCESSOR_DEFINITIONS = ("'CMAKE_INTDIR=\"$(CONFIGURATION)$(EFFECTIVE_PLATFORM_NAME)\"'",_GLFW_USE_CONFIG_H);
				GCC_SYMBOLS_PRIVATE_EXTERN = NO;
				HEADER_SEARCH_PATHS = ("/Users/giancedrickepilan/dev/native/learn-opengl/lib/glfw/include","/Users/giancedrickepilan/dev/native/learn-opengl/lib/glfw/src","/Users/giancedrickepilan/dev/native/learn-opengl/xcode/lib/glfw/src");
				INSTALL_PATH = "";
				LIBRARY_STYLE = STATIC;
				OTHER_CFLAGS = "    -DNDEBUG -fPIC -Wall '-std=c99'  ";
				OTHER_LIBTOOLFLAGS = " ";
				OTHER_REZFLAGS = "";
				PRODUCT_NAME = glfw3;
				SECTORDER_FLAGS = "";
				SYMROOT = "/Users/giancedrickepilan/dev/native/learn-opengl/xcode/lib/glfw/src";
				USE_HEADERMAP = NO;
				WARNING_CFLAGS = ("$(inherited)");
			};
			name = Release;
		};
		8226D93801AC478FB8990494 /* RelWithDebInfo */ = {
			isa = XCBuildConfiguration;
			buildSettings = {
				COMBINE_HIDPI_IMAGES = YES;
				EXECUTABLE_PREFIX = lib;
				EXECUTABLE_SUFFIX = .a;
				GCC_GENERATE_DEBUGGING_SYMBOLS = YES;
				GCC_INLINES_ARE_PRIVATE_EXTERN = NO;
				GCC_OPTIMIZATION_LEVEL = 2;
				GCC_PREPROCESSOR_DEFINITIONS = ("'CMAKE_INTDIR=\"$(CONFIGURATION)$(EFFECTIVE_PLATFORM_NAME)\"'",_GLFW_USE_CONFIG_H);
				GCC_SYMBOLS_PRIVATE_EXTERN = NO;
				HEADER_SEARCH_PATHS = ("/Users/giancedrickepilan/dev/native/learn-opengl/lib/glfw/include","/Users/giancedrickepilan/dev/native/learn-opengl/lib/glfw/src","/Users/giancedrickepilan/dev/native/learn-opengl/xcode/lib/glfw/src");
				INSTALL_PATH = "";
				LIBRARY_STYLE = STATIC;
				OTHER_CFLAGS = "       -DNDEBUG -fPIC -Wall '-std=c99'  ";
				OTHER_LIBTOOLFLAGS = " ";
				OTHER_REZFLAGS = "";
				PRODUCT_NAME = glfw3;
				SECTORDER_FLAGS = "";
				SYMROOT = "/Users/giancedrickepilan/dev/native/learn-opengl/xcode/lib/glfw/src";
				USE_HEADERMAP = NO;
				WARNING_CFLAGS = ("$(inherited)");
			};
			name = RelWithDebInfo;
		};
		85E4940244A448A7BD95A92F /* Release */ = {
			isa = XCBuildConfiguration;
			buildSettings = {
				COMBINE_HIDPI_IMAGES = YES;
				GCC_GENERATE_DEBUGGING_SYMBOLS = YES;
				GCC_INLINES_ARE_PRIVATE_EXTERN = NO;
				GCC_OPTIMIZATION_LEVEL = 0;
				GCC_PREPROCESSOR_DEFINITIONS = ("'CMAKE_INTDIR=\"$(CONFIGURATION)$(EFFECTIVE_PLATFORM_NAME)\"'");
				GCC_SYMBOLS_PRIVATE_EXTERN = NO;
				INSTALL_PATH = "";
				OTHER_LDFLAGS = " ";
				OTHER_REZFLAGS = "";
				PRODUCT_NAME = ZERO_CHECK;
				SECTORDER_FLAGS = "";
				SYMROOT = "/Users/giancedrickepilan/dev/native/learn-opengl/xcode/lib/glfw";
				USE_HEADERMAP = NO;
				WARNING_CFLAGS = ("$(inherited)");
			};
			name = Release;
		};
		8E05C0566C9A42388CF815A0 /* Debug */ = {
			isa = XCBuildConfiguration;
			buildSettings = {
				ONLY_ACTIVE_ARCH = YES;
				SDKROOT = /Applications/Xcode.app/Contents/Developer/Platforms/MacOSX.platform/Developer/SDKs/MacOSX10.14.sdk;
				SYMROOT = "/Users/giancedrickepilan/dev/native/learn-opengl/xcode/lib/glfw/build";
			};
			name = Debug;
		};
		B08E19756D6448DDB4A25820 /* Release */ = {
			isa = XCBuildConfiguration;
			buildSettings = {
				COMBINE_HIDPI_IMAGES = YES;
				GCC_GENERATE_DEBUGGING_SYMBOLS = YES;
				GCC_INLINES_ARE_PRIVATE_EXTERN = NO;
				GCC_OPTIMIZATION_LEVEL = 0;
				GCC_PREPROCESSOR_DEFINITIONS = ("'CMAKE_INTDIR=\"$(CONFIGURATION)$(EFFECTIVE_PLATFORM_NAME)\"'");
				GCC_SYMBOLS_PRIVATE_EXTERN = NO;
				INSTALL_PATH = "";
				OTHER_LDFLAGS = " ";
				OTHER_REZFLAGS = "";
				PRODUCT_NAME = uninstall;
				SECTORDER_FLAGS = "";
				SYMROOT = "/Users/giancedrickepilan/dev/native/learn-opengl/xcode/lib/glfw";
				USE_HEADERMAP = NO;
				WARNING_CFLAGS = ("$(inherited)");
			};
			name = Release;
		};
		C068AAFEFE4A45CA933F4592 /* Debug */ = {
			isa = XCBuildConfiguration;
			buildSettings = {
				COMBINE_HIDPI_IMAGES = YES;
				GCC_GENERATE_DEBUGGING_SYMBOLS = YES;
				GCC_INLINES_ARE_PRIVATE_EXTERN = NO;
				GCC_OPTIMIZATION_LEVEL = 0;
				GCC_PREPROCESSOR_DEFINITIONS = ("'CMAKE_INTDIR=\"$(CONFIGURATION)$(EFFECTIVE_PLATFORM_NAME)\"'");
				GCC_SYMBOLS_PRIVATE_EXTERN = NO;
				INSTALL_PATH = "";
				OTHER_LDFLAGS = " ";
				OTHER_REZFLAGS = "";
				PRODUCT_NAME = ZERO_CHECK;
				SECTORDER_FLAGS = "";
				SYMROOT = "/Users/giancedrickepilan/dev/native/learn-opengl/xcode/lib/glfw";
				USE_HEADERMAP = NO;
				WARNING_CFLAGS = ("$(inherited)");
			};
			name = Debug;
		};
		CCA897A92AEF446CB8C56210 /* RelWithDebInfo */ = {
			isa = XCBuildConfiguration;
			buildSettings = {
				COMBINE_HIDPI_IMAGES = YES;
				GCC_GENERATE_DEBUGGING_SYMBOLS = YES;
				GCC_INLINES_ARE_PRIVATE_EXTERN = NO;
				GCC_OPTIMIZATION_LEVEL = 0;
				GCC_PREPROCESSOR_DEFINITIONS = ("'CMAKE_INTDIR=\"$(CONFIGURATION)$(EFFECTIVE_PLATFORM_NAME)\"'");
				GCC_SYMBOLS_PRIVATE_EXTERN = NO;
				INSTALL_PATH = "";
				OTHER_LDFLAGS = " ";
				OTHER_REZFLAGS = "";
				PRODUCT_NAME = install;
				SECTORDER_FLAGS = "";
				SYMROOT = "/Users/giancedrickepilan/dev/native/learn-opengl/xcode/lib/glfw";
				USE_HEADERMAP = NO;
				WARNING_CFLAGS = ("$(inherited)");
			};
			name = RelWithDebInfo;
		};
		DAE1295084DD47E8A1D398A3 /* MinSizeRel */ = {
			isa = XCBuildConfiguration;
			buildSettings = {
				COMBINE_HIDPI_IMAGES = YES;
				GCC_GENERATE_DEBUGGING_SYMBOLS = YES;
				GCC_INLINES_ARE_PRIVATE_EXTERN = NO;
				GCC_OPTIMIZATION_LEVEL = 0;
				GCC_PREPROCESSOR_DEFINITIONS = ("'CMAKE_INTDIR=\"$(CONFIGURATION)$(EFFECTIVE_PLATFORM_NAME)\"'");
				GCC_SYMBOLS_PRIVATE_EXTERN = NO;
				INSTALL_PATH = "";
				OTHER_LDFLAGS = " ";
				OTHER_REZFLAGS = "";
				PRODUCT_NAME = install;
				SECTORDER_FLAGS = "";
				SYMROOT = "/Users/giancedrickepilan/dev/native/learn-opengl/xcode/lib/glfw";
				USE_HEADERMAP = NO;
				WARNING_CFLAGS = ("$(inherited)");
			};
			name = MinSizeRel;
		};
		E10AA095BF1D41A7BC9E3EA4 /* MinSizeRel */ = {
			isa = XCBuildConfiguration;
			buildSettings = {
				ONLY_ACTIVE_ARCH = YES;
				SDKROOT = /Applications/Xcode.app/Contents/Developer/Platforms/MacOSX.platform/Developer/SDKs/MacOSX10.14.sdk;
				SYMROOT = "/Users/giancedrickepilan/dev/native/learn-opengl/xcode/lib/glfw/build";
			};
			name = MinSizeRel;
		};
		EA099A5AFC244F97BEF5EA81 /* MinSizeRel */ = {
			isa = XCBuildConfiguration;
			buildSettings = {
				COMBINE_HIDPI_IMAGES = YES;
				GCC_GENERATE_DEBUGGING_SYMBOLS = YES;
				GCC_INLINES_ARE_PRIVATE_EXTERN = NO;
				GCC_OPTIMIZATION_LEVEL = 0;
				GCC_PREPROCESSOR_DEFINITIONS = ("'CMAKE_INTDIR=\"$(CONFIGURATION)$(EFFECTIVE_PLATFORM_NAME)\"'");
				GCC_SYMBOLS_PRIVATE_EXTERN = NO;
				INSTALL_PATH = "";
				OTHER_LDFLAGS = " ";
				OTHER_REZFLAGS = "";
				PRODUCT_NAME = ZERO_CHECK;
				SECTORDER_FLAGS = "";
				SYMROOT = "/Users/giancedrickepilan/dev/native/learn-opengl/xcode/lib/glfw";
				USE_HEADERMAP = NO;
				WARNING_CFLAGS = ("$(inherited)");
			};
			name = MinSizeRel;
		};
		FEDE28007509444FBA74813B /* Debug */ = {
			isa = XCBuildConfiguration;
			buildSettings = {
				COMBINE_HIDPI_IMAGES = YES;
				GCC_GENERATE_DEBUGGING_SYMBOLS = YES;
				GCC_INLINES_ARE_PRIVATE_EXTERN = NO;
				GCC_OPTIMIZATION_LEVEL = 0;
				GCC_PREPROCESSOR_DEFINITIONS = ("'CMAKE_INTDIR=\"$(CONFIGURATION)$(EFFECTIVE_PLATFORM_NAME)\"'");
				GCC_SYMBOLS_PRIVATE_EXTERN = NO;
				INSTALL_PATH = "";
				OTHER_LDFLAGS = " ";
				OTHER_REZFLAGS = "";
				PRODUCT_NAME = install;
				SECTORDER_FLAGS = "";
				SYMROOT = "/Users/giancedrickepilan/dev/native/learn-opengl/xcode/lib/glfw";
				USE_HEADERMAP = NO;
				WARNING_CFLAGS = ("$(inherited)");
			};
			name = Debug;
		};
/* End XCBuildConfiguration section */

/* Begin XCConfigurationList section */
		618B6AD3A06A4E358974966A /* Build configuration list for PBXAggregateTarget "ALL_BUILD" */ = {
			isa = XCConfigurationList;
			buildConfigurations = (
				3F5932565D7443A8A953D2E6 /* Debug */,
				776414DF82434F1780BA2F2A /* Release */,
				3661C75979784374B26F4DD6 /* MinSizeRel */,
				2C672D1AAA5644EAAF93059D /* RelWithDebInfo */,
			);
			defaultConfigurationIsVisible = 0;
			defaultConfigurationName = Debug;
		};
		79C44FC378194A86AB17A62B /* Build configuration list for PBXNativeTarget "glfw" */ = {
			isa = XCConfigurationList;
			buildConfigurations = (
				52C8A315F6514ECCA987ABCA /* Debug */,
				7FE3CB6FF85F407884A8B9A3 /* Release */,
				4580BB477FC64D7CAE32F8B0 /* MinSizeRel */,
				8226D93801AC478FB8990494 /* RelWithDebInfo */,
			);
			defaultConfigurationIsVisible = 0;
			defaultConfigurationName = Debug;
		};
		7CD6225051C648D1A45103CC /* Build configuration list for PBXAggregateTarget "ZERO_CHECK" */ = {
			isa = XCConfigurationList;
			buildConfigurations = (
				C068AAFEFE4A45CA933F4592 /* Debug */,
				85E4940244A448A7BD95A92F /* Release */,
				EA099A5AFC244F97BEF5EA81 /* MinSizeRel */,
				2CB4AD00D6554DFBB15F719F /* RelWithDebInfo */,
			);
			defaultConfigurationIsVisible = 0;
			defaultConfigurationName = Debug;
		};
		906F74AC70AF4EE4B47501C4 /* Build configuration list for PBXAggregateTarget "uninstall" */ = {
			isa = XCConfigurationList;
			buildConfigurations = (
				73D42C8C823D4C37B385CBA7 /* Debug */,
				B08E19756D6448DDB4A25820 /* Release */,
				31E993C3921E4A0DACFCEBEC /* MinSizeRel */,
				192F878F73E14852B5187706 /* RelWithDebInfo */,
			);
			defaultConfigurationIsVisible = 0;
			defaultConfigurationName = Debug;
		};
		947B9680CD2B4E3293BDD200 /* Build configuration list for PBXProject "GLFW" */ = {
			isa = XCConfigurationList;
			buildConfigurations = (
				8E05C0566C9A42388CF815A0 /* Debug */,
				2733F9BD00134CC3BC5E6797 /* Release */,
				E10AA095BF1D41A7BC9E3EA4 /* MinSizeRel */,
				65E26F59547740809261C343 /* RelWithDebInfo */,
			);
			defaultConfigurationIsVisible = 0;
			defaultConfigurationName = Debug;
		};
		A74D8E0FB0B546C5AE85B214 /* Build configuration list for PBXAggregateTarget "install" */ = {
			isa = XCConfigurationList;
			buildConfigurations = (
				FEDE28007509444FBA74813B /* Debug */,
				7AFBC44C89DF4019B8D1AB1E /* Release */,
				DAE1295084DD47E8A1D398A3 /* MinSizeRel */,
				CCA897A92AEF446CB8C56210 /* RelWithDebInfo */,
			);
			defaultConfigurationIsVisible = 0;
			defaultConfigurationName = Debug;
		};
/* End XCConfigurationList section */
	};
	rootObject = DF4CFB1DDFCB48D6969E98D7 /* Project object */;
}
