// !$*UTF8*$!
{
	archiveVersion = 1;
	classes = {
	};
	objectVersion = 46;
	objects = {

/* Begin PBXAggregateTarget section */
		126BA06C3A084A45AB14BFCF /* install */ = {
			isa = PBXAggregateTarget;
			buildConfigurationList = 7CCA73B505444D748FD105DE /* Build configuration list for PBXAggregateTarget "install" */;
			buildPhases = (
				C798D2B91DD24B5F9F9E3B3A /* CMake PostBuild Rules */,
			);
			dependencies = (
				B78BB014967549F69EBCA3C3 /* PBXTargetDependency */,
			);
			name = install;
			productName = install;
		};
		1C0D4692A6C34F2EA4F11066 /* ZERO_CHECK */ = {
			isa = PBXAggregateTarget;
			buildConfigurationList = 30F261599C5342FCAD06E136 /* Build configuration list for PBXAggregateTarget "ZERO_CHECK" */;
			buildPhases = (
				4E267F38F2C945E8B5D5BABF /* CMake Rules */,
			);
			dependencies = (
			);
			name = ZERO_CHECK;
			productName = ZERO_CHECK;
		};
		89E1D528E20B49A6A4CBA348 /* uninstall */ = {
			isa = PBXAggregateTarget;
			buildConfigurationList = 7BDDCDD174EA43CAB1743F3B /* Build configuration list for PBXAggregateTarget "uninstall" */;
			buildPhases = (
				2CCBC7FA95E249E7ADE5D13C /* CMake Rules */,
			);
			dependencies = (
			);
			name = uninstall;
			productName = uninstall;
		};
		8D728B30B6DC43BEA852993E /* ALL_BUILD */ = {
			isa = PBXAggregateTarget;
			buildConfigurationList = CF46FC2342F6448BB09F8A49 /* Build configuration list for PBXAggregateTarget "ALL_BUILD" */;
			buildPhases = (
				4B5F2867E7494FB0A6129322 /* CMake Rules */,
			);
			dependencies = (
				73E0E2A658D04594B614713D /* PBXTargetDependency */,
				9770D2112D9D4AF095E1158A /* PBXTargetDependency */,
				4766A2EE82A74FC2A86B7D21 /* PBXTargetDependency */,
				BCCB54C086624B329F46F5A3 /* PBXTargetDependency */,
			);
			name = ALL_BUILD;
			productName = ALL_BUILD;
		};
/* End PBXAggregateTarget section */

/* Begin PBXBuildFile section */
		038CF7D25955426197CCCE66 /* monitor.c in Sources */ = {isa = PBXBuildFile; fileRef = 55264F091A4C4AB0BEA95106 /* monitor.c */; settings = {COMPILER_FLAGS = "-Wdeclaration-after-statement"; }; };
		0E3553BB289A4CBAB9B7D09E /* cocoa_joystick.m in Sources */ = {isa = PBXBuildFile; fileRef = 079173C4D7734A2093F988F4 /* cocoa_joystick.m */; };
		20ACC3EF156F484A9450A838 /* cocoa_init.m in Sources */ = {isa = PBXBuildFile; fileRef = CB411BABDEB94C27896B95A3 /* cocoa_init.m */; };
		24585A8D6949422DA7227A6D /* cocoa_window.m in Sources */ = {isa = PBXBuildFile; fileRef = B9E6E061140F4D3AB7AB326D /* cocoa_window.m */; };
		257EDC262C6248AC82CBB785 /* egl_context.c in Sources */ = {isa = PBXBuildFile; fileRef = C43E5BAA050A45F1ACE9FCCC /* egl_context.c */; settings = {COMPILER_FLAGS = "-Wdeclaration-after-statement"; }; };
		400BDD5E97F5443CB19C7351 /* posix_thread.c in Sources */ = {isa = PBXBuildFile; fileRef = F82F81C9DC0C4ED8891F2FC7 /* posix_thread.c */; };
		473FD3FDA3A7410BB5A3DA71 /* glad.c in Sources */ = {isa = PBXBuildFile; fileRef = 1DB7932D43394D339ADF9FB8 /* glad.c */; };
		485E9F0F99EA4C148D73ACF0 /* VertexArray.cpp in Sources */ = {isa = PBXBuildFile; fileRef = CF6824A49CC647E5A3D2E0E7 /* VertexArray.cpp */; };
		5C68932159D54C18B5EEF9ED /* cocoa_monitor.m in Sources */ = {isa = PBXBuildFile; fileRef = D9E4698AD147475783185E97 /* cocoa_monitor.m */; };
		6058C36591A84146921AA516 /* window.c in Sources */ = {isa = PBXBuildFile; fileRef = CAEC726738BE48DEBF525349 /* window.c */; settings = {COMPILER_FLAGS = "-Wdeclaration-after-statement"; }; };
		619A6F5C4E1C4328AEDF7044 /* Renderer.cpp in Sources */ = {isa = PBXBuildFile; fileRef = 25F42BAC9C2345CC89BCFA79 /* Renderer.cpp */; };
		6741BEF5F964427D85C85F96 /* main.cpp in Sources */ = {isa = PBXBuildFile; fileRef = 831CF3F7758F4D58AE060843 /* main.cpp */; };
		67AE0F7DD50043B18913024A /* VertexBuffer.cpp in Sources */ = {isa = PBXBuildFile; fileRef = C41856DED5944299912098B3 /* VertexBuffer.cpp */; };
		71B6D0E589984EA487CEE855 /* vulkan.c in Sources */ = {isa = PBXBuildFile; fileRef = E00B83410306478EBB398D0B /* vulkan.c */; settings = {COMPILER_FLAGS = "-Wdeclaration-after-statement"; }; };
		808B416E6A1E4C3395D0FA62 /* cocoa_time.c in Sources */ = {isa = PBXBuildFile; fileRef = F56B14DB8AA54F2889F3914B /* cocoa_time.c */; };
		8C8A13EAAB2D42C38C1ACFD5 /* nsgl_context.m in Sources */ = {isa = PBXBuildFile; fileRef = A3BFC3FAA8A347CCAD1C7742 /* nsgl_context.m */; };
		94FA7661B48A413CB6B60F6D /* Shader.cpp in Sources */ = {isa = PBXBuildFile; fileRef = 0D87A1D6F28545F880FF1CB7 /* Shader.cpp */; };
		9B698C23ECA2454F960C4EF8 /* input.c in Sources */ = {isa = PBXBuildFile; fileRef = 7876ED14641043A3A0B4B823 /* input.c */; settings = {COMPILER_FLAGS = "-Wdeclaration-after-statement"; }; };
		B35CA1A9993D4A4E877EFA3A /* IndexBuffer.cpp in Sources */ = {isa = PBXBuildFile; fileRef = CC7EB7F1897143A88886DAA4 /* IndexBuffer.cpp */; };
		D858B5204CBB4328885C803C /* osmesa_context.c in Sources */ = {isa = PBXBuildFile; fileRef = CE08556AD90E46BBA41FEF04 /* osmesa_context.c */; settings = {COMPILER_FLAGS = "-Wdeclaration-after-statement"; }; };
		E2F55003290F43EEB72AB174 /* init.c in Sources */ = {isa = PBXBuildFile; fileRef = BFB95EA86868473D9352A8FE /* init.c */; settings = {COMPILER_FLAGS = "-Wdeclaration-after-statement"; }; };
		FDE2E2EC18A841A590566FCC /* context.c in Sources */ = {isa = PBXBuildFile; fileRef = 2461510E556147D6A5B68FB3 /* context.c */; settings = {COMPILER_FLAGS = "-Wdeclaration-after-statement"; }; };
/* End PBXBuildFile section */

/* Begin PBXContainerItemProxy section */
		1BC553623BC54C619BAF2D31 /* PBXContainerItemProxy */ = {
			isa = PBXContainerItemProxy;
			containerPortal = F3099F10ED6C489EA105E00B /* Project object */;
			proxyType = 1;
			remoteGlobalIDString = 1C0D4692A6C34F2EA4F11066;
			remoteInfo = ZERO_CHECK;
		};
		2ACDF93E788E40C089206486 /* PBXContainerItemProxy */ = {
			isa = PBXContainerItemProxy;
			containerPortal = F3099F10ED6C489EA105E00B /* Project object */;
			proxyType = 1;
			remoteGlobalIDString = F40106A5891B444AAE6250F5;
			remoteInfo = glfw;
		};
		3B794F83B6C0498A9B49B848 /* PBXContainerItemProxy */ = {
			isa = PBXContainerItemProxy;
			containerPortal = F3099F10ED6C489EA105E00B /* Project object */;
			proxyType = 1;
			remoteGlobalIDString = A01DBF353C3E47F5BB9A333C;
			remoteInfo = glad;
		};
		4549FCEEB21141B8874C7143 /* PBXContainerItemProxy */ = {
			isa = PBXContainerItemProxy;
			containerPortal = F3099F10ED6C489EA105E00B /* Project object */;
			proxyType = 1;
			remoteGlobalIDString = 1C0D4692A6C34F2EA4F11066;
			remoteInfo = ZERO_CHECK;
		};
		47C4F7266162405891FBA47B /* PBXContainerItemProxy */ = {
			isa = PBXContainerItemProxy;
			containerPortal = F3099F10ED6C489EA105E00B /* Project object */;
			proxyType = 1;
			remoteGlobalIDString = F40106A5891B444AAE6250F5;
			remoteInfo = glfw;
		};
		7D92A3B128874ACE9D12E9E4 /* PBXContainerItemProxy */ = {
			isa = PBXContainerItemProxy;
			containerPortal = F3099F10ED6C489EA105E00B /* Project object */;
			proxyType = 1;
			remoteGlobalIDString = 1C0D4692A6C34F2EA4F11066;
			remoteInfo = ZERO_CHECK;
		};
		8B3492AD17A841E0B8AEF6AD /* PBXContainerItemProxy */ = {
			isa = PBXContainerItemProxy;
			containerPortal = F3099F10ED6C489EA105E00B /* Project object */;
			proxyType = 1;
			remoteGlobalIDString = A01DBF353C3E47F5BB9A333C;
			remoteInfo = glad;
		};
		8E388CF02E384376B7AB5749 /* PBXContainerItemProxy */ = {
			isa = PBXContainerItemProxy;
			containerPortal = F3099F10ED6C489EA105E00B /* Project object */;
			proxyType = 1;
			remoteGlobalIDString = 8D728B30B6DC43BEA852993E;
			remoteInfo = ALL_BUILD;
		};
		9E16EB280A4946379297AB38 /* PBXContainerItemProxy */ = {
			isa = PBXContainerItemProxy;
			containerPortal = F3099F10ED6C489EA105E00B /* Project object */;
			proxyType = 1;
			remoteGlobalIDString = 1C0D4692A6C34F2EA4F11066;
			remoteInfo = ZERO_CHECK;
		};
		CFD191CBA59243D9992C1BAA /* PBXContainerItemProxy */ = {
			isa = PBXContainerItemProxy;
			containerPortal = F3099F10ED6C489EA105E00B /* Project object */;
			proxyType = 1;
			remoteGlobalIDString = A106082780F1434C9EF48E3C;
			remoteInfo = "learn-opengl";
		};
/* End PBXContainerItemProxy section */

/* Begin PBXFileReference section */
		079173C4D7734A2093F988F4 /* cocoa_joystick.m */ = {isa = PBXFileReference; explicitFileType = sourcecode.c.objc; fileEncoding = 4; name = cocoa_joystick.m; path = lib/glfw/src/cocoa_joystick.m; sourceTree = SOURCE_ROOT; };
		0D87A1D6F28545F880FF1CB7 /* Shader.cpp */ = {isa = PBXFileReference; explicitFileType = sourcecode.cpp.cpp; fileEncoding = 4; name = Shader.cpp; path = src/Shader.cpp; sourceTree = SOURCE_ROOT; };
		1B0B61EEA76342369B9791FB /* CMakeLists.txt */ = {isa = PBXFileReference; explicitFileType = sourcecode.text; fileEncoding = 4; lastKnownFileType = text; name = CMakeLists.txt; path = lib/glfw/src/CMakeLists.txt; sourceTree = SOURCE_ROOT; };
		1DB7932D43394D339ADF9FB8 /* glad.c */ = {isa = PBXFileReference; explicitFileType = sourcecode.c.c; fileEncoding = 4; name = glad.c; path = lib/glad/src/glad.c; sourceTree = SOURCE_ROOT; };
		21ED1650776740E69BD28BA1 /* CMakeLists.txt */ = {isa = PBXFileReference; explicitFileType = sourcecode.text; fileEncoding = 4; lastKnownFileType = text; path = CMakeLists.txt; sourceTree = SOURCE_ROOT; };
		2461510E556147D6A5B68FB3 /* context.c */ = {isa = PBXFileReference; explicitFileType = sourcecode.c.c; fileEncoding = 4; name = context.c; path = lib/glfw/src/context.c; sourceTree = SOURCE_ROOT; };
		25F42BAC9C2345CC89BCFA79 /* Renderer.cpp */ = {isa = PBXFileReference; explicitFileType = sourcecode.cpp.cpp; fileEncoding = 4; name = Renderer.cpp; path = src/Renderer.cpp; sourceTree = SOURCE_ROOT; };
		2FD6AAE2EA7543B2A7384A07 /* internal.h */ = {isa = PBXFileReference; explicitFileType = sourcecode.c.h; fileEncoding = 4; name = internal.h; path = lib/glfw/src/internal.h; sourceTree = SOURCE_ROOT; };
		34E6A0A6ABB148878924572D /* learn-opengl */ = {isa = PBXFileReference; explicitFileType = "compiled.mach-o.executable"; path = "learn-opengl"; sourceTree = BUILT_PRODUCTS_DIR; };
		352442E7D4F54E1B9A70F58C /* include */ = {isa = PBXFileReference; fileEncoding = 4; lastKnownFileType = folder; name = include; path = lib/glad/include; sourceTree = SOURCE_ROOT; };
		3868C714ACEF4CC1835AF5D0 /* egl_context.h */ = {isa = PBXFileReference; explicitFileType = sourcecode.c.h; fileEncoding = 4; name = egl_context.h; path = lib/glfw/src/egl_context.h; sourceTree = SOURCE_ROOT; };
		3C65A285B1114C1D86AF88BC /* libglfw3.a */ = {isa = PBXFileReference; explicitFileType = archive.ar; path = libglfw3.a; sourceTree = BUILT_PRODUCTS_DIR; };
		47FB9DFF5FE94BC5A5B49FD4 /* posix_thread.h */ = {isa = PBXFileReference; explicitFileType = sourcecode.c.h; fileEncoding = 4; name = posix_thread.h; path = lib/glfw/src/posix_thread.h; sourceTree = SOURCE_ROOT; };
		4B72756592EA4D5383E3F9F1 /* IndexBuffer.hpp */ = {isa = PBXFileReference; explicitFileType = sourcecode.cpp.h; fileEncoding = 4; name = IndexBuffer.hpp; path = src/IndexBuffer.hpp; sourceTree = SOURCE_ROOT; };
		55264F091A4C4AB0BEA95106 /* monitor.c */ = {isa = PBXFileReference; explicitFileType = sourcecode.c.c; fileEncoding = 4; name = monitor.c; path = lib/glfw/src/monitor.c; sourceTree = SOURCE_ROOT; };
		56CDB3B26AEE41CA95DAA24D /* Renderer.hpp */ = {isa = PBXFileReference; explicitFileType = sourcecode.cpp.h; fileEncoding = 4; name = Renderer.hpp; path = src/Renderer.hpp; sourceTree = SOURCE_ROOT; };
		57E2A1FB27664EF88A6F1A28 /* cocoa_joystick.h */ = {isa = PBXFileReference; explicitFileType = sourcecode.c.h; fileEncoding = 4; name = cocoa_joystick.h; path = lib/glfw/src/cocoa_joystick.h; sourceTree = SOURCE_ROOT; };
		5FA78359AC5C41AEB1BED6A2 /* CMakeLists.txt */ = {isa = PBXFileReference; explicitFileType = sourcecode.text; fileEncoding = 4; lastKnownFileType = text; path = CMakeLists.txt; sourceTree = SOURCE_ROOT; };
		629B9B63453F4BED9DB23AE3 /* glfw3.h */ = {isa = PBXFileReference; explicitFileType = sourcecode.c.h; fileEncoding = 4; name = glfw3.h; path = lib/glfw/include/GLFW/glfw3.h; sourceTree = SOURCE_ROOT; };
		63199A402FCC4A4A944106F4 /* CMakeLists.txt */ = {isa = PBXFileReference; explicitFileType = sourcecode.text; fileEncoding = 4; lastKnownFileType = text; path = CMakeLists.txt; sourceTree = SOURCE_ROOT; };
		7876ED14641043A3A0B4B823 /* input.c */ = {isa = PBXFileReference; explicitFileType = sourcecode.c.c; fileEncoding = 4; name = input.c; path = lib/glfw/src/input.c; sourceTree = SOURCE_ROOT; };
		815FC17A3E8F4E09B595838E /* nsgl_context.h */ = {isa = PBXFileReference; explicitFileType = sourcecode.c.h; fileEncoding = 4; name = nsgl_context.h; path = lib/glfw/src/nsgl_context.h; sourceTree = SOURCE_ROOT; };
		831CF3F7758F4D58AE060843 /* main.cpp */ = {isa = PBXFileReference; explicitFileType = sourcecode.cpp.cpp; fileEncoding = 4; name = main.cpp; path = src/main.cpp; sourceTree = SOURCE_ROOT; };
		97282FE366F0478684D23BCA /* Shader.hpp */ = {isa = PBXFileReference; explicitFileType = sourcecode.cpp.h; fileEncoding = 4; name = Shader.hpp; path = src/Shader.hpp; sourceTree = SOURCE_ROOT; };
		9B93242F72C24F709FE65FB9 /* glfw_config.h */ = {isa = PBXFileReference; explicitFileType = sourcecode.c.h; fileEncoding = 4; name = glfw_config.h; path = xcode/lib/glfw/src/glfw_config.h; sourceTree = SOURCE_ROOT; };
		9CA4FB5AA66145528C842696 /* osmesa_context.h */ = {isa = PBXFileReference; explicitFileType = sourcecode.c.h; fileEncoding = 4; name = osmesa_context.h; path = lib/glfw/src/osmesa_context.h; sourceTree = SOURCE_ROOT; };
		A3BFC3FAA8A347CCAD1C7742 /* nsgl_context.m */ = {isa = PBXFileReference; explicitFileType = sourcecode.c.objc; fileEncoding = 4; name = nsgl_context.m; path = lib/glfw/src/nsgl_context.m; sourceTree = SOURCE_ROOT; };
		A5570534947C488EB835A429 /* mappings.h */ = {isa = PBXFileReference; explicitFileType = sourcecode.c.h; fileEncoding = 4; name = mappings.h; path = lib/glfw/src/mappings.h; sourceTree = SOURCE_ROOT; };
		B1053E79178A45D98EEAD403 /* VertexArray.hpp */ = {isa = PBXFileReference; explicitFileType = sourcecode.cpp.h; fileEncoding = 4; name = VertexArray.hpp; path = src/VertexArray.hpp; sourceTree = SOURCE_ROOT; };
		B6194C20B6274B6AABCC8C2A /* VertexBuffer.hpp */ = {isa = PBXFileReference; explicitFileType = sourcecode.cpp.h; fileEncoding = 4; name = VertexBuffer.hpp; path = src/VertexBuffer.hpp; sourceTree = SOURCE_ROOT; };
		B9E6E061140F4D3AB7AB326D /* cocoa_window.m */ = {isa = PBXFileReference; explicitFileType = sourcecode.c.objc; fileEncoding = 4; name = cocoa_window.m; path = lib/glfw/src/cocoa_window.m; sourceTree = SOURCE_ROOT; };
		BFB95EA86868473D9352A8FE /* init.c */ = {isa = PBXFileReference; explicitFileType = sourcecode.c.c; fileEncoding = 4; name = init.c; path = lib/glfw/src/init.c; sourceTree = SOURCE_ROOT; };
		C41856DED5944299912098B3 /* VertexBuffer.cpp */ = {isa = PBXFileReference; explicitFileType = sourcecode.cpp.cpp; fileEncoding = 4; name = VertexBuffer.cpp; path = src/VertexBuffer.cpp; sourceTree = SOURCE_ROOT; };
		C43E5BAA050A45F1ACE9FCCC /* egl_context.c */ = {isa = PBXFileReference; explicitFileType = sourcecode.c.c; fileEncoding = 4; name = egl_context.c; path = lib/glfw/src/egl_context.c; sourceTree = SOURCE_ROOT; };
		C4B955C9F1E14FEA8242132A /* cocoa_platform.h */ = {isa = PBXFileReference; explicitFileType = sourcecode.c.h; fileEncoding = 4; name = cocoa_platform.h; path = lib/glfw/src/cocoa_platform.h; sourceTree = SOURCE_ROOT; };
		CAEC726738BE48DEBF525349 /* window.c */ = {isa = PBXFileReference; explicitFileType = sourcecode.c.c; fileEncoding = 4; name = window.c; path = lib/glfw/src/window.c; sourceTree = SOURCE_ROOT; };
		CB411BABDEB94C27896B95A3 /* cocoa_init.m */ = {isa = PBXFileReference; explicitFileType = sourcecode.c.objc; fileEncoding = 4; name = cocoa_init.m; path = lib/glfw/src/cocoa_init.m; sourceTree = SOURCE_ROOT; };
		CC7EB7F1897143A88886DAA4 /* IndexBuffer.cpp */ = {isa = PBXFileReference; explicitFileType = sourcecode.cpp.cpp; fileEncoding = 4; name = IndexBuffer.cpp; path = src/IndexBuffer.cpp; sourceTree = SOURCE_ROOT; };
		CE08556AD90E46BBA41FEF04 /* osmesa_context.c */ = {isa = PBXFileReference; explicitFileType = sourcecode.c.c; fileEncoding = 4; name = osmesa_context.c; path = lib/glfw/src/osmesa_context.c; sourceTree = SOURCE_ROOT; };
		CF6824A49CC647E5A3D2E0E7 /* VertexArray.cpp */ = {isa = PBXFileReference; explicitFileType = sourcecode.cpp.cpp; fileEncoding = 4; name = VertexArray.cpp; path = src/VertexArray.cpp; sourceTree = SOURCE_ROOT; };
		D47921D0960947C89073FD8E /* libglad.a */ = {isa = PBXFileReference; explicitFileType = archive.ar; path = libglad.a; sourceTree = BUILT_PRODUCTS_DIR; };
		D9E4698AD147475783185E97 /* cocoa_monitor.m */ = {isa = PBXFileReference; explicitFileType = sourcecode.c.objc; fileEncoding = 4; name = cocoa_monitor.m; path = lib/glfw/src/cocoa_monitor.m; sourceTree = SOURCE_ROOT; };
		DEE1E1C878C94DA29E1488C2 /* VertexBufferLayout.hpp */ = {isa = PBXFileReference; explicitFileType = sourcecode.cpp.h; fileEncoding = 4; name = VertexBufferLayout.hpp; path = src/VertexBufferLayout.hpp; sourceTree = SOURCE_ROOT; };
		E00B83410306478EBB398D0B /* vulkan.c */ = {isa = PBXFileReference; explicitFileType = sourcecode.c.c; fileEncoding = 4; name = vulkan.c; path = lib/glfw/src/vulkan.c; sourceTree = SOURCE_ROOT; };
		E28DF642A807477183BB8552 /* glfw3native.h */ = {isa = PBXFileReference; explicitFileType = sourcecode.c.h; fileEncoding = 4; name = glfw3native.h; path = lib/glfw/include/GLFW/glfw3native.h; sourceTree = SOURCE_ROOT; };
		E4554D45533B4510B733F8E4 /* CMakeLists.txt */ = {isa = PBXFileReference; explicitFileType = sourcecode.text; fileEncoding = 4; lastKnownFileType = text; name = CMakeLists.txt; path = lib/glfw/CMakeLists.txt; sourceTree = SOURCE_ROOT; };
		F56B14DB8AA54F2889F3914B /* cocoa_time.c */ = {isa = PBXFileReference; explicitFileType = sourcecode.c.c; fileEncoding = 4; name = cocoa_time.c; path = lib/glfw/src/cocoa_time.c; sourceTree = SOURCE_ROOT; };
		F82F81C9DC0C4ED8891F2FC7 /* posix_thread.c */ = {isa = PBXFileReference; explicitFileType = sourcecode.c.c; fileEncoding = 4; name = posix_thread.c; path = lib/glfw/src/posix_thread.c; sourceTree = SOURCE_ROOT; };
/* End PBXFileReference section */

/* Begin PBXGroup section */
		0F93ED555DF14E4D9A461EC3 /* uninstall */ = {
			isa = PBXGroup;
			children = (
				54C55D5E4FB949E7A7CF2203 /* CMake Rules */,
				E4554D45533B4510B733F8E4 /* CMakeLists.txt */,
			);
			name = uninstall;
			sourceTree = "<group>";
		};
		13B2F4F9581A411C80241938 /* ALL_BUILD */ = {
			isa = PBXGroup;
			children = (
				A3FF3CEEE7C145538F8720CA /* CMake Rules */,
				5FA78359AC5C41AEB1BED6A2 /* CMakeLists.txt */,
			);
			name = ALL_BUILD;
			sourceTree = "<group>";
		};
		181A5A6A617B4BE4B4C2A20C /* Products */ = {
			isa = PBXGroup;
			children = (
				D47921D0960947C89073FD8E /* libglad.a */,
				3C65A285B1114C1D86AF88BC /* libglfw3.a */,
				34E6A0A6ABB148878924572D /* learn-opengl */,
			);
			name = Products;
			sourceTree = "<group>";
		};
		2705326C3B274EC392B789D0 /* glad */ = {
			isa = PBXGroup;
			children = (
				857F5B37E84547C4A9CA27A2 /* Source Files */,
				21ED1650776740E69BD28BA1 /* CMakeLists.txt */,
				352442E7D4F54E1B9A70F58C /* include */,
			);
			name = glad;
			sourceTree = "<group>";
		};
		2A155717C6F848C5BA008A45 /* GLFW3 */ = {
			isa = PBXGroup;
			children = (
				0F93ED555DF14E4D9A461EC3 /* uninstall */,
				C4B38D3F0FE34F20832F260E /* glfw */,
			);
			name = GLFW3;
			sourceTree = "<group>";
		};
		2D22B10F3E034A7A8C792668 /* learn-opengl */ = {
			isa = PBXGroup;
			children = (
				A6C0E9A5569D40FB825EED81 /* Source Files */,
				A5B569DCEFEF4601BFE0D1B9 /* Header Files */,
				63199A402FCC4A4A944106F4 /* CMakeLists.txt */,
			);
			name = "learn-opengl";
			sourceTree = "<group>";
		};
		54C55D5E4FB949E7A7CF2203 /* CMake Rules */ = {
			isa = PBXGroup;
			children = (
			);
			name = "CMake Rules";
			sourceTree = "<group>";
		};
		857F5B37E84547C4A9CA27A2 /* Source Files */ = {
			isa = PBXGroup;
			children = (
				1DB7932D43394D339ADF9FB8 /* glad.c */,
			);
			name = "Source Files";
			sourceTree = "<group>";
		};
		A3FF3CEEE7C145538F8720CA /* CMake Rules */ = {
			isa = PBXGroup;
			children = (
			);
			name = "CMake Rules";
			sourceTree = "<group>";
		};
		A5B569DCEFEF4601BFE0D1B9 /* Header Files */ = {
			isa = PBXGroup;
			children = (
				4B72756592EA4D5383E3F9F1 /* IndexBuffer.hpp */,
				56CDB3B26AEE41CA95DAA24D /* Renderer.hpp */,
				97282FE366F0478684D23BCA /* Shader.hpp */,
				B1053E79178A45D98EEAD403 /* VertexArray.hpp */,
				B6194C20B6274B6AABCC8C2A /* VertexBuffer.hpp */,
				DEE1E1C878C94DA29E1488C2 /* VertexBufferLayout.hpp */,
			);
			name = "Header Files";
			sourceTree = "<group>";
		};
		A6C0E9A5569D40FB825EED81 /* Source Files */ = {
			isa = PBXGroup;
			children = (
				CC7EB7F1897143A88886DAA4 /* IndexBuffer.cpp */,
				25F42BAC9C2345CC89BCFA79 /* Renderer.cpp */,
				0D87A1D6F28545F880FF1CB7 /* Shader.cpp */,
				CF6824A49CC647E5A3D2E0E7 /* VertexArray.cpp */,
				C41856DED5944299912098B3 /* VertexBuffer.cpp */,
				831CF3F7758F4D58AE060843 /* main.cpp */,
			);
			name = "Source Files";
			sourceTree = "<group>";
		};
		B36A4018BE6B4FE78263F604 = {
			isa = PBXGroup;
			children = (
				2705326C3B274EC392B789D0 /* glad */,
				2D22B10F3E034A7A8C792668 /* learn-opengl */,
				13B2F4F9581A411C80241938 /* ALL_BUILD */,
				2A155717C6F848C5BA008A45 /* GLFW3 */,
				181A5A6A617B4BE4B4C2A20C /* Products */,
			);
			sourceTree = "<group>";
		};
		C4B38D3F0FE34F20832F260E /* glfw */ = {
			isa = PBXGroup;
			children = (
				D8CF8A72726E4EC89FFF4BB2 /* Header Files */,
				CF2C85E89394487996B5393C /* Source Files */,
				1B0B61EEA76342369B9791FB /* CMakeLists.txt */,
			);
			name = glfw;
			sourceTree = "<group>";
		};
		CF2C85E89394487996B5393C /* Source Files */ = {
			isa = PBXGroup;
			children = (
				CB411BABDEB94C27896B95A3 /* cocoa_init.m */,
				079173C4D7734A2093F988F4 /* cocoa_joystick.m */,
				D9E4698AD147475783185E97 /* cocoa_monitor.m */,
				F56B14DB8AA54F2889F3914B /* cocoa_time.c */,
				B9E6E061140F4D3AB7AB326D /* cocoa_window.m */,
				2461510E556147D6A5B68FB3 /* context.c */,
				C43E5BAA050A45F1ACE9FCCC /* egl_context.c */,
				BFB95EA86868473D9352A8FE /* init.c */,
				7876ED14641043A3A0B4B823 /* input.c */,
				55264F091A4C4AB0BEA95106 /* monitor.c */,
				A3BFC3FAA8A347CCAD1C7742 /* nsgl_context.m */,
				CE08556AD90E46BBA41FEF04 /* osmesa_context.c */,
				F82F81C9DC0C4ED8891F2FC7 /* posix_thread.c */,
				E00B83410306478EBB398D0B /* vulkan.c */,
				CAEC726738BE48DEBF525349 /* window.c */,
			);
			name = "Source Files";
			sourceTree = "<group>";
		};
		D8CF8A72726E4EC89FFF4BB2 /* Header Files */ = {
			isa = PBXGroup;
			children = (
				629B9B63453F4BED9DB23AE3 /* glfw3.h */,
				E28DF642A807477183BB8552 /* glfw3native.h */,
				57E2A1FB27664EF88A6F1A28 /* cocoa_joystick.h */,
				C4B955C9F1E14FEA8242132A /* cocoa_platform.h */,
				3868C714ACEF4CC1835AF5D0 /* egl_context.h */,
				2FD6AAE2EA7543B2A7384A07 /* internal.h */,
				A5570534947C488EB835A429 /* mappings.h */,
				815FC17A3E8F4E09B595838E /* nsgl_context.h */,
				9CA4FB5AA66145528C842696 /* osmesa_context.h */,
				47FB9DFF5FE94BC5A5B49FD4 /* posix_thread.h */,
				9B93242F72C24F709FE65FB9 /* glfw_config.h */,
			);
			name = "Header Files";
			sourceTree = "<group>";
		};
/* End PBXGroup section */

/* Begin PBXNativeTarget section */
		A01DBF353C3E47F5BB9A333C /* glad */ = {
			isa = PBXNativeTarget;
			buildConfigurationList = C98882F1E3334CA4A3363EC5 /* Build configuration list for PBXNativeTarget "glad" */;
			buildPhases = (
				BF7911AEA8B841A9B19049E3 /* Sources */,
			);
			buildRules = (
			);
			dependencies = (
				C7579BAF60F041158788DBD5 /* PBXTargetDependency */,
			);
			name = glad;
			productName = glad;
			productReference = D47921D0960947C89073FD8E /* libglad.a */;
			productType = "com.apple.product-type.library.static";
		};
		A106082780F1434C9EF48E3C /* learn-opengl */ = {
			isa = PBXNativeTarget;
			buildConfigurationList = 45DB65E8E37A4C1F94627FBA /* Build configuration list for PBXNativeTarget "learn-opengl" */;
			buildPhases = (
				6A1D152F7D7E4901B900C27E /* Sources */,
			);
			buildRules = (
			);
			dependencies = (
				4F3438167E694AD9A2093198 /* PBXTargetDependency */,
				C6438419CEB44FCAB605B21E /* PBXTargetDependency */,
				E3B76F658AB044C584D2303A /* PBXTargetDependency */,
			);
			name = "learn-opengl";
			productName = "learn-opengl";
			productReference = 34E6A0A6ABB148878924572D /* learn-opengl */;
			productType = "com.apple.product-type.tool";
		};
		F40106A5891B444AAE6250F5 /* glfw */ = {
			isa = PBXNativeTarget;
			buildConfigurationList = A0C0FD9DB94A4EAD9B5D9594 /* Build configuration list for PBXNativeTarget "glfw" */;
			buildPhases = (
				28FFF107F113416BA59B8DB0 /* Sources */,
			);
			buildRules = (
			);
			dependencies = (
				0FCCE8104C4A49889D237410 /* PBXTargetDependency */,
			);
			name = glfw;
			productName = glfw;
			productReference = 3C65A285B1114C1D86AF88BC /* libglfw3.a */;
			productType = "com.apple.product-type.library.static";
		};
/* End PBXNativeTarget section */

/* Begin PBXProject section */
		F3099F10ED6C489EA105E00B /* Project object */ = {
			isa = PBXProject;
			attributes = {
				BuildIndependentTargetsInParallel = YES;
				LastUpgradeCheck = 1130;
			};
			buildConfigurationList = E91D972058DA4C498C7F3C51 /* Build configuration list for PBXProject "learn-opengl" */;
			compatibilityVersion = "Xcode 3.2";
			developmentRegion = en;
			hasScannedForEncodings = 0;
			knownRegions = (
				en,
				Base,
			);
			mainGroup = B36A4018BE6B4FE78263F604;
			projectDirPath = ../;
			projectRoot = "";
			targets = (
				8D728B30B6DC43BEA852993E /* ALL_BUILD */,
				1C0D4692A6C34F2EA4F11066 /* ZERO_CHECK */,
				A01DBF353C3E47F5BB9A333C /* glad */,
				F40106A5891B444AAE6250F5 /* glfw */,
				126BA06C3A084A45AB14BFCF /* install */,
				A106082780F1434C9EF48E3C /* learn-opengl */,
				89E1D528E20B49A6A4CBA348 /* uninstall */,
			);
		};
/* End PBXProject section */

/* Begin PBXShellScriptBuildPhase section */
		2CCBC7FA95E249E7ADE5D13C /* CMake Rules */ = {
			isa = PBXShellScriptBuildPhase;
			buildActionMask = 2147483647;
			files = (
			);
			name = "CMake Rules";
			runOnlyForDeploymentPostprocessing = 0;
			shellPath = /bin/sh;
			shellScript = "make -C /Users/giancedrickepilan/dev/native/learn-opengl/xcode/lib/glfw -f /Users/giancedrickepilan/dev/native/learn-opengl/xcode/lib/glfw/CMakeScripts/uninstall_cmakeRulesBuildPhase.make$CONFIGURATION OBJDIR=$(basename \"$OBJECT_FILE_DIR_normal\") all";
			showEnvVarsInLog = 0;
		};
		4B5F2867E7494FB0A6129322 /* CMake Rules */ = {
			isa = PBXShellScriptBuildPhase;
			buildActionMask = 2147483647;
			files = (
			);
			name = "CMake Rules";
			runOnlyForDeploymentPostprocessing = 0;
			shellPath = /bin/sh;
			shellScript = "make -C /Users/giancedrickepilan/dev/native/learn-opengl/xcode -f /Users/giancedrickepilan/dev/native/learn-opengl/xcode/CMakeScripts/ALL_BUILD_cmakeRulesBuildPhase.make$CONFIGURATION OBJDIR=$(basename \"$OBJECT_FILE_DIR_normal\") all";
			showEnvVarsInLog = 0;
		};
		4E267F38F2C945E8B5D5BABF /* CMake Rules */ = {
			isa = PBXShellScriptBuildPhase;
			buildActionMask = 2147483647;
			files = (
			);
			name = "CMake Rules";
			runOnlyForDeploymentPostprocessing = 0;
			shellPath = /bin/sh;
			shellScript = "make -C /Users/giancedrickepilan/dev/native/learn-opengl/xcode -f /Users/giancedrickepilan/dev/native/learn-opengl/xcode/CMakeScripts/ZERO_CHECK_cmakeRulesBuildPhase.make$CONFIGURATION OBJDIR=$(basename \"$OBJECT_FILE_DIR_normal\") all";
			showEnvVarsInLog = 0;
		};
		C798D2B91DD24B5F9F9E3B3A /* CMake PostBuild Rules */ = {
			isa = PBXShellScriptBuildPhase;
			buildActionMask = 2147483647;
			files = (
			);
			name = "CMake PostBuild Rules";
			runOnlyForDeploymentPostprocessing = 0;
			shellPath = /bin/sh;
			shellScript = "make -C /Users/giancedrickepilan/dev/native/learn-opengl/xcode -f /Users/giancedrickepilan/dev/native/learn-opengl/xcode/CMakeScripts/install_postBuildPhase.make$CONFIGURATION OBJDIR=$(basename \"$OBJECT_FILE_DIR_normal\") all";
			showEnvVarsInLog = 0;
		};
/* End PBXShellScriptBuildPhase section */

/* Begin PBXSourcesBuildPhase section */
		28FFF107F113416BA59B8DB0 /* Sources */ = {
			isa = PBXSourcesBuildPhase;
			buildActionMask = 2147483647;
			files = (
				20ACC3EF156F484A9450A838 /* cocoa_init.m in Sources */,
				0E3553BB289A4CBAB9B7D09E /* cocoa_joystick.m in Sources */,
				5C68932159D54C18B5EEF9ED /* cocoa_monitor.m in Sources */,
				808B416E6A1E4C3395D0FA62 /* cocoa_time.c in Sources */,
				24585A8D6949422DA7227A6D /* cocoa_window.m in Sources */,
				FDE2E2EC18A841A590566FCC /* context.c in Sources */,
				257EDC262C6248AC82CBB785 /* egl_context.c in Sources */,
				E2F55003290F43EEB72AB174 /* init.c in Sources */,
				9B698C23ECA2454F960C4EF8 /* input.c in Sources */,
				038CF7D25955426197CCCE66 /* monitor.c in Sources */,
				8C8A13EAAB2D42C38C1ACFD5 /* nsgl_context.m in Sources */,
				D858B5204CBB4328885C803C /* osmesa_context.c in Sources */,
				400BDD5E97F5443CB19C7351 /* posix_thread.c in Sources */,
				71B6D0E589984EA487CEE855 /* vulkan.c in Sources */,
				6058C36591A84146921AA516 /* window.c in Sources */,
			);
			runOnlyForDeploymentPostprocessing = 0;
		};
		6A1D152F7D7E4901B900C27E /* Sources */ = {
			isa = PBXSourcesBuildPhase;
			buildActionMask = 2147483647;
			files = (
				B35CA1A9993D4A4E877EFA3A /* IndexBuffer.cpp in Sources */,
				619A6F5C4E1C4328AEDF7044 /* Renderer.cpp in Sources */,
				94FA7661B48A413CB6B60F6D /* Shader.cpp in Sources */,
				485E9F0F99EA4C148D73ACF0 /* VertexArray.cpp in Sources */,
				67AE0F7DD50043B18913024A /* VertexBuffer.cpp in Sources */,
				6741BEF5F964427D85C85F96 /* main.cpp in Sources */,
			);
			runOnlyForDeploymentPostprocessing = 0;
		};
		BF7911AEA8B841A9B19049E3 /* Sources */ = {
			isa = PBXSourcesBuildPhase;
			buildActionMask = 2147483647;
			files = (
				473FD3FDA3A7410BB5A3DA71 /* glad.c in Sources */,
			);
			runOnlyForDeploymentPostprocessing = 0;
		};
/* End PBXSourcesBuildPhase section */

/* Begin PBXTargetDependency section */
		0FCCE8104C4A49889D237410 /* PBXTargetDependency */ = {
			isa = PBXTargetDependency;
			target = 1C0D4692A6C34F2EA4F11066 /* ZERO_CHECK */;
			targetProxy = 9E16EB280A4946379297AB38 /* PBXContainerItemProxy */;
		};
		4766A2EE82A74FC2A86B7D21 /* PBXTargetDependency */ = {
			isa = PBXTargetDependency;
			target = A106082780F1434C9EF48E3C /* learn-opengl */;
			targetProxy = CFD191CBA59243D9992C1BAA /* PBXContainerItemProxy */;
		};
		4F3438167E694AD9A2093198 /* PBXTargetDependency */ = {
			isa = PBXTargetDependency;
			target = 1C0D4692A6C34F2EA4F11066 /* ZERO_CHECK */;
			targetProxy = 1BC553623BC54C619BAF2D31 /* PBXContainerItemProxy */;
		};
		73E0E2A658D04594B614713D /* PBXTargetDependency */ = {
			isa = PBXTargetDependency;
			target = 1C0D4692A6C34F2EA4F11066 /* ZERO_CHECK */;
			targetProxy = 4549FCEEB21141B8874C7143 /* PBXContainerItemProxy */;
		};
		9770D2112D9D4AF095E1158A /* PBXTargetDependency */ = {
			isa = PBXTargetDependency;
			target = A01DBF353C3E47F5BB9A333C /* glad */;
			targetProxy = 3B794F83B6C0498A9B49B848 /* PBXContainerItemProxy */;
		};
		B78BB014967549F69EBCA3C3 /* PBXTargetDependency */ = {
			isa = PBXTargetDependency;
			target = 8D728B30B6DC43BEA852993E /* ALL_BUILD */;
			targetProxy = 8E388CF02E384376B7AB5749 /* PBXContainerItemProxy */;
		};
		BCCB54C086624B329F46F5A3 /* PBXTargetDependency */ = {
			isa = PBXTargetDependency;
			target = F40106A5891B444AAE6250F5 /* glfw */;
			targetProxy = 47C4F7266162405891FBA47B /* PBXContainerItemProxy */;
		};
		C6438419CEB44FCAB605B21E /* PBXTargetDependency */ = {
			isa = PBXTargetDependency;
			target = A01DBF353C3E47F5BB9A333C /* glad */;
			targetProxy = 8B3492AD17A841E0B8AEF6AD /* PBXContainerItemProxy */;
		};
		C7579BAF60F041158788DBD5 /* PBXTargetDependency */ = {
			isa = PBXTargetDependency;
			target = 1C0D4692A6C34F2EA4F11066 /* ZERO_CHECK */;
			targetProxy = 7D92A3B128874ACE9D12E9E4 /* PBXContainerItemProxy */;
		};
		E3B76F658AB044C584D2303A /* PBXTargetDependency */ = {
			isa = PBXTargetDependency;
			target = F40106A5891B444AAE6250F5 /* glfw */;
			targetProxy = 2ACDF93E788E40C089206486 /* PBXContainerItemProxy */;
		};
/* End PBXTargetDependency section */

/* Begin XCBuildConfiguration section */
		076DCFE65D6F4284A32D4204 /* MinSizeRel */ = {
			isa = XCBuildConfiguration;
			buildSettings = {
				CLANG_ENABLE_OBJC_WEAK = YES;
				COMBINE_HIDPI_IMAGES = YES;
				GCC_GENERATE_DEBUGGING_SYMBOLS = YES;
				GCC_INLINES_ARE_PRIVATE_EXTERN = NO;
				GCC_OPTIMIZATION_LEVEL = 0;
				GCC_PREPROCESSOR_DEFINITIONS = "'CMAKE_INTDIR=\"$(CONFIGURATION)$(EFFECTIVE_PLATFORM_NAME)\"'";
				GCC_SYMBOLS_PRIVATE_EXTERN = NO;
				INSTALL_PATH = "";
				OTHER_LDFLAGS = " ";
				OTHER_REZFLAGS = "";
				PRODUCT_NAME = ALL_BUILD;
				SECTORDER_FLAGS = "";
				SYMROOT = "/Users/giancedrickepilan/dev/native/learn-opengl/xcode";
				USE_HEADERMAP = NO;
				WARNING_CFLAGS = "$(inherited)";
			};
			name = MinSizeRel;
		};
		0A7A0175B0B642E0AD01BF7B /* Release */ = {
			isa = XCBuildConfiguration;
			buildSettings = {
				CLANG_ENABLE_OBJC_WEAK = YES;
				CODE_SIGN_IDENTITY = "-";
				COMBINE_HIDPI_IMAGES = YES;
				EXECUTABLE_PREFIX = "";
				EXECUTABLE_SUFFIX = "";
				GCC_GENERATE_DEBUGGING_SYMBOLS = NO;
				GCC_INLINES_ARE_PRIVATE_EXTERN = NO;
				GCC_OPTIMIZATION_LEVEL = 3;
				GCC_PREPROCESSOR_DEFINITIONS = "'CMAKE_INTDIR=\"$(CONFIGURATION)$(EFFECTIVE_PLATFORM_NAME)\"'";
				GCC_SYMBOLS_PRIVATE_EXTERN = NO;
				HEADER_SEARCH_PATHS = (
					"/Users/giancedrickepilan/dev/native/learn-opengl/lib/glad/include",
					"/Users/giancedrickepilan/dev/native/learn-opengl/lib/glfw/include",
				);
				INSTALL_PATH = "";
				LIBRARY_SEARCH_PATHS = "";
				OTHER_CPLUSPLUSFLAGS = (
					"-std=c++14",
					"-DDEBUG",
					"-DNDEBUG",
					"'-std=gnu++14'",
				);
				OTHER_LDFLAGS = (
					"-Wl,-search_paths_first",
					"-Wl,-headerpad_max_install_names",
					"-framework",
					OpenGL,
					"-DDEBUG",
					"/Users/giancedrickepilan/dev/native/learn-opengl/xcode/Release/libglad.a",
					"/Users/giancedrickepilan/dev/native/learn-opengl/xcode/lib/glfw/src/Release/libglfw3.a",
					"-framework",
					Cocoa,
					"-framework",
					IOKit,
					"-framework",
					CoreFoundation,
				);
				OTHER_REZFLAGS = "";
				PRODUCT_NAME = "learn-opengl";
				SECTORDER_FLAGS = "";
				SYMROOT = "/Users/giancedrickepilan/dev/native/learn-opengl/xcode";
				USE_HEADERMAP = NO;
				WARNING_CFLAGS = "$(inherited)";
			};
			name = Release;
		};
		16B4EDE3F3FD4A26B3209531 /* MinSizeRel */ = {
			isa = XCBuildConfiguration;
			buildSettings = {
				CLANG_ENABLE_OBJC_WEAK = YES;
				CODE_SIGN_IDENTITY = "-";
				COMBINE_HIDPI_IMAGES = YES;
				EXECUTABLE_PREFIX = "";
				EXECUTABLE_SUFFIX = "";
				GCC_GENERATE_DEBUGGING_SYMBOLS = NO;
				GCC_INLINES_ARE_PRIVATE_EXTERN = NO;
				GCC_OPTIMIZATION_LEVEL = s;
				GCC_PREPROCESSOR_DEFINITIONS = "'CMAKE_INTDIR=\"$(CONFIGURATION)$(EFFECTIVE_PLATFORM_NAME)\"'";
				GCC_SYMBOLS_PRIVATE_EXTERN = NO;
				HEADER_SEARCH_PATHS = (
					"/Users/giancedrickepilan/dev/native/learn-opengl/lib/glad/include",
					"/Users/giancedrickepilan/dev/native/learn-opengl/lib/glfw/include",
				);
				INSTALL_PATH = "";
				LIBRARY_SEARCH_PATHS = "";
				OTHER_CPLUSPLUSFLAGS = (
					"-std=c++14",
					"-DDEBUG",
					"-DNDEBUG",
					"'-std=gnu++14'",
				);
				OTHER_LDFLAGS = (
					"-Wl,-search_paths_first",
					"-Wl,-headerpad_max_install_names",
					"-framework",
					OpenGL,
					"-DDEBUG",
					"/Users/giancedrickepilan/dev/native/learn-opengl/xcode/MinSizeRel/libglad.a",
					"/Users/giancedrickepilan/dev/native/learn-opengl/xcode/lib/glfw/src/MinSizeRel/libglfw3.a",
					"-framework",
					Cocoa,
					"-framework",
					IOKit,
					"-framework",
					CoreFoundation,
				);
				OTHER_REZFLAGS = "";
				PRODUCT_NAME = "learn-opengl";
				SECTORDER_FLAGS = "";
				SYMROOT = "/Users/giancedrickepilan/dev/native/learn-opengl/xcode";
				USE_HEADERMAP = NO;
				WARNING_CFLAGS = "$(inherited)";
			};
			name = MinSizeRel;
		};
		1F576846A7C3432F9DA17A86 /* Debug */ = {
			isa = XCBuildConfiguration;
			buildSettings = {
				CLANG_ENABLE_OBJC_WEAK = YES;
				COMBINE_HIDPI_IMAGES = YES;
				GCC_GENERATE_DEBUGGING_SYMBOLS = YES;
				GCC_INLINES_ARE_PRIVATE_EXTERN = NO;
				GCC_OPTIMIZATION_LEVEL = 0;
				GCC_PREPROCESSOR_DEFINITIONS = "'CMAKE_INTDIR=\"$(CONFIGURATION)$(EFFECTIVE_PLATFORM_NAME)\"'";
				GCC_SYMBOLS_PRIVATE_EXTERN = NO;
				INSTALL_PATH = "";
				OTHER_LDFLAGS = " ";
				OTHER_REZFLAGS = "";
				PRODUCT_NAME = ALL_BUILD;
				SECTORDER_FLAGS = "";
				SYMROOT = "/Users/giancedrickepilan/dev/native/learn-opengl/xcode";
				USE_HEADERMAP = NO;
				WARNING_CFLAGS = "$(inherited)";
			};
			name = Debug;
		};
		23A767AB88DD45F9AED4DF3E /* RelWithDebInfo */ = {
			isa = XCBuildConfiguration;
			buildSettings = {
				CLANG_ENABLE_OBJC_WEAK = YES;
				CODE_SIGN_IDENTITY = "-";
				COMBINE_HIDPI_IMAGES = YES;
				EXECUTABLE_PREFIX = "";
				EXECUTABLE_SUFFIX = "";
				GCC_GENERATE_DEBUGGING_SYMBOLS = YES;
				GCC_INLINES_ARE_PRIVATE_EXTERN = NO;
				GCC_OPTIMIZATION_LEVEL = 2;
				GCC_PREPROCESSOR_DEFINITIONS = "'CMAKE_INTDIR=\"$(CONFIGURATION)$(EFFECTIVE_PLATFORM_NAME)\"'";
				GCC_SYMBOLS_PRIVATE_EXTERN = NO;
				HEADER_SEARCH_PATHS = (
					"/Users/giancedrickepilan/dev/native/learn-opengl/lib/glad/include",
					"/Users/giancedrickepilan/dev/native/learn-opengl/lib/glfw/include",
				);
				INSTALL_PATH = "";
				LIBRARY_SEARCH_PATHS = "";
				OTHER_CPLUSPLUSFLAGS = (
					"-std=c++14",
					"-DDEBUG",
					"-DNDEBUG",
					"'-std=gnu++14'",
				);
				OTHER_LDFLAGS = (
					"-Wl,-search_paths_first",
					"-Wl,-headerpad_max_install_names",
					"-framework",
					OpenGL,
					"-DDEBUG",
					"/Users/giancedrickepilan/dev/native/learn-opengl/xcode/RelWithDebInfo/libglad.a",
					"/Users/giancedrickepilan/dev/native/learn-opengl/xcode/lib/glfw/src/RelWithDebInfo/libglfw3.a",
					"-framework",
					Cocoa,
					"-framework",
					IOKit,
					"-framework",
					CoreFoundation,
				);
				OTHER_REZFLAGS = "";
				PRODUCT_NAME = "learn-opengl";
				SECTORDER_FLAGS = "";
				SYMROOT = "/Users/giancedrickepilan/dev/native/learn-opengl/xcode";
				USE_HEADERMAP = NO;
				WARNING_CFLAGS = "$(inherited)";
			};
			name = RelWithDebInfo;
		};
		2A3681A4735B4701A26CA916 /* RelWithDebInfo */ = {
			isa = XCBuildConfiguration;
			buildSettings = {
				CLANG_ENABLE_OBJC_WEAK = YES;
				COMBINE_HIDPI_IMAGES = YES;
				GCC_GENERATE_DEBUGGING_SYMBOLS = YES;
				GCC_INLINES_ARE_PRIVATE_EXTERN = NO;
				GCC_OPTIMIZATION_LEVEL = 0;
				GCC_PREPROCESSOR_DEFINITIONS = "'CMAKE_INTDIR=\"$(CONFIGURATION)$(EFFECTIVE_PLATFORM_NAME)\"'";
				GCC_SYMBOLS_PRIVATE_EXTERN = NO;
				INSTALL_PATH = "";
				OTHER_LDFLAGS = " ";
				OTHER_REZFLAGS = "";
				PRODUCT_NAME = ZERO_CHECK;
				SECTORDER_FLAGS = "";
				SYMROOT = "/Users/giancedrickepilan/dev/native/learn-opengl/xcode";
				USE_HEADERMAP = NO;
				WARNING_CFLAGS = "$(inherited)";
			};
			name = RelWithDebInfo;
		};
		2D54451AD482400D88C2205D /* Release */ = {
			isa = XCBuildConfiguration;
			buildSettings = {
				CLANG_ENABLE_OBJC_WEAK = YES;
				COMBINE_HIDPI_IMAGES = YES;
				EXECUTABLE_PREFIX = lib;
				EXECUTABLE_SUFFIX = .a;
				GCC_GENERATE_DEBUGGING_SYMBOLS = NO;
				GCC_INLINES_ARE_PRIVATE_EXTERN = NO;
				GCC_OPTIMIZATION_LEVEL = 3;
				GCC_PREPROCESSOR_DEFINITIONS = "'CMAKE_INTDIR=\"$(CONFIGURATION)$(EFFECTIVE_PLATFORM_NAME)\"'";
				GCC_SYMBOLS_PRIVATE_EXTERN = NO;
				HEADER_SEARCH_PATHS = "/Users/giancedrickepilan/dev/native/learn-opengl/lib/glad/include";
				INSTALL_PATH = "";
				LIBRARY_STYLE = STATIC;
				OTHER_CFLAGS = "    -DNDEBUG  ";
				OTHER_LIBTOOLFLAGS = " ";
				OTHER_REZFLAGS = "";
				PRODUCT_NAME = glad;
				SECTORDER_FLAGS = "";
				SYMROOT = "/Users/giancedrickepilan/dev/native/learn-opengl/xcode";
				USE_HEADERMAP = NO;
				WARNING_CFLAGS = "$(inherited)";
			};
			name = Release;
		};
		2D659A0625B545ABBA0CFDA2 /* Debug */ = {
			isa = XCBuildConfiguration;
			buildSettings = {
				CLANG_ENABLE_OBJC_WEAK = YES;
				COMBINE_HIDPI_IMAGES = YES;
				GCC_GENERATE_DEBUGGING_SYMBOLS = YES;
				GCC_INLINES_ARE_PRIVATE_EXTERN = NO;
				GCC_OPTIMIZATION_LEVEL = 0;
				GCC_PREPROCESSOR_DEFINITIONS = "'CMAKE_INTDIR=\"$(CONFIGURATION)$(EFFECTIVE_PLATFORM_NAME)\"'";
				GCC_SYMBOLS_PRIVATE_EXTERN = NO;
				INSTALL_PATH = "";
				OTHER_LDFLAGS = " ";
				OTHER_REZFLAGS = "";
				PRODUCT_NAME = uninstall;
				SECTORDER_FLAGS = "";
				SYMROOT = "/Users/giancedrickepilan/dev/native/learn-opengl/xcode/lib/glfw";
				USE_HEADERMAP = NO;
				WARNING_CFLAGS = "$(inherited)";
			};
			name = Debug;
		};
		2F0189CF803C424F83FF75E9 /* Release */ = {
			isa = XCBuildConfiguration;
			buildSettings = {
				CLANG_ENABLE_OBJC_WEAK = YES;
				COMBINE_HIDPI_IMAGES = YES;
				GCC_GENERATE_DEBUGGING_SYMBOLS = YES;
				GCC_INLINES_ARE_PRIVATE_EXTERN = NO;
				GCC_OPTIMIZATION_LEVEL = 0;
				GCC_PREPROCESSOR_DEFINITIONS = "'CMAKE_INTDIR=\"$(CONFIGURATION)$(EFFECTIVE_PLATFORM_NAME)\"'";
				GCC_SYMBOLS_PRIVATE_EXTERN = NO;
				INSTALL_PATH = "";
				OTHER_LDFLAGS = " ";
				OTHER_REZFLAGS = "";
				PRODUCT_NAME = uninstall;
				SECTORDER_FLAGS = "";
				SYMROOT = "/Users/giancedrickepilan/dev/native/learn-opengl/xcode/lib/glfw";
				USE_HEADERMAP = NO;
				WARNING_CFLAGS = "$(inherited)";
			};
			name = Release;
		};
		57B603C00EE04499A6BE095B /* Debug */ = {
			isa = XCBuildConfiguration;
			buildSettings = {
				CLANG_WARN_BLOCK_CAPTURE_AUTORELEASING = YES;
				CLANG_WARN_BOOL_CONVERSION = YES;
				CLANG_WARN_COMMA = YES;
				CLANG_WARN_CONSTANT_CONVERSION = YES;
				CLANG_WARN_DEPRECATED_OBJC_IMPLEMENTATIONS = YES;
				CLANG_WARN_EMPTY_BODY = YES;
				CLANG_WARN_ENUM_CONVERSION = YES;
				CLANG_WARN_INFINITE_RECURSION = YES;
				CLANG_WARN_INT_CONVERSION = YES;
				CLANG_WARN_NON_LITERAL_NULL_CONVERSION = YES;
				CLANG_WARN_OBJC_IMPLICIT_RETAIN_SELF = YES;
				CLANG_WARN_OBJC_LITERAL_CONVERSION = YES;
				CLANG_WARN_RANGE_LOOP_ANALYSIS = YES;
				CLANG_WARN_STRICT_PROTOTYPES = YES;
				CLANG_WARN_SUSPICIOUS_MOVE = YES;
				CLANG_WARN_UNREACHABLE_CODE = YES;
				CLANG_WARN__DUPLICATE_METHOD_MATCH = YES;
				ENABLE_STRICT_OBJC_MSGSEND = YES;
				ENABLE_TESTABILITY = YES;
				GCC_NO_COMMON_BLOCKS = YES;
				GCC_WARN_64_TO_32_BIT_CONVERSION = YES;
				GCC_WARN_ABOUT_RETURN_TYPE = YES;
				GCC_WARN_UNDECLARED_SELECTOR = YES;
				GCC_WARN_UNINITIALIZED_AUTOS = YES;
				GCC_WARN_UNUSED_FUNCTION = YES;
				GCC_WARN_UNUSED_VARIABLE = YES;
				ONLY_ACTIVE_ARCH = YES;
				SDKROOT = "";
				SYMROOT = "/Users/giancedrickepilan/dev/native/learn-opengl/xcode/build";
			};
			name = Debug;
		};
		580DBE243EF44A4B9A49EFB4 /* RelWithDebInfo */ = {
			isa = XCBuildConfiguration;
			buildSettings = {
				CLANG_ENABLE_OBJC_WEAK = YES;
				COMBINE_HIDPI_IMAGES = YES;
				GCC_GENERATE_DEBUGGING_SYMBOLS = YES;
				GCC_INLINES_ARE_PRIVATE_EXTERN = NO;
				GCC_OPTIMIZATION_LEVEL = 0;
				GCC_PREPROCESSOR_DEFINITIONS = "'CMAKE_INTDIR=\"$(CONFIGURATION)$(EFFECTIVE_PLATFORM_NAME)\"'";
				GCC_SYMBOLS_PRIVATE_EXTERN = NO;
				INSTALL_PATH = "";
				OTHER_LDFLAGS = " ";
				OTHER_REZFLAGS = "";
				PRODUCT_NAME = install;
				SECTORDER_FLAGS = "";
				SYMROOT = "/Users/giancedrickepilan/dev/native/learn-opengl/xcode";
				USE_HEADERMAP = NO;
				WARNING_CFLAGS = "$(inherited)";
			};
			name = RelWithDebInfo;
		};
		5DD11BABC59B42D8BD34799D /* RelWithDebInfo */ = {
			isa = XCBuildConfiguration;
			buildSettings = {
				CLANG_ENABLE_OBJC_WEAK = YES;
				COMBINE_HIDPI_IMAGES = YES;
				GCC_GENERATE_DEBUGGING_SYMBOLS = YES;
				GCC_INLINES_ARE_PRIVATE_EXTERN = NO;
				GCC_OPTIMIZATION_LEVEL = 0;
				GCC_PREPROCESSOR_DEFINITIONS = "'CMAKE_INTDIR=\"$(CONFIGURATION)$(EFFECTIVE_PLATFORM_NAME)\"'";
				GCC_SYMBOLS_PRIVATE_EXTERN = NO;
				INSTALL_PATH = "";
				OTHER_LDFLAGS = " ";
				OTHER_REZFLAGS = "";
				PRODUCT_NAME = ALL_BUILD;
				SECTORDER_FLAGS = "";
				SYMROOT = "/Users/giancedrickepilan/dev/native/learn-opengl/xcode";
				USE_HEADERMAP = NO;
				WARNING_CFLAGS = "$(inherited)";
			};
			name = RelWithDebInfo;
		};
		623D6F00168C400BBE7DAFA3 /* RelWithDebInfo */ = {
			isa = XCBuildConfiguration;
			buildSettings = {
				CLANG_ENABLE_OBJC_WEAK = YES;
				COMBINE_HIDPI_IMAGES = YES;
				EXECUTABLE_PREFIX = lib;
				EXECUTABLE_SUFFIX = .a;
				GCC_GENERATE_DEBUGGING_SYMBOLS = YES;
				GCC_INLINES_ARE_PRIVATE_EXTERN = NO;
				GCC_OPTIMIZATION_LEVEL = 2;
				GCC_PREPROCESSOR_DEFINITIONS = (
					"'CMAKE_INTDIR=\"$(CONFIGURATION)$(EFFECTIVE_PLATFORM_NAME)\"'",
					_GLFW_USE_CONFIG_H,
				);
				GCC_SYMBOLS_PRIVATE_EXTERN = NO;
				HEADER_SEARCH_PATHS = (
					"/Users/giancedrickepilan/dev/native/learn-opengl/lib/glfw/include",
					"/Users/giancedrickepilan/dev/native/learn-opengl/lib/glfw/src",
					"/Users/giancedrickepilan/dev/native/learn-opengl/xcode/lib/glfw/src",
				);
				INSTALL_PATH = "";
				LIBRARY_STYLE = STATIC;
				OTHER_CFLAGS = (
					"-DNDEBUG",
					"-fPIC",
					"-Wall",
					"'-std=c99'",
				);
				OTHER_LIBTOOLFLAGS = " ";
				OTHER_REZFLAGS = "";
				PRODUCT_NAME = glfw3;
				SECTORDER_FLAGS = "";
				SYMROOT = "/Users/giancedrickepilan/dev/native/learn-opengl/xcode/lib/glfw/src";
				USE_HEADERMAP = NO;
				WARNING_CFLAGS = "$(inherited)";
			};
			name = RelWithDebInfo;
		};
		6250B2B1B4EF49FBA2E23D75 /* Debug */ = {
			isa = XCBuildConfiguration;
			buildSettings = {
				CLANG_ENABLE_OBJC_WEAK = YES;
				COMBINE_HIDPI_IMAGES = YES;
				GCC_GENERATE_DEBUGGING_SYMBOLS = YES;
				GCC_INLINES_ARE_PRIVATE_EXTERN = NO;
				GCC_OPTIMIZATION_LEVEL = 0;
				GCC_PREPROCESSOR_DEFINITIONS = "'CMAKE_INTDIR=\"$(CONFIGURATION)$(EFFECTIVE_PLATFORM_NAME)\"'";
				GCC_SYMBOLS_PRIVATE_EXTERN = NO;
				INSTALL_PATH = "";
				OTHER_LDFLAGS = " ";
				OTHER_REZFLAGS = "";
				PRODUCT_NAME = ZERO_CHECK;
				SECTORDER_FLAGS = "";
				SYMROOT = "/Users/giancedrickepilan/dev/native/learn-opengl/xcode";
				USE_HEADERMAP = NO;
				WARNING_CFLAGS = "$(inherited)";
			};
			name = Debug;
		};
		62F4C835FC974E19A3CA0BE3 /* RelWithDebInfo */ = {
			isa = XCBuildConfiguration;
			buildSettings = {
				CLANG_ENABLE_OBJC_WEAK = YES;
				COMBINE_HIDPI_IMAGES = YES;
				EXECUTABLE_PREFIX = lib;
				EXECUTABLE_SUFFIX = .a;
				GCC_GENERATE_DEBUGGING_SYMBOLS = YES;
				GCC_INLINES_ARE_PRIVATE_EXTERN = NO;
				GCC_OPTIMIZATION_LEVEL = 2;
				GCC_PREPROCESSOR_DEFINITIONS = "'CMAKE_INTDIR=\"$(CONFIGURATION)$(EFFECTIVE_PLATFORM_NAME)\"'";
				GCC_SYMBOLS_PRIVATE_EXTERN = NO;
				HEADER_SEARCH_PATHS = "/Users/giancedrickepilan/dev/native/learn-opengl/lib/glad/include";
				INSTALL_PATH = "";
				LIBRARY_STYLE = STATIC;
				OTHER_CFLAGS = "       -DNDEBUG  ";
				OTHER_LIBTOOLFLAGS = " ";
				OTHER_REZFLAGS = "";
				PRODUCT_NAME = glad;
				SECTORDER_FLAGS = "";
				SYMROOT = "/Users/giancedrickepilan/dev/native/learn-opengl/xcode";
				USE_HEADERMAP = NO;
				WARNING_CFLAGS = "$(inherited)";
			};
			name = RelWithDebInfo;
		};
		6CF72CF048EF41DB9223CBF3 /* Debug */ = {
			isa = XCBuildConfiguration;
			buildSettings = {
				CLANG_ENABLE_OBJC_WEAK = YES;
				CODE_SIGN_IDENTITY = "-";
				COMBINE_HIDPI_IMAGES = YES;
				EXECUTABLE_PREFIX = "";
				EXECUTABLE_SUFFIX = "";
				GCC_GENERATE_DEBUGGING_SYMBOLS = YES;
				GCC_INLINES_ARE_PRIVATE_EXTERN = NO;
				GCC_OPTIMIZATION_LEVEL = 0;
				GCC_PREPROCESSOR_DEFINITIONS = "'CMAKE_INTDIR=\"$(CONFIGURATION)$(EFFECTIVE_PLATFORM_NAME)\"'";
				GCC_SYMBOLS_PRIVATE_EXTERN = NO;
				HEADER_SEARCH_PATHS = (
					"/Users/giancedrickepilan/dev/native/learn-opengl/lib/glad/include",
					"/Users/giancedrickepilan/dev/native/learn-opengl/lib/glfw/include",
				);
				INSTALL_PATH = "";
				LIBRARY_SEARCH_PATHS = "";
				OTHER_CPLUSPLUSFLAGS = (
					"-std=c++14",
					"-DDEBUG",
					"'-std=gnu++14'",
				);
				OTHER_LDFLAGS = (
					"-Wl,-search_paths_first",
					"-Wl,-headerpad_max_install_names",
					"-framework",
					OpenGL,
					"-DDEBUG",
					"/Users/giancedrickepilan/dev/native/learn-opengl/xcode/Debug/libglad.a",
					"/Users/giancedrickepilan/dev/native/learn-opengl/xcode/lib/glfw/src/Debug/libglfw3.a",
					"-framework",
					Cocoa,
					"-framework",
					IOKit,
					"-framework",
					CoreFoundation,
				);
				OTHER_REZFLAGS = "";
				PRODUCT_NAME = "learn-opengl";
				SECTORDER_FLAGS = "";
				SYMROOT = "/Users/giancedrickepilan/dev/native/learn-opengl/xcode";
				USE_HEADERMAP = NO;
				WARNING_CFLAGS = "$(inherited)";
			};
			name = Debug;
		};
		821E4FAD0D404CCB9DC08457 /* Debug */ = {
			isa = XCBuildConfiguration;
			buildSettings = {
				CLANG_ENABLE_OBJC_WEAK = YES;
				COMBINE_HIDPI_IMAGES = YES;
				EXECUTABLE_PREFIX = lib;
				EXECUTABLE_SUFFIX = .a;
				GCC_GENERATE_DEBUGGING_SYMBOLS = YES;
				GCC_INLINES_ARE_PRIVATE_EXTERN = NO;
				GCC_OPTIMIZATION_LEVEL = 0;
				GCC_PREPROCESSOR_DEFINITIONS = "'CMAKE_INTDIR=\"$(CONFIGURATION)$(EFFECTIVE_PLATFORM_NAME)\"'";
				GCC_SYMBOLS_PRIVATE_EXTERN = NO;
				HEADER_SEARCH_PATHS = "/Users/giancedrickepilan/dev/native/learn-opengl/lib/glad/include";
				INSTALL_PATH = "";
				LIBRARY_STYLE = STATIC;
				OTHER_CFLAGS = "    ";
				OTHER_LIBTOOLFLAGS = " ";
				OTHER_REZFLAGS = "";
				PRODUCT_NAME = glad;
				SECTORDER_FLAGS = "";
				SYMROOT = "/Users/giancedrickepilan/dev/native/learn-opengl/xcode";
				USE_HEADERMAP = NO;
				WARNING_CFLAGS = "$(inherited)";
			};
			name = Debug;
		};
		8551FFAEAAEC457190D9F8CC /* RelWithDebInfo */ = {
			isa = XCBuildConfiguration;
			buildSettings = {
				CLANG_ENABLE_OBJC_WEAK = YES;
				COMBINE_HIDPI_IMAGES = YES;
				GCC_GENERATE_DEBUGGING_SYMBOLS = YES;
				GCC_INLINES_ARE_PRIVATE_EXTERN = NO;
				GCC_OPTIMIZATION_LEVEL = 0;
				GCC_PREPROCESSOR_DEFINITIONS = "'CMAKE_INTDIR=\"$(CONFIGURATION)$(EFFECTIVE_PLATFORM_NAME)\"'";
				GCC_SYMBOLS_PRIVATE_EXTERN = NO;
				INSTALL_PATH = "";
				OTHER_LDFLAGS = " ";
				OTHER_REZFLAGS = "";
				PRODUCT_NAME = uninstall;
				SECTORDER_FLAGS = "";
				SYMROOT = "/Users/giancedrickepilan/dev/native/learn-opengl/xcode/lib/glfw";
				USE_HEADERMAP = NO;
				WARNING_CFLAGS = "$(inherited)";
			};
			name = RelWithDebInfo;
		};
		877C5184E5924256A60869BC /* MinSizeRel */ = {
			isa = XCBuildConfiguration;
			buildSettings = {
				CLANG_ENABLE_OBJC_WEAK = YES;
				COMBINE_HIDPI_IMAGES = YES;
				EXECUTABLE_PREFIX = lib;
				EXECUTABLE_SUFFIX = .a;
				GCC_GENERATE_DEBUGGING_SYMBOLS = NO;
				GCC_INLINES_ARE_PRIVATE_EXTERN = NO;
				GCC_OPTIMIZATION_LEVEL = s;
				GCC_PREPROCESSOR_DEFINITIONS = (
					"'CMAKE_INTDIR=\"$(CONFIGURATION)$(EFFECTIVE_PLATFORM_NAME)\"'",
					_GLFW_USE_CONFIG_H,
				);
				GCC_SYMBOLS_PRIVATE_EXTERN = NO;
				HEADER_SEARCH_PATHS = (
					"/Users/giancedrickepilan/dev/native/learn-opengl/lib/glfw/include",
					"/Users/giancedrickepilan/dev/native/learn-opengl/lib/glfw/src",
					"/Users/giancedrickepilan/dev/native/learn-opengl/xcode/lib/glfw/src",
				);
				INSTALL_PATH = "";
				LIBRARY_STYLE = STATIC;
				OTHER_CFLAGS = (
					"-DNDEBUG",
					"-fPIC",
					"-Wall",
					"'-std=c99'",
				);
				OTHER_LIBTOOLFLAGS = " ";
				OTHER_REZFLAGS = "";
				PRODUCT_NAME = glfw3;
				SECTORDER_FLAGS = "";
				SYMROOT = "/Users/giancedrickepilan/dev/native/learn-opengl/xcode/lib/glfw/src";
				USE_HEADERMAP = NO;
				WARNING_CFLAGS = "$(inherited)";
			};
			name = MinSizeRel;
		};
		8A56ACE2333242BD8479A4A5 /* MinSizeRel */ = {
			isa = XCBuildConfiguration;
			buildSettings = {
				CLANG_WARN_BLOCK_CAPTURE_AUTORELEASING = YES;
				CLANG_WARN_BOOL_CONVERSION = YES;
				CLANG_WARN_COMMA = YES;
				CLANG_WARN_CONSTANT_CONVERSION = YES;
				CLANG_WARN_DEPRECATED_OBJC_IMPLEMENTATIONS = YES;
				CLANG_WARN_EMPTY_BODY = YES;
				CLANG_WARN_ENUM_CONVERSION = YES;
				CLANG_WARN_INFINITE_RECURSION = YES;
				CLANG_WARN_INT_CONVERSION = YES;
				CLANG_WARN_NON_LITERAL_NULL_CONVERSION = YES;
				CLANG_WARN_OBJC_IMPLICIT_RETAIN_SELF = YES;
				CLANG_WARN_OBJC_LITERAL_CONVERSION = YES;
				CLANG_WARN_RANGE_LOOP_ANALYSIS = YES;
				CLANG_WARN_STRICT_PROTOTYPES = YES;
				CLANG_WARN_SUSPICIOUS_MOVE = YES;
				CLANG_WARN_UNREACHABLE_CODE = YES;
				CLANG_WARN__DUPLICATE_METHOD_MATCH = YES;
				ENABLE_STRICT_OBJC_MSGSEND = YES;
				GCC_NO_COMMON_BLOCKS = YES;
				GCC_WARN_64_TO_32_BIT_CONVERSION = YES;
				GCC_WARN_ABOUT_RETURN_TYPE = YES;
				GCC_WARN_UNDECLARED_SELECTOR = YES;
				GCC_WARN_UNINITIALIZED_AUTOS = YES;
				GCC_WARN_UNUSED_FUNCTION = YES;
				GCC_WARN_UNUSED_VARIABLE = YES;
				ONLY_ACTIVE_ARCH = YES;
				SDKROOT = "";
				SYMROOT = "/Users/giancedrickepilan/dev/native/learn-opengl/xcode/build";
			};
			name = MinSizeRel;
		};
		8FF79CA643084C50846E5334 /* RelWithDebInfo */ = {
			isa = XCBuildConfiguration;
			buildSettings = {
				CLANG_WARN_BLOCK_CAPTURE_AUTORELEASING = YES;
				CLANG_WARN_BOOL_CONVERSION = YES;
				CLANG_WARN_COMMA = YES;
				CLANG_WARN_CONSTANT_CONVERSION = YES;
				CLANG_WARN_DEPRECATED_OBJC_IMPLEMENTATIONS = YES;
				CLANG_WARN_EMPTY_BODY = YES;
				CLANG_WARN_ENUM_CONVERSION = YES;
				CLANG_WARN_INFINITE_RECURSION = YES;
				CLANG_WARN_INT_CONVERSION = YES;
				CLANG_WARN_NON_LITERAL_NULL_CONVERSION = YES;
				CLANG_WARN_OBJC_IMPLICIT_RETAIN_SELF = YES;
				CLANG_WARN_OBJC_LITERAL_CONVERSION = YES;
				CLANG_WARN_RANGE_LOOP_ANALYSIS = YES;
				CLANG_WARN_STRICT_PROTOTYPES = YES;
				CLANG_WARN_SUSPICIOUS_MOVE = YES;
				CLANG_WARN_UNREACHABLE_CODE = YES;
				CLANG_WARN__DUPLICATE_METHOD_MATCH = YES;
				ENABLE_STRICT_OBJC_MSGSEND = YES;
				GCC_NO_COMMON_BLOCKS = YES;
				GCC_WARN_64_TO_32_BIT_CONVERSION = YES;
				GCC_WARN_ABOUT_RETURN_TYPE = YES;
				GCC_WARN_UNDECLARED_SELECTOR = YES;
				GCC_WARN_UNINITIALIZED_AUTOS = YES;
				GCC_WARN_UNUSED_FUNCTION = YES;
				GCC_WARN_UNUSED_VARIABLE = YES;
				ONLY_ACTIVE_ARCH = YES;
				SDKROOT = "";
				SYMROOT = "/Users/giancedrickepilan/dev/native/learn-opengl/xcode/build";
			};
			name = RelWithDebInfo;
		};
		932D430114B64357A67B62EB /* Release */ = {
			isa = XCBuildConfiguration;
			buildSettings = {
				CLANG_ENABLE_OBJC_WEAK = YES;
				COMBINE_HIDPI_IMAGES = YES;
				GCC_GENERATE_DEBUGGING_SYMBOLS = YES;
				GCC_INLINES_ARE_PRIVATE_EXTERN = NO;
				GCC_OPTIMIZATION_LEVEL = 0;
				GCC_PREPROCESSOR_DEFINITIONS = "'CMAKE_INTDIR=\"$(CONFIGURATION)$(EFFECTIVE_PLATFORM_NAME)\"'";
				GCC_SYMBOLS_PRIVATE_EXTERN = NO;
				INSTALL_PATH = "";
				OTHER_LDFLAGS = " ";
				OTHER_REZFLAGS = "";
				PRODUCT_NAME = install;
				SECTORDER_FLAGS = "";
				SYMROOT = "/Users/giancedrickepilan/dev/native/learn-opengl/xcode";
				USE_HEADERMAP = NO;
				WARNING_CFLAGS = "$(inherited)";
			};
			name = Release;
		};
		94196CBD922B412FA6189193 /* Debug */ = {
			isa = XCBuildConfiguration;
			buildSettings = {
				CLANG_ENABLE_OBJC_WEAK = YES;
				COMBINE_HIDPI_IMAGES = YES;
				GCC_GENERATE_DEBUGGING_SYMBOLS = YES;
				GCC_INLINES_ARE_PRIVATE_EXTERN = NO;
				GCC_OPTIMIZATION_LEVEL = 0;
				GCC_PREPROCESSOR_DEFINITIONS = "'CMAKE_INTDIR=\"$(CONFIGURATION)$(EFFECTIVE_PLATFORM_NAME)\"'";
				GCC_SYMBOLS_PRIVATE_EXTERN = NO;
				INSTALL_PATH = "";
				OTHER_LDFLAGS = " ";
				OTHER_REZFLAGS = "";
				PRODUCT_NAME = install;
				SECTORDER_FLAGS = "";
				SYMROOT = "/Users/giancedrickepilan/dev/native/learn-opengl/xcode";
				USE_HEADERMAP = NO;
				WARNING_CFLAGS = "$(inherited)";
			};
			name = Debug;
		};
		9E4F6376A0BB4EC1B5087B39 /* Release */ = {
			isa = XCBuildConfiguration;
			buildSettings = {
				CLANG_WARN_BLOCK_CAPTURE_AUTORELEASING = YES;
				CLANG_WARN_BOOL_CONVERSION = YES;
				CLANG_WARN_COMMA = YES;
				CLANG_WARN_CONSTANT_CONVERSION = YES;
				CLANG_WARN_DEPRECATED_OBJC_IMPLEMENTATIONS = YES;
				CLANG_WARN_EMPTY_BODY = YES;
				CLANG_WARN_ENUM_CONVERSION = YES;
				CLANG_WARN_INFINITE_RECURSION = YES;
				CLANG_WARN_INT_CONVERSION = YES;
				CLANG_WARN_NON_LITERAL_NULL_CONVERSION = YES;
				CLANG_WARN_OBJC_IMPLICIT_RETAIN_SELF = YES;
				CLANG_WARN_OBJC_LITERAL_CONVERSION = YES;
				CLANG_WARN_RANGE_LOOP_ANALYSIS = YES;
				CLANG_WARN_STRICT_PROTOTYPES = YES;
				CLANG_WARN_SUSPICIOUS_MOVE = YES;
				CLANG_WARN_UNREACHABLE_CODE = YES;
				CLANG_WARN__DUPLICATE_METHOD_MATCH = YES;
				ENABLE_STRICT_OBJC_MSGSEND = YES;
				GCC_NO_COMMON_BLOCKS = YES;
				GCC_WARN_64_TO_32_BIT_CONVERSION = YES;
				GCC_WARN_ABOUT_RETURN_TYPE = YES;
				GCC_WARN_UNDECLARED_SELECTOR = YES;
				GCC_WARN_UNINITIALIZED_AUTOS = YES;
				GCC_WARN_UNUSED_FUNCTION = YES;
				GCC_WARN_UNUSED_VARIABLE = YES;
				ONLY_ACTIVE_ARCH = YES;
				SDKROOT = "";
				SYMROOT = "/Users/giancedrickepilan/dev/native/learn-opengl/xcode/build";
			};
			name = Release;
		};
		BCE1FCBFE4BD414D9863AF74 /* MinSizeRel */ = {
			isa = XCBuildConfiguration;
			buildSettings = {
				CLANG_ENABLE_OBJC_WEAK = YES;
				COMBINE_HIDPI_IMAGES = YES;
				GCC_GENERATE_DEBUGGING_SYMBOLS = YES;
				GCC_INLINES_ARE_PRIVATE_EXTERN = NO;
				GCC_OPTIMIZATION_LEVEL = 0;
				GCC_PREPROCESSOR_DEFINITIONS = "'CMAKE_INTDIR=\"$(CONFIGURATION)$(EFFECTIVE_PLATFORM_NAME)\"'";
				GCC_SYMBOLS_PRIVATE_EXTERN = NO;
				INSTALL_PATH = "";
				OTHER_LDFLAGS = " ";
				OTHER_REZFLAGS = "";
				PRODUCT_NAME = install;
				SECTORDER_FLAGS = "";
				SYMROOT = "/Users/giancedrickepilan/dev/native/learn-opengl/xcode";
				USE_HEADERMAP = NO;
				WARNING_CFLAGS = "$(inherited)";
			};
			name = MinSizeRel;
		};
		BD4F341E9DE94054B3653041 /* Debug */ = {
			isa = XCBuildConfiguration;
			buildSettings = {
				CLANG_ENABLE_OBJC_WEAK = YES;
				COMBINE_HIDPI_IMAGES = YES;
				EXECUTABLE_PREFIX = lib;
				EXECUTABLE_SUFFIX = .a;
				GCC_GENERATE_DEBUGGING_SYMBOLS = YES;
				GCC_INLINES_ARE_PRIVATE_EXTERN = NO;
				GCC_OPTIMIZATION_LEVEL = 0;
				GCC_PREPROCESSOR_DEFINITIONS = (
					"'CMAKE_INTDIR=\"$(CONFIGURATION)$(EFFECTIVE_PLATFORM_NAME)\"'",
					_GLFW_USE_CONFIG_H,
				);
				GCC_SYMBOLS_PRIVATE_EXTERN = NO;
				HEADER_SEARCH_PATHS = (
					"/Users/giancedrickepilan/dev/native/learn-opengl/lib/glfw/include",
					"/Users/giancedrickepilan/dev/native/learn-opengl/lib/glfw/src",
					"/Users/giancedrickepilan/dev/native/learn-opengl/xcode/lib/glfw/src",
				);
				INSTALL_PATH = "";
				LIBRARY_STYLE = STATIC;
				OTHER_CFLAGS = (
					"-fPIC",
					"-Wall",
					"'-std=c99'",
				);
				OTHER_LIBTOOLFLAGS = " ";
				OTHER_REZFLAGS = "";
				PRODUCT_NAME = glfw3;
				SECTORDER_FLAGS = "";
				SYMROOT = "/Users/giancedrickepilan/dev/native/learn-opengl/xcode/lib/glfw/src";
				USE_HEADERMAP = NO;
				WARNING_CFLAGS = "$(inherited)";
			};
			name = Debug;
		};
		C428E3B911A84FAAAF5C81A8 /* Release */ = {
			isa = XCBuildConfiguration;
			buildSettings = {
				CLANG_ENABLE_OBJC_WEAK = YES;
				COMBINE_HIDPI_IMAGES = YES;
				GCC_GENERATE_DEBUGGING_SYMBOLS = YES;
				GCC_INLINES_ARE_PRIVATE_EXTERN = NO;
				GCC_OPTIMIZATION_LEVEL = 0;
				GCC_PREPROCESSOR_DEFINITIONS = "'CMAKE_INTDIR=\"$(CONFIGURATION)$(EFFECTIVE_PLATFORM_NAME)\"'";
				GCC_SYMBOLS_PRIVATE_EXTERN = NO;
				INSTALL_PATH = "";
				OTHER_LDFLAGS = " ";
				OTHER_REZFLAGS = "";
				PRODUCT_NAME = ZERO_CHECK;
				SECTORDER_FLAGS = "";
				SYMROOT = "/Users/giancedrickepilan/dev/native/learn-opengl/xcode";
				USE_HEADERMAP = NO;
				WARNING_CFLAGS = "$(inherited)";
			};
			name = Release;
		};
		C5B49A2B2D0D48C5A9854DD2 /* MinSizeRel */ = {
			isa = XCBuildConfiguration;
			buildSettings = {
				CLANG_ENABLE_OBJC_WEAK = YES;
				COMBINE_HIDPI_IMAGES = YES;
				GCC_GENERATE_DEBUGGING_SYMBOLS = YES;
				GCC_INLINES_ARE_PRIVATE_EXTERN = NO;
				GCC_OPTIMIZATION_LEVEL = 0;
				GCC_PREPROCESSOR_DEFINITIONS = "'CMAKE_INTDIR=\"$(CONFIGURATION)$(EFFECTIVE_PLATFORM_NAME)\"'";
				GCC_SYMBOLS_PRIVATE_EXTERN = NO;
				INSTALL_PATH = "";
				OTHER_LDFLAGS = " ";
				OTHER_REZFLAGS = "";
				PRODUCT_NAME = ZERO_CHECK;
				SECTORDER_FLAGS = "";
				SYMROOT = "/Users/giancedrickepilan/dev/native/learn-opengl/xcode";
				USE_HEADERMAP = NO;
				WARNING_CFLAGS = "$(inherited)";
			};
			name = MinSizeRel;
		};
		C938228D209C4B98B1F57EB4 /* MinSizeRel */ = {
			isa = XCBuildConfiguration;
			buildSettings = {
				CLANG_ENABLE_OBJC_WEAK = YES;
				COMBINE_HIDPI_IMAGES = YES;
				EXECUTABLE_PREFIX = lib;
				EXECUTABLE_SUFFIX = .a;
				GCC_GENERATE_DEBUGGING_SYMBOLS = NO;
				GCC_INLINES_ARE_PRIVATE_EXTERN = NO;
				GCC_OPTIMIZATION_LEVEL = s;
				GCC_PREPROCESSOR_DEFINITIONS = "'CMAKE_INTDIR=\"$(CONFIGURATION)$(EFFECTIVE_PLATFORM_NAME)\"'";
				GCC_SYMBOLS_PRIVATE_EXTERN = NO;
				HEADER_SEARCH_PATHS = "/Users/giancedrickepilan/dev/native/learn-opengl/lib/glad/include";
				INSTALL_PATH = "";
				LIBRARY_STYLE = STATIC;
				OTHER_CFLAGS = "    -DNDEBUG  ";
				OTHER_LIBTOOLFLAGS = " ";
				OTHER_REZFLAGS = "";
				PRODUCT_NAME = glad;
				SECTORDER_FLAGS = "";
				SYMROOT = "/Users/giancedrickepilan/dev/native/learn-opengl/xcode";
				USE_HEADERMAP = NO;
				WARNING_CFLAGS = "$(inherited)";
			};
			name = MinSizeRel;
		};
		D152667F52A345AC9E677923 /* MinSizeRel */ = {
			isa = XCBuildConfiguration;
			buildSettings = {
				CLANG_ENABLE_OBJC_WEAK = YES;
				COMBINE_HIDPI_IMAGES = YES;
				GCC_GENERATE_DEBUGGING_SYMBOLS = YES;
				GCC_INLINES_ARE_PRIVATE_EXTERN = NO;
				GCC_OPTIMIZATION_LEVEL = 0;
				GCC_PREPROCESSOR_DEFINITIONS = "'CMAKE_INTDIR=\"$(CONFIGURATION)$(EFFECTIVE_PLATFORM_NAME)\"'";
				GCC_SYMBOLS_PRIVATE_EXTERN = NO;
				INSTALL_PATH = "";
				OTHER_LDFLAGS = " ";
				OTHER_REZFLAGS = "";
				PRODUCT_NAME = uninstall;
				SECTORDER_FLAGS = "";
				SYMROOT = "/Users/giancedrickepilan/dev/native/learn-opengl/xcode/lib/glfw";
				USE_HEADERMAP = NO;
				WARNING_CFLAGS = "$(inherited)";
			};
			name = MinSizeRel;
		};
		E5E3DEC0AEE640D594F6C15E /* Release */ = {
			isa = XCBuildConfiguration;
			buildSettings = {
				CLANG_ENABLE_OBJC_WEAK = YES;
				COMBINE_HIDPI_IMAGES = YES;
				GCC_GENERATE_DEBUGGING_SYMBOLS = YES;
				GCC_INLINES_ARE_PRIVATE_EXTERN = NO;
				GCC_OPTIMIZATION_LEVEL = 0;
				GCC_PREPROCESSOR_DEFINITIONS = "'CMAKE_INTDIR=\"$(CONFIGURATION)$(EFFECTIVE_PLATFORM_NAME)\"'";
				GCC_SYMBOLS_PRIVATE_EXTERN = NO;
				INSTALL_PATH = "";
				OTHER_LDFLAGS = " ";
				OTHER_REZFLAGS = "";
				PRODUCT_NAME = ALL_BUILD;
				SECTORDER_FLAGS = "";
				SYMROOT = "/Users/giancedrickepilan/dev/native/learn-opengl/xcode";
				USE_HEADERMAP = NO;
				WARNING_CFLAGS = "$(inherited)";
			};
			name = Release;
		};
		ECB0B714E81D47918A8AB222 /* Release */ = {
			isa = XCBuildConfiguration;
			buildSettings = {
				CLANG_ENABLE_OBJC_WEAK = YES;
				COMBINE_HIDPI_IMAGES = YES;
				EXECUTABLE_PREFIX = lib;
				EXECUTABLE_SUFFIX = .a;
				GCC_GENERATE_DEBUGGING_SYMBOLS = NO;
				GCC_INLINES_ARE_PRIVATE_EXTERN = NO;
				GCC_OPTIMIZATION_LEVEL = 3;
				GCC_PREPROCESSOR_DEFINITIONS = (
					"'CMAKE_INTDIR=\"$(CONFIGURATION)$(EFFECTIVE_PLATFORM_NAME)\"'",
					_GLFW_USE_CONFIG_H,
				);
				GCC_SYMBOLS_PRIVATE_EXTERN = NO;
				HEADER_SEARCH_PATHS = (
					"/Users/giancedrickepilan/dev/native/learn-opengl/lib/glfw/include",
					"/Users/giancedrickepilan/dev/native/learn-opengl/lib/glfw/src",
					"/Users/giancedrickepilan/dev/native/learn-opengl/xcode/lib/glfw/src",
				);
				INSTALL_PATH = "";
				LIBRARY_STYLE = STATIC;
				OTHER_CFLAGS = (
					"-DNDEBUG",
					"-fPIC",
					"-Wall",
					"'-std=c99'",
				);
				OTHER_LIBTOOLFLAGS = " ";
				OTHER_REZFLAGS = "";
				PRODUCT_NAME = glfw3;
				SECTORDER_FLAGS = "";
				SYMROOT = "/Users/giancedrickepilan/dev/native/learn-opengl/xcode/lib/glfw/src";
				USE_HEADERMAP = NO;
				WARNING_CFLAGS = "$(inherited)";
			};
			name = Release;
		};
/* End XCBuildConfiguration section */

/* Begin XCConfigurationList section */
		30F261599C5342FCAD06E136 /* Build configuration list for PBXAggregateTarget "ZERO_CHECK" */ = {
			isa = XCConfigurationList;
			buildConfigurations = (
				6250B2B1B4EF49FBA2E23D75 /* Debug */,
				C428E3B911A84FAAAF5C81A8 /* Release */,
				C5B49A2B2D0D48C5A9854DD2 /* MinSizeRel */,
				2A3681A4735B4701A26CA916 /* RelWithDebInfo */,
			);
			defaultConfigurationIsVisible = 0;
			defaultConfigurationName = Debug;
		};
		45DB65E8E37A4C1F94627FBA /* Build configuration list for PBXNativeTarget "learn-opengl" */ = {
			isa = XCConfigurationList;
			buildConfigurations = (
				6CF72CF048EF41DB9223CBF3 /* Debug */,
				0A7A0175B0B642E0AD01BF7B /* Release */,
				16B4EDE3F3FD4A26B3209531 /* MinSizeRel */,
				23A767AB88DD45F9AED4DF3E /* RelWithDebInfo */,
			);
			defaultConfigurationIsVisible = 0;
			defaultConfigurationName = Debug;
		};
		7BDDCDD174EA43CAB1743F3B /* Build configuration list for PBXAggregateTarget "uninstall" */ = {
			isa = XCConfigurationList;
			buildConfigurations = (
				2D659A0625B545ABBA0CFDA2 /* Debug */,
				2F0189CF803C424F83FF75E9 /* Release */,
				D152667F52A345AC9E677923 /* MinSizeRel */,
				8551FFAEAAEC457190D9F8CC /* RelWithDebInfo */,
			);
			defaultConfigurationIsVisible = 0;
			defaultConfigurationName = Debug;
		};
		7CCA73B505444D748FD105DE /* Build configuration list for PBXAggregateTarget "install" */ = {
			isa = XCConfigurationList;
			buildConfigurations = (
				94196CBD922B412FA6189193 /* Debug */,
				932D430114B64357A67B62EB /* Release */,
				BCE1FCBFE4BD414D9863AF74 /* MinSizeRel */,
				580DBE243EF44A4B9A49EFB4 /* RelWithDebInfo */,
			);
			defaultConfigurationIsVisible = 0;
			defaultConfigurationName = Debug;
		};
		A0C0FD9DB94A4EAD9B5D9594 /* Build configuration list for PBXNativeTarget "glfw" */ = {
			isa = XCConfigurationList;
			buildConfigurations = (
				BD4F341E9DE94054B3653041 /* Debug */,
				ECB0B714E81D47918A8AB222 /* Release */,
				877C5184E5924256A60869BC /* MinSizeRel */,
				623D6F00168C400BBE7DAFA3 /* RelWithDebInfo */,
			);
			defaultConfigurationIsVisible = 0;
			defaultConfigurationName = Debug;
		};
		C98882F1E3334CA4A3363EC5 /* Build configuration list for PBXNativeTarget "glad" */ = {
			isa = XCConfigurationList;
			buildConfigurations = (
				821E4FAD0D404CCB9DC08457 /* Debug */,
				2D54451AD482400D88C2205D /* Release */,
				C938228D209C4B98B1F57EB4 /* MinSizeRel */,
				62F4C835FC974E19A3CA0BE3 /* RelWithDebInfo */,
			);
			defaultConfigurationIsVisible = 0;
			defaultConfigurationName = Debug;
		};
		CF46FC2342F6448BB09F8A49 /* Build configuration list for PBXAggregateTarget "ALL_BUILD" */ = {
			isa = XCConfigurationList;
			buildConfigurations = (
				1F576846A7C3432F9DA17A86 /* Debug */,
				E5E3DEC0AEE640D594F6C15E /* Release */,
				076DCFE65D6F4284A32D4204 /* MinSizeRel */,
				5DD11BABC59B42D8BD34799D /* RelWithDebInfo */,
			);
			defaultConfigurationIsVisible = 0;
			defaultConfigurationName = Debug;
		};
		E91D972058DA4C498C7F3C51 /* Build configuration list for PBXProject "learn-opengl" */ = {
			isa = XCConfigurationList;
			buildConfigurations = (
				57B603C00EE04499A6BE095B /* Debug */,
				9E4F6376A0BB4EC1B5087B39 /* Release */,
				8A56ACE2333242BD8479A4A5 /* MinSizeRel */,
				8FF79CA643084C50846E5334 /* RelWithDebInfo */,
			);
			defaultConfigurationIsVisible = 0;
			defaultConfigurationName = Debug;
		};
/* End XCConfigurationList section */
	};
	rootObject = F3099F10ED6C489EA105E00B /* Project object */;
}
